// !$*UTF8*$!
{
	archiveVersion = 1;
	classes = {
	};
	objectVersion = 56;
	objects = {

/* Begin PBXBuildFile section */
		847994E32BC5596D0097B036 /* FoodShopApp.swift in Sources */ = {isa = PBXBuildFile; fileRef = 847994E22BC5596D0097B036 /* FoodShopApp.swift */; };
		847994E52BC5596D0097B036 /* ContentView.swift in Sources */ = {isa = PBXBuildFile; fileRef = 847994E42BC5596D0097B036 /* ContentView.swift */; };
		847994EA2BC559730097B036 /* Preview Assets.xcassets in Resources */ = {isa = PBXBuildFile; fileRef = 847994E92BC559730097B036 /* Preview Assets.xcassets */; };
		847994F42BC559740097B036 /* FoodShopTests.swift in Sources */ = {isa = PBXBuildFile; fileRef = 847994F32BC559740097B036 /* FoodShopTests.swift */; };
		847994FE2BC559740097B036 /* FoodShopUITests.swift in Sources */ = {isa = PBXBuildFile; fileRef = 847994FD2BC559740097B036 /* FoodShopUITests.swift */; };
		847995002BC559740097B036 /* FoodShopUITestsLaunchTests.swift in Sources */ = {isa = PBXBuildFile; fileRef = 847994FF2BC559740097B036 /* FoodShopUITestsLaunchTests.swift */; };
		847995112BC55D6A0097B036 /* Gilroy-Bold.ttf in Resources */ = {isa = PBXBuildFile; fileRef = 8479950E2BC55D690097B036 /* Gilroy-Bold.ttf */; };
		847995122BC55D6A0097B036 /* Gilroy-SemiBold.ttf in Resources */ = {isa = PBXBuildFile; fileRef = 8479950F2BC55D6A0097B036 /* Gilroy-SemiBold.ttf */; };
		847995132BC55D6A0097B036 /* Gilroy-Regular.ttf in Resources */ = {isa = PBXBuildFile; fileRef = 847995102BC55D6A0097B036 /* Gilroy-Regular.ttf */; };
		847995152BC55D850097B036 /* Gilroy-Medium.ttf in Resources */ = {isa = PBXBuildFile; fileRef = 847995142BC55D850097B036 /* Gilroy-Medium.ttf */; };
		847995172BC55E2C0097B036 /* Assets.xcassets in Resources */ = {isa = PBXBuildFile; fileRef = 847995162BC55E2C0097B036 /* Assets.xcassets */; };
/* End PBXBuildFile section */

/* Begin PBXContainerItemProxy section */
		847994F02BC559740097B036 /* PBXContainerItemProxy */ = {
			isa = PBXContainerItemProxy;
			containerPortal = 847994D72BC5596D0097B036 /* Project object */;
			proxyType = 1;
			remoteGlobalIDString = 847994DE2BC5596D0097B036;
			remoteInfo = FoodShop;
		};
		847994FA2BC559740097B036 /* PBXContainerItemProxy */ = {
			isa = PBXContainerItemProxy;
			containerPortal = 847994D72BC5596D0097B036 /* Project object */;
			proxyType = 1;
			remoteGlobalIDString = 847994DE2BC5596D0097B036;
			remoteInfo = FoodShop;
		};
/* End PBXContainerItemProxy section */

/* Begin PBXFileReference section */
		847994DF2BC5596D0097B036 /* FoodShop.app */ = {isa = PBXFileReference; explicitFileType = wrapper.application; includeInIndex = 0; path = FoodShop.app; sourceTree = BUILT_PRODUCTS_DIR; };
		847994E22BC5596D0097B036 /* FoodShopApp.swift */ = {isa = PBXFileReference; lastKnownFileType = sourcecode.swift; path = FoodShopApp.swift; sourceTree = "<group>"; };
		847994E42BC5596D0097B036 /* ContentView.swift */ = {isa = PBXFileReference; lastKnownFileType = sourcecode.swift; path = ContentView.swift; sourceTree = "<group>"; };
		847994E92BC559730097B036 /* Preview Assets.xcassets */ = {isa = PBXFileReference; lastKnownFileType = folder.assetcatalog; path = "Preview Assets.xcassets"; sourceTree = "<group>"; };
		847994EF2BC559740097B036 /* FoodShopTests.xctest */ = {isa = PBXFileReference; explicitFileType = wrapper.cfbundle; includeInIndex = 0; path = FoodShopTests.xctest; sourceTree = BUILT_PRODUCTS_DIR; };
		847994F32BC559740097B036 /* FoodShopTests.swift */ = {isa = PBXFileReference; lastKnownFileType = sourcecode.swift; path = FoodShopTests.swift; sourceTree = "<group>"; };
		847994F92BC559740097B036 /* FoodShopUITests.xctest */ = {isa = PBXFileReference; explicitFileType = wrapper.cfbundle; includeInIndex = 0; path = FoodShopUITests.xctest; sourceTree = BUILT_PRODUCTS_DIR; };
		847994FD2BC559740097B036 /* FoodShopUITests.swift */ = {isa = PBXFileReference; lastKnownFileType = sourcecode.swift; path = FoodShopUITests.swift; sourceTree = "<group>"; };
		847994FF2BC559740097B036 /* FoodShopUITestsLaunchTests.swift */ = {isa = PBXFileReference; lastKnownFileType = sourcecode.swift; path = FoodShopUITestsLaunchTests.swift; sourceTree = "<group>"; };
		8479950E2BC55D690097B036 /* Gilroy-Bold.ttf */ = {isa = PBXFileReference; lastKnownFileType = file; path = "Gilroy-Bold.ttf"; sourceTree = "<group>"; };
		8479950F2BC55D6A0097B036 /* Gilroy-SemiBold.ttf */ = {isa = PBXFileReference; lastKnownFileType = file; path = "Gilroy-SemiBold.ttf"; sourceTree = "<group>"; };
		847995102BC55D6A0097B036 /* Gilroy-Regular.ttf */ = {isa = PBXFileReference; lastKnownFileType = file; path = "Gilroy-Regular.ttf"; sourceTree = "<group>"; };
		847995142BC55D850097B036 /* Gilroy-Medium.ttf */ = {isa = PBXFileReference; lastKnownFileType = file; path = "Gilroy-Medium.ttf"; sourceTree = "<group>"; };
		847995162BC55E2C0097B036 /* Assets.xcassets */ = {isa = PBXFileReference; lastKnownFileType = folder.assetcatalog; path = Assets.xcassets; sourceTree = "<group>"; };
		847995182BC5621C0097B036 /* Info.plist */ = {isa = PBXFileReference; lastKnownFileType = text.plist; path = Info.plist; sourceTree = "<group>"; };
/* End PBXFileReference section */

/* Begin PBXFrameworksBuildPhase section */
		847994DC2BC5596D0097B036 /* Frameworks */ = {
			isa = PBXFrameworksBuildPhase;
			buildActionMask = 2147483647;
			files = (
			);
			runOnlyForDeploymentPostprocessing = 0;
		};
		847994EC2BC559740097B036 /* Frameworks */ = {
			isa = PBXFrameworksBuildPhase;
			buildActionMask = 2147483647;
			files = (
			);
			runOnlyForDeploymentPostprocessing = 0;
		};
		847994F62BC559740097B036 /* Frameworks */ = {
			isa = PBXFrameworksBuildPhase;
			buildActionMask = 2147483647;
			files = (
			);
			runOnlyForDeploymentPostprocessing = 0;
		};
/* End PBXFrameworksBuildPhase section */

/* Begin PBXGroup section */
		847994D62BC5596D0097B036 = {
			isa = PBXGroup;
			children = (
				847994E12BC5596D0097B036 /* FoodShop */,
				847994F22BC559740097B036 /* FoodShopTests */,
				847994FC2BC559740097B036 /* FoodShopUITests */,
				847994E02BC5596D0097B036 /* Products */,
			);
			sourceTree = "<group>";
		};
		847994E02BC5596D0097B036 /* Products */ = {
			isa = PBXGroup;
			children = (
				847994DF2BC5596D0097B036 /* FoodShop.app */,
				847994EF2BC559740097B036 /* FoodShopTests.xctest */,
				847994F92BC559740097B036 /* FoodShopUITests.xctest */,
			);
			name = Products;
			sourceTree = "<group>";
		};
		847994E12BC5596D0097B036 /* FoodShop */ = {
			isa = PBXGroup;
			children = (
				847995182BC5621C0097B036 /* Info.plist */,
				847995162BC55E2C0097B036 /* Assets.xcassets */,
				8479950D2BC55CE70097B036 /* font */,
				847994E22BC5596D0097B036 /* FoodShopApp.swift */,
				847994E42BC5596D0097B036 /* ContentView.swift */,
				847994E82BC559730097B036 /* Preview Content */,
			);
			path = FoodShop;
			sourceTree = "<group>";
		};
		847994E82BC559730097B036 /* Preview Content */ = {
			isa = PBXGroup;
			children = (
				847994E92BC559730097B036 /* Preview Assets.xcassets */,
			);
			path = "Preview Content";
			sourceTree = "<group>";
		};
		847994F22BC559740097B036 /* FoodShopTests */ = {
			isa = PBXGroup;
			children = (
				847994F32BC559740097B036 /* FoodShopTests.swift */,
			);
			path = FoodShopTests;
			sourceTree = "<group>";
		};
		847994FC2BC559740097B036 /* FoodShopUITests */ = {
			isa = PBXGroup;
			children = (
				847994FD2BC559740097B036 /* FoodShopUITests.swift */,
				847994FF2BC559740097B036 /* FoodShopUITestsLaunchTests.swift */,
			);
			path = FoodShopUITests;
			sourceTree = "<group>";
		};
		8479950D2BC55CE70097B036 /* font */ = {
			isa = PBXGroup;
			children = (
				847995142BC55D850097B036 /* Gilroy-Medium.ttf */,
				8479950E2BC55D690097B036 /* Gilroy-Bold.ttf */,
				847995102BC55D6A0097B036 /* Gilroy-Regular.ttf */,
				8479950F2BC55D6A0097B036 /* Gilroy-SemiBold.ttf */,
			);
			path = font;
			sourceTree = "<group>";
		};
/* End PBXGroup section */

/* Begin PBXNativeTarget section */
		847994DE2BC5596D0097B036 /* FoodShop */ = {
			isa = PBXNativeTarget;
			buildConfigurationList = 847995032BC559740097B036 /* Build configuration list for PBXNativeTarget "FoodShop" */;
			buildPhases = (
				847994DB2BC5596D0097B036 /* Sources */,
				847994DC2BC5596D0097B036 /* Frameworks */,
				847994DD2BC5596D0097B036 /* Resources */,
			);
			buildRules = (
			);
			dependencies = (
			);
			name = FoodShop;
			productName = FoodShop;
			productReference = 847994DF2BC5596D0097B036 /* FoodShop.app */;
			productType = "com.apple.product-type.application";
		};
		847994EE2BC559740097B036 /* FoodShopTests */ = {
			isa = PBXNativeTarget;
			buildConfigurationList = 847995062BC559740097B036 /* Build configuration list for PBXNativeTarget "FoodShopTests" */;
			buildPhases = (
				847994EB2BC559740097B036 /* Sources */,
				847994EC2BC559740097B036 /* Frameworks */,
				847994ED2BC559740097B036 /* Resources */,
			);
			buildRules = (
			);
			dependencies = (
				847994F12BC559740097B036 /* PBXTargetDependency */,
			);
			name = FoodShopTests;
			productName = FoodShopTests;
			productReference = 847994EF2BC559740097B036 /* FoodShopTests.xctest */;
			productType = "com.apple.product-type.bundle.unit-test";
		};
		847994F82BC559740097B036 /* FoodShopUITests */ = {
			isa = PBXNativeTarget;
			buildConfigurationList = 847995092BC559740097B036 /* Build configuration list for PBXNativeTarget "FoodShopUITests" */;
			buildPhases = (
				847994F52BC559740097B036 /* Sources */,
				847994F62BC559740097B036 /* Frameworks */,
				847994F72BC559740097B036 /* Resources */,
			);
			buildRules = (
			);
			dependencies = (
				847994FB2BC559740097B036 /* PBXTargetDependency */,
			);
			name = FoodShopUITests;
			productName = FoodShopUITests;
			productReference = 847994F92BC559740097B036 /* FoodShopUITests.xctest */;
			productType = "com.apple.product-type.bundle.ui-testing";
		};
/* End PBXNativeTarget section */

/* Begin PBXProject section */
		847994D72BC5596D0097B036 /* Project object */ = {
			isa = PBXProject;
			attributes = {
				BuildIndependentTargetsInParallel = 1;
				LastSwiftUpdateCheck = 1500;
				LastUpgradeCheck = 1500;
				TargetAttributes = {
					847994DE2BC5596D0097B036 = {
						CreatedOnToolsVersion = 15.0;
					};
					847994EE2BC559740097B036 = {
						CreatedOnToolsVersion = 15.0;
						TestTargetID = 847994DE2BC5596D0097B036;
					};
					847994F82BC559740097B036 = {
						CreatedOnToolsVersion = 15.0;
						TestTargetID = 847994DE2BC5596D0097B036;
					};
				};
			};
			buildConfigurationList = 847994DA2BC5596D0097B036 /* Build configuration list for PBXProject "FoodShop" */;
			compatibilityVersion = "Xcode 14.0";
			developmentRegion = en;
			hasScannedForEncodings = 0;
			knownRegions = (
				en,
				Base,
			);
			mainGroup = 847994D62BC5596D0097B036;
			productRefGroup = 847994E02BC5596D0097B036 /* Products */;
			projectDirPath = "";
			projectRoot = "";
			targets = (
				847994DE2BC5596D0097B036 /* FoodShop */,
				847994EE2BC559740097B036 /* FoodShopTests */,
				847994F82BC559740097B036 /* FoodShopUITests */,
			);
		};
/* End PBXProject section */

/* Begin PBXResourcesBuildPhase section */
		847994DD2BC5596D0097B036 /* Resources */ = {
			isa = PBXResourcesBuildPhase;
			buildActionMask = 2147483647;
			files = (
				847995132BC55D6A0097B036 /* Gilroy-Regular.ttf in Resources */,
				847995152BC55D850097B036 /* Gilroy-Medium.ttf in Resources */,
				847995112BC55D6A0097B036 /* Gilroy-Bold.ttf in Resources */,
				847995122BC55D6A0097B036 /* Gilroy-SemiBold.ttf in Resources */,
				847995172BC55E2C0097B036 /* Assets.xcassets in Resources */,
				847994EA2BC559730097B036 /* Preview Assets.xcassets in Resources */,
			);
			runOnlyForDeploymentPostprocessing = 0;
		};
		847994ED2BC559740097B036 /* Resources */ = {
			isa = PBXResourcesBuildPhase;
			buildActionMask = 2147483647;
			files = (
			);
			runOnlyForDeploymentPostprocessing = 0;
		};
		847994F72BC559740097B036 /* Resources */ = {
			isa = PBXResourcesBuildPhase;
			buildActionMask = 2147483647;
			files = (
			);
			runOnlyForDeploymentPostprocessing = 0;
		};
/* End PBXResourcesBuildPhase section */

/* Begin PBXSourcesBuildPhase section */
		847994DB2BC5596D0097B036 /* Sources */ = {
			isa = PBXSourcesBuildPhase;
			buildActionMask = 2147483647;
			files = (
				847994E52BC5596D0097B036 /* ContentView.swift in Sources */,
				847994E32BC5596D0097B036 /* FoodShopApp.swift in Sources */,
			);
			runOnlyForDeploymentPostprocessing = 0;
		};
		847994EB2BC559740097B036 /* Sources */ = {
			isa = PBXSourcesBuildPhase;
			buildActionMask = 2147483647;
			files = (
				847994F42BC559740097B036 /* FoodShopTests.swift in Sources */,
			);
			runOnlyForDeploymentPostprocessing = 0;
		};
		847994F52BC559740097B036 /* Sources */ = {
			isa = PBXSourcesBuildPhase;
			buildActionMask = 2147483647;
			files = (
				847995002BC559740097B036 /* FoodShopUITestsLaunchTests.swift in Sources */,
				847994FE2BC559740097B036 /* FoodShopUITests.swift in Sources */,
			);
			runOnlyForDeploymentPostprocessing = 0;
		};
/* End PBXSourcesBuildPhase section */

/* Begin PBXTargetDependency section */
		847994F12BC559740097B036 /* PBXTargetDependency */ = {
			isa = PBXTargetDependency;
			target = 847994DE2BC5596D0097B036 /* FoodShop */;
			targetProxy = 847994F02BC559740097B036 /* PBXContainerItemProxy */;
		};
		847994FB2BC559740097B036 /* PBXTargetDependency */ = {
			isa = PBXTargetDependency;
			target = 847994DE2BC5596D0097B036 /* FoodShop */;
			targetProxy = 847994FA2BC559740097B036 /* PBXContainerItemProxy */;
		};
/* End PBXTargetDependency section */

/* Begin XCBuildConfiguration section */
		847995012BC559740097B036 /* Debug */ = {
			isa = XCBuildConfiguration;
			buildSettings = {
				ALWAYS_SEARCH_USER_PATHS = NO;
				ASSETCATALOG_COMPILER_GENERATE_SWIFT_ASSET_SYMBOL_EXTENSIONS = YES;
				CLANG_ANALYZER_NONNULL = YES;
				CLANG_ANALYZER_NUMBER_OBJECT_CONVERSION = YES_AGGRESSIVE;
				CLANG_CXX_LANGUAGE_STANDARD = "gnu++20";
				CLANG_ENABLE_MODULES = YES;
				CLANG_ENABLE_OBJC_ARC = YES;
				CLANG_ENABLE_OBJC_WEAK = YES;
				CLANG_WARN_BLOCK_CAPTURE_AUTORELEASING = YES;
				CLANG_WARN_BOOL_CONVERSION = YES;
				CLANG_WARN_COMMA = YES;
				CLANG_WARN_CONSTANT_CONVERSION = YES;
				CLANG_WARN_DEPRECATED_OBJC_IMPLEMENTATIONS = YES;
				CLANG_WARN_DIRECT_OBJC_ISA_USAGE = YES_ERROR;
				CLANG_WARN_DOCUMENTATION_COMMENTS = YES;
				CLANG_WARN_EMPTY_BODY = YES;
				CLANG_WARN_ENUM_CONVERSION = YES;
				CLANG_WARN_INFINITE_RECURSION = YES;
				CLANG_WARN_INT_CONVERSION = YES;
				CLANG_WARN_NON_LITERAL_NULL_CONVERSION = YES;
				CLANG_WARN_OBJC_IMPLICIT_RETAIN_SELF = YES;
				CLANG_WARN_OBJC_LITERAL_CONVERSION = YES;
				CLANG_WARN_OBJC_ROOT_CLASS = YES_ERROR;
				CLANG_WARN_QUOTED_INCLUDE_IN_FRAMEWORK_HEADER = YES;
				CLANG_WARN_RANGE_LOOP_ANALYSIS = YES;
				CLANG_WARN_STRICT_PROTOTYPES = YES;
				CLANG_WARN_SUSPICIOUS_MOVE = YES;
				CLANG_WARN_UNGUARDED_AVAILABILITY = YES_AGGRESSIVE;
				CLANG_WARN_UNREACHABLE_CODE = YES;
				CLANG_WARN__DUPLICATE_METHOD_MATCH = YES;
				COPY_PHASE_STRIP = NO;
				DEBUG_INFORMATION_FORMAT = dwarf;
				ENABLE_STRICT_OBJC_MSGSEND = YES;
				ENABLE_TESTABILITY = YES;
				ENABLE_USER_SCRIPT_SANDBOXING = YES;
				GCC_C_LANGUAGE_STANDARD = gnu17;
				GCC_DYNAMIC_NO_PIC = NO;
				GCC_NO_COMMON_BLOCKS = YES;
				GCC_OPTIMIZATION_LEVEL = 0;
				GCC_PREPROCESSOR_DEFINITIONS = (
					"DEBUG=1",
					"$(inherited)",
				);
				GCC_WARN_64_TO_32_BIT_CONVERSION = YES;
				GCC_WARN_ABOUT_RETURN_TYPE = YES_ERROR;
				GCC_WARN_UNDECLARED_SELECTOR = YES;
				GCC_WARN_UNINITIALIZED_AUTOS = YES_AGGRESSIVE;
				GCC_WARN_UNUSED_FUNCTION = YES;
				GCC_WARN_UNUSED_VARIABLE = YES;
				IPHONEOS_DEPLOYMENT_TARGET = 17.0;
				LOCALIZATION_PREFERS_STRING_CATALOGS = YES;
				MTL_ENABLE_DEBUG_INFO = INCLUDE_SOURCE;
				MTL_FAST_MATH = YES;
				ONLY_ACTIVE_ARCH = YES;
				SDKROOT = iphoneos;
				SWIFT_ACTIVE_COMPILATION_CONDITIONS = "DEBUG $(inherited)";
				SWIFT_OPTIMIZATION_LEVEL = "-Onone";
			};
			name = Debug;
		};
		847995022BC559740097B036 /* Release */ = {
			isa = XCBuildConfiguration;
			buildSettings = {
				ALWAYS_SEARCH_USER_PATHS = NO;
				ASSETCATALOG_COMPILER_GENERATE_SWIFT_ASSET_SYMBOL_EXTENSIONS = YES;
				CLANG_ANALYZER_NONNULL = YES;
				CLANG_ANALYZER_NUMBER_OBJECT_CONVERSION = YES_AGGRESSIVE;
				CLANG_CXX_LANGUAGE_STANDARD = "gnu++20";
				CLANG_ENABLE_MODULES = YES;
				CLANG_ENABLE_OBJC_ARC = YES;
				CLANG_ENABLE_OBJC_WEAK = YES;
				CLANG_WARN_BLOCK_CAPTURE_AUTORELEASING = YES;
				CLANG_WARN_BOOL_CONVERSION = YES;
				CLANG_WARN_COMMA = YES;
				CLANG_WARN_CONSTANT_CONVERSION = YES;
				CLANG_WARN_DEPRECATED_OBJC_IMPLEMENTATIONS = YES;
				CLANG_WARN_DIRECT_OBJC_ISA_USAGE = YES_ERROR;
				CLANG_WARN_DOCUMENTATION_COMMENTS = YES;
				CLANG_WARN_EMPTY_BODY = YES;
				CLANG_WARN_ENUM_CONVERSION = YES;
				CLANG_WARN_INFINITE_RECURSION = YES;
				CLANG_WARN_INT_CONVERSION = YES;
				CLANG_WARN_NON_LITERAL_NULL_CONVERSION = YES;
				CLANG_WARN_OBJC_IMPLICIT_RETAIN_SELF = YES;
				CLANG_WARN_OBJC_LITERAL_CONVERSION = YES;
				CLANG_WARN_OBJC_ROOT_CLASS = YES_ERROR;
				CLANG_WARN_QUOTED_INCLUDE_IN_FRAMEWORK_HEADER = YES;
				CLANG_WARN_RANGE_LOOP_ANALYSIS = YES;
				CLANG_WARN_STRICT_PROTOTYPES = YES;
				CLANG_WARN_SUSPICIOUS_MOVE = YES;
				CLANG_WARN_UNGUARDED_AVAILABILITY = YES_AGGRESSIVE;
				CLANG_WARN_UNREACHABLE_CODE = YES;
				CLANG_WARN__DUPLICATE_METHOD_MATCH = YES;
				COPY_PHASE_STRIP = NO;
				DEBUG_INFORMATION_FORMAT = "dwarf-with-dsym";
				ENABLE_NS_ASSERTIONS = NO;
				ENABLE_STRICT_OBJC_MSGSEND = YES;
				ENABLE_USER_SCRIPT_SANDBOXING = YES;
				GCC_C_LANGUAGE_STANDARD = gnu17;
				GCC_NO_COMMON_BLOCKS = YES;
				GCC_WARN_64_TO_32_BIT_CONVERSION = YES;
				GCC_WARN_ABOUT_RETURN_TYPE = YES_ERROR;
				GCC_WARN_UNDECLARED_SELECTOR = YES;
				GCC_WARN_UNINITIALIZED_AUTOS = YES_AGGRESSIVE;
				GCC_WARN_UNUSED_FUNCTION = YES;
				GCC_WARN_UNUSED_VARIABLE = YES;
				IPHONEOS_DEPLOYMENT_TARGET = 17.0;
				LOCALIZATION_PREFERS_STRING_CATALOGS = YES;
				MTL_ENABLE_DEBUG_INFO = NO;
				MTL_FAST_MATH = YES;
				SDKROOT = iphoneos;
				SWIFT_COMPILATION_MODE = wholemodule;
				VALIDATE_PRODUCT = YES;
			};
			name = Release;
		};
		847995042BC559740097B036 /* Debug */ = {
			isa = XCBuildConfiguration;
			buildSettings = {
				ASSETCATALOG_COMPILER_APPICON_NAME = AppIcon;
				ASSETCATALOG_COMPILER_GLOBAL_ACCENT_COLOR_NAME = AccentColor;
				CODE_SIGN_STYLE = Automatic;
				CURRENT_PROJECT_VERSION = 1;
				DEVELOPMENT_ASSET_PATHS = "\"FoodShop/Preview Content\"";
				DEVELOPMENT_TEAM = DFVUWR494M;
				ENABLE_PREVIEWS = YES;
				GENERATE_INFOPLIST_FILE = YES;
				INFOPLIST_FILE = FoodShop/Info.plist;
				INFOPLIST_KEY_UIApplicationSceneManifest_Generation = YES;
				INFOPLIST_KEY_UIApplicationSupportsIndirectInputEvents = YES;
				INFOPLIST_KEY_UILaunchScreen_Generation = YES;
				INFOPLIST_KEY_UISupportedInterfaceOrientations_iPad = "UIInterfaceOrientationPortrait UIInterfaceOrientationPortraitUpsideDown UIInterfaceOrientationLandscapeLeft UIInterfaceOrientationLandscapeRight";
				INFOPLIST_KEY_UISupportedInterfaceOrientations_iPhone = "UIInterfaceOrientationPortrait UIInterfaceOrientationLandscapeLeft UIInterfaceOrientationLandscapeRight";
				LD_RUNPATH_SEARCH_PATHS = (
					"$(inherited)",
					"@executable_path/Frameworks",
				);
				MARKETING_VERSION = 1.0;
				PRODUCT_BUNDLE_IDENTIFIER = com.nazarKuznetsov.FoodShop;
				PRODUCT_NAME = "$(TARGET_NAME)";
				SWIFT_EMIT_LOC_STRINGS = YES;
				SWIFT_VERSION = 5.0;
				TARGETED_DEVICE_FAMILY = "1,2";
			};
			name = Debug;
		};
		847995052BC559740097B036 /* Release */ = {
			isa = XCBuildConfiguration;
			buildSettings = {
				ASSETCATALOG_COMPILER_APPICON_NAME = AppIcon;
				ASSETCATALOG_COMPILER_GLOBAL_ACCENT_COLOR_NAME = AccentColor;
				CODE_SIGN_STYLE = Automatic;
				CURRENT_PROJECT_VERSION = 1;
				DEVELOPMENT_ASSET_PATHS = "\"FoodShop/Preview Content\"";
				DEVELOPMENT_TEAM = DFVUWR494M;
				ENABLE_PREVIEWS = YES;
				GENERATE_INFOPLIST_FILE = YES;
				INFOPLIST_FILE = FoodShop/Info.plist;
				INFOPLIST_KEY_UIApplicationSceneManifest_Generation = YES;
				INFOPLIST_KEY_UIApplicationSupportsIndirectInputEvents = YES;
				INFOPLIST_KEY_UILaunchScreen_Generation = YES;
				INFOPLIST_KEY_UISupportedInterfaceOrientations_iPad = "UIInterfaceOrientationPortrait UIInterfaceOrientationPortraitUpsideDown UIInterfaceOrientationLandscapeLeft UIInterfaceOrientationLandscapeRight";
				INFOPLIST_KEY_UISupportedInterfaceOrientations_iPhone = "UIInterfaceOrientationPortrait UIInterfaceOrientationLandscapeLeft UIInterfaceOrientationLandscapeRight";
				LD_RUNPATH_SEARCH_PATHS = (
					"$(inherited)",
					"@executable_path/Frameworks",
				);
				MARKETING_VERSION = 1.0;
				PRODUCT_BUNDLE_IDENTIFIER = com.nazarKuznetsov.FoodShop;
				PRODUCT_NAME = "$(TARGET_NAME)";
				SWIFT_EMIT_LOC_STRINGS = YES;
				SWIFT_VERSION = 5.0;
				TARGETED_DEVICE_FAMILY = "1,2";
			};
			name = Release;
		};
		847995072BC559740097B036 /* Debug */ = {
			isa = XCBuildConfiguration;
			buildSettings = {
				ALWAYS_EMBED_SWIFT_STANDARD_LIBRARIES = YES;
				BUNDLE_LOADER = "$(TEST_HOST)";
				CODE_SIGN_STYLE = Automatic;
				CURRENT_PROJECT_VERSION = 1;
				DEVELOPMENT_TEAM = DFVUWR494M;
				GENERATE_INFOPLIST_FILE = YES;
				IPHONEOS_DEPLOYMENT_TARGET = 17.0;
				MARKETING_VERSION = 1.0;
				PRODUCT_BUNDLE_IDENTIFIER = com.nazarKuznetsov.FoodShopTests;
				PRODUCT_NAME = "$(TARGET_NAME)";
				SWIFT_EMIT_LOC_STRINGS = NO;
				SWIFT_VERSION = 5.0;
				TARGETED_DEVICE_FAMILY = "1,2";
				TEST_HOST = "$(BUILT_PRODUCTS_DIR)/FoodShop.app/$(BUNDLE_EXECUTABLE_FOLDER_PATH)/FoodShop";
			};
			name = Debug;
		};
		847995082BC559740097B036 /* Release */ = {
			isa = XCBuildConfiguration;
			buildSettings = {
				ALWAYS_EMBED_SWIFT_STANDARD_LIBRARIES = YES;
				BUNDLE_LOADER = "$(TEST_HOST)";
				CODE_SIGN_STYLE = Automatic;
				CURRENT_PROJECT_VERSION = 1;
				DEVELOPMENT_TEAM = DFVUWR494M;
				GENERATE_INFOPLIST_FILE = YES;
				IPHONEOS_DEPLOYMENT_TARGET = 17.0;
				MARKETING_VERSION = 1.0;
				PRODUCT_BUNDLE_IDENTIFIER = com.nazarKuznetsov.FoodShopTests;
				PRODUCT_NAME = "$(TARGET_NAME)";
				SWIFT_EMIT_LOC_STRINGS = NO;
				SWIFT_VERSION = 5.0;
				TARGETED_DEVICE_FAMILY = "1,2";
				TEST_HOST = "$(BUILT_PRODUCTS_DIR)/FoodShop.app/$(BUNDLE_EXECUTABLE_FOLDER_PATH)/FoodShop";
			};
			name = Release;
		};
		8479950A2BC559740097B036 /* Debug */ = {
			isa = XCBuildConfiguration;
			buildSettings = {
				ALWAYS_EMBED_SWIFT_STANDARD_LIBRARIES = YES;
				CODE_SIGN_STYLE = Automatic;
				CURRENT_PROJECT_VERSION = 1;
				DEVELOPMENT_TEAM = DFVUWR494M;
				GENERATE_INFOPLIST_FILE = YES;
				MARKETING_VERSION = 1.0;
				PRODUCT_BUNDLE_IDENTIFIER = com.nazarKuznetsov.FoodShopUITests;
				PRODUCT_NAME = "$(TARGET_NAME)";
				SWIFT_EMIT_LOC_STRINGS = NO;
				SWIFT_VERSION = 5.0;
				TARGETED_DEVICE_FAMILY = "1,2";
				TEST_TARGET_NAME = FoodShop;
			};
			name = Debug;
		};
		8479950B2BC559740097B036 /* Release */ = {
			isa = XCBuildConfiguration;
			buildSettings = {
				ALWAYS_EMBED_SWIFT_STANDARD_LIBRARIES = YES;
				CODE_SIGN_STYLE = Automatic;
				CURRENT_PROJECT_VERSION = 1;
				DEVELOPMENT_TEAM = DFVUWR494M;
				GENERATE_INFOPLIST_FILE = YES;
				MARKETING_VERSION = 1.0;
				PRODUCT_BUNDLE_IDENTIFIER = com.nazarKuznetsov.FoodShopUITests;
				PRODUCT_NAME = "$(TARGET_NAME)";
				SWIFT_EMIT_LOC_STRINGS = NO;
				SWIFT_VERSION = 5.0;
				TARGETED_DEVICE_FAMILY = "1,2";
				TEST_TARGET_NAME = FoodShop;
			};
			name = Release;
		};
/* End XCBuildConfiguration section */

/* Begin XCConfigurationList section */
		847994DA2BC5596D0097B036 /* Build configuration list for PBXProject "FoodShop" */ = {
			isa = XCConfigurationList;
			buildConfigurations = (
				847995012BC559740097B036 /* Debug */,
				847995022BC559740097B036 /* Release */,
			);
			defaultConfigurationIsVisible = 0;
			defaultConfigurationName = Release;
		};
		847995032BC559740097B036 /* Build configuration list for PBXNativeTarget "FoodShop" */ = {
			isa = XCConfigurationList;
			buildConfigurations = (
				847995042BC559740097B036 /* Debug */,
				847995052BC559740097B036 /* Release */,
			);
			defaultConfigurationIsVisible = 0;
			defaultConfigurationName = Release;
		};
		847995062BC559740097B036 /* Build configuration list for PBXNativeTarget "FoodShopTests" */ = {
			isa = XCConfigurationList;
			buildConfigurations = (
				847995072BC559740097B036 /* Debug */,
				847995082BC559740097B036 /* Release */,
			);
			defaultConfigurationIsVisible = 0;
			defaultConfigurationName = Release;
		};
		847995092BC559740097B036 /* Build configuration list for PBXNativeTarget "FoodShopUITests" */ = {
			isa = XCConfigurationList;
			buildConfigurations = (
				8479950A2BC559740097B036 /* Debug */,
				8479950B2BC559740097B036 /* Release */,
			);
			defaultConfigurationIsVisible = 0;
			defaultConfigurationName = Release;
		};
/* End XCConfigurationList section */
	};
	rootObject = 847994D72BC5596D0097B036 /* Project object */;
}
