// !$*UTF8*$!
{
	archiveVersion = 1;
	classes = {
	};
	objectVersion = 56;
	objects = {

/* Begin PBXBuildFile section */
		84BBDE912BC5566400330CBE /* FoodShopApp.swift in Sources */ = {isa = PBXBuildFile; fileRef = 84BBDE902BC5566400330CBE /* FoodShopApp.swift */; };
		84BBDE932BC5566400330CBE /* ContentView.swift in Sources */ = {isa = PBXBuildFile; fileRef = 84BBDE922BC5566400330CBE /* ContentView.swift */; };
		84BBDE952BC5566B00330CBE /* Assets.xcassets in Resources */ = {isa = PBXBuildFile; fileRef = 84BBDE942BC5566B00330CBE /* Assets.xcassets */; };
		84BBDE982BC5566B00330CBE /* Preview Assets.xcassets in Resources */ = {isa = PBXBuildFile; fileRef = 84BBDE972BC5566B00330CBE /* Preview Assets.xcassets */; };
		84BBDEA22BC5566B00330CBE /* FoodShopTests.swift in Sources */ = {isa = PBXBuildFile; fileRef = 84BBDEA12BC5566B00330CBE /* FoodShopTests.swift */; };
		84BBDEAC2BC5566B00330CBE /* FoodShopUITests.swift in Sources */ = {isa = PBXBuildFile; fileRef = 84BBDEAB2BC5566B00330CBE /* FoodShopUITests.swift */; };
		84BBDEAE2BC5566B00330CBE /* FoodShopUITestsLaunchTests.swift in Sources */ = {isa = PBXBuildFile; fileRef = 84BBDEAD2BC5566B00330CBE /* FoodShopUITestsLaunchTests.swift */; };
/* End PBXBuildFile section */

/* Begin PBXContainerItemProxy section */
		84BBDE9E2BC5566B00330CBE /* PBXContainerItemProxy */ = {
			isa = PBXContainerItemProxy;
			containerPortal = 84BBDE852BC5566300330CBE /* Project object */;
			proxyType = 1;
			remoteGlobalIDString = 84BBDE8C2BC5566400330CBE;
			remoteInfo = FoodShop;
		};
		84BBDEA82BC5566B00330CBE /* PBXContainerItemProxy */ = {
			isa = PBXContainerItemProxy;
			containerPortal = 84BBDE852BC5566300330CBE /* Project object */;
			proxyType = 1;
			remoteGlobalIDString = 84BBDE8C2BC5566400330CBE;
			remoteInfo = FoodShop;
		};
/* End PBXContainerItemProxy section */

/* Begin PBXFileReference section */
		84BBDE8D2BC5566400330CBE /* FoodShop.app */ = {isa = PBXFileReference; explicitFileType = wrapper.application; includeInIndex = 0; path = FoodShop.app; sourceTree = BUILT_PRODUCTS_DIR; };
		84BBDE902BC5566400330CBE /* FoodShopApp.swift */ = {isa = PBXFileReference; lastKnownFileType = sourcecode.swift; path = FoodShopApp.swift; sourceTree = "<group>"; };
		84BBDE922BC5566400330CBE /* ContentView.swift */ = {isa = PBXFileReference; lastKnownFileType = sourcecode.swift; path = ContentView.swift; sourceTree = "<group>"; };
		84BBDE942BC5566B00330CBE /* Assets.xcassets */ = {isa = PBXFileReference; lastKnownFileType = folder.assetcatalog; path = Assets.xcassets; sourceTree = "<group>"; };
		84BBDE972BC5566B00330CBE /* Preview Assets.xcassets */ = {isa = PBXFileReference; lastKnownFileType = folder.assetcatalog; path = "Preview Assets.xcassets"; sourceTree = "<group>"; };
		84BBDE9D2BC5566B00330CBE /* FoodShopTests.xctest */ = {isa = PBXFileReference; explicitFileType = wrapper.cfbundle; includeInIndex = 0; path = FoodShopTests.xctest; sourceTree = BUILT_PRODUCTS_DIR; };
		84BBDEA12BC5566B00330CBE /* FoodShopTests.swift */ = {isa = PBXFileReference; lastKnownFileType = sourcecode.swift; path = FoodShopTests.swift; sourceTree = "<group>"; };
		84BBDEA72BC5566B00330CBE /* FoodShopUITests.xctest */ = {isa = PBXFileReference; explicitFileType = wrapper.cfbundle; includeInIndex = 0; path = FoodShopUITests.xctest; sourceTree = BUILT_PRODUCTS_DIR; };
		84BBDEAB2BC5566B00330CBE /* FoodShopUITests.swift */ = {isa = PBXFileReference; lastKnownFileType = sourcecode.swift; path = FoodShopUITests.swift; sourceTree = "<group>"; };
		84BBDEAD2BC5566B00330CBE /* FoodShopUITestsLaunchTests.swift */ = {isa = PBXFileReference; lastKnownFileType = sourcecode.swift; path = FoodShopUITestsLaunchTests.swift; sourceTree = "<group>"; };
/* End PBXFileReference section */

/* Begin PBXFrameworksBuildPhase section */
		84BBDE8A2BC5566400330CBE /* Frameworks */ = {
			isa = PBXFrameworksBuildPhase;
			buildActionMask = 2147483647;
			files = (
			);
			runOnlyForDeploymentPostprocessing = 0;
		};
		84BBDE9A2BC5566B00330CBE /* Frameworks */ = {
			isa = PBXFrameworksBuildPhase;
			buildActionMask = 2147483647;
			files = (
			);
			runOnlyForDeploymentPostprocessing = 0;
		};
		84BBDEA42BC5566B00330CBE /* Frameworks */ = {
			isa = PBXFrameworksBuildPhase;
			buildActionMask = 2147483647;
			files = (
			);
			runOnlyForDeploymentPostprocessing = 0;
		};
/* End PBXFrameworksBuildPhase section */

/* Begin PBXGroup section */
		84BBDE842BC5566300330CBE = {
			isa = PBXGroup;
			children = (
				84BBDE8F2BC5566400330CBE /* FoodShop */,
				84BBDEA02BC5566B00330CBE /* FoodShopTests */,
				84BBDEAA2BC5566B00330CBE /* FoodShopUITests */,
				84BBDE8E2BC5566400330CBE /* Products */,
			);
			sourceTree = "<group>";
		};
		84BBDE8E2BC5566400330CBE /* Products */ = {
			isa = PBXGroup;
			children = (
				84BBDE8D2BC5566400330CBE /* FoodShop.app */,
				84BBDE9D2BC5566B00330CBE /* FoodShopTests.xctest */,
				84BBDEA72BC5566B00330CBE /* FoodShopUITests.xctest */,
			);
			name = Products;
			sourceTree = "<group>";
		};
		84BBDE8F2BC5566400330CBE /* FoodShop */ = {
			isa = PBXGroup;
			children = (
				84BBDE902BC5566400330CBE /* FoodShopApp.swift */,
				84BBDE922BC5566400330CBE /* ContentView.swift */,
				84BBDE942BC5566B00330CBE /* Assets.xcassets */,
				84BBDE962BC5566B00330CBE /* Preview Content */,
			);
			path = FoodShop;
			sourceTree = "<group>";
		};
		84BBDE962BC5566B00330CBE /* Preview Content */ = {
			isa = PBXGroup;
			children = (
				84BBDE972BC5566B00330CBE /* Preview Assets.xcassets */,
			);
			path = "Preview Content";
			sourceTree = "<group>";
		};
		84BBDEA02BC5566B00330CBE /* FoodShopTests */ = {
			isa = PBXGroup;
			children = (
				84BBDEA12BC5566B00330CBE /* FoodShopTests.swift */,
			);
			path = FoodShopTests;
			sourceTree = "<group>";
		};
		84BBDEAA2BC5566B00330CBE /* FoodShopUITests */ = {
			isa = PBXGroup;
			children = (
				84BBDEAB2BC5566B00330CBE /* FoodShopUITests.swift */,
				84BBDEAD2BC5566B00330CBE /* FoodShopUITestsLaunchTests.swift */,
			);
			path = FoodShopUITests;
			sourceTree = "<group>";
		};
/* End PBXGroup section */

/* Begin PBXNativeTarget section */
		84BBDE8C2BC5566400330CBE /* FoodShop */ = {
			isa = PBXNativeTarget;
			buildConfigurationList = 84BBDEB12BC5566B00330CBE /* Build configuration list for PBXNativeTarget "FoodShop" */;
			buildPhases = (
				84BBDE892BC5566400330CBE /* Sources */,
				84BBDE8A2BC5566400330CBE /* Frameworks */,
				84BBDE8B2BC5566400330CBE /* Resources */,
			);
			buildRules = (
			);
			dependencies = (
			);
			name = FoodShop;
			productName = FoodShop;
			productReference = 84BBDE8D2BC5566400330CBE /* FoodShop.app */;
			productType = "com.apple.product-type.application";
		};
		84BBDE9C2BC5566B00330CBE /* FoodShopTests */ = {
			isa = PBXNativeTarget;
			buildConfigurationList = 84BBDEB42BC5566B00330CBE /* Build configuration list for PBXNativeTarget "FoodShopTests" */;
			buildPhases = (
				84BBDE992BC5566B00330CBE /* Sources */,
				84BBDE9A2BC5566B00330CBE /* Frameworks */,
				84BBDE9B2BC5566B00330CBE /* Resources */,
			);
			buildRules = (
			);
			dependencies = (
				84BBDE9F2BC5566B00330CBE /* PBXTargetDependency */,
			);
			name = FoodShopTests;
			productName = FoodShopTests;
			productReference = 84BBDE9D2BC5566B00330CBE /* FoodShopTests.xctest */;
			productType = "com.apple.product-type.bundle.unit-test";
		};
		84BBDEA62BC5566B00330CBE /* FoodShopUITests */ = {
			isa = PBXNativeTarget;
			buildConfigurationList = 84BBDEB72BC5566B00330CBE /* Build configuration list for PBXNativeTarget "FoodShopUITests" */;
			buildPhases = (
				84BBDEA32BC5566B00330CBE /* Sources */,
				84BBDEA42BC5566B00330CBE /* Frameworks */,
				84BBDEA52BC5566B00330CBE /* Resources */,
			);
			buildRules = (
			);
			dependencies = (
				84BBDEA92BC5566B00330CBE /* PBXTargetDependency */,
			);
			name = FoodShopUITests;
			productName = FoodShopUITests;
			productReference = 84BBDEA72BC5566B00330CBE /* FoodShopUITests.xctest */;
			productType = "com.apple.product-type.bundle.ui-testing";
		};
/* End PBXNativeTarget section */

/* Begin PBXProject section */
		84BBDE852BC5566300330CBE /* Project object */ = {
			isa = PBXProject;
			attributes = {
				BuildIndependentTargetsInParallel = 1;
				LastSwiftUpdateCheck = 1500;
				LastUpgradeCheck = 1500;
				TargetAttributes = {
					84BBDE8C2BC5566400330CBE = {
						CreatedOnToolsVersion = 15.0;
					};
					84BBDE9C2BC5566B00330CBE = {
						CreatedOnToolsVersion = 15.0;
						TestTargetID = 84BBDE8C2BC5566400330CBE;
					};
					84BBDEA62BC5566B00330CBE = {
						CreatedOnToolsVersion = 15.0;
						TestTargetID = 84BBDE8C2BC5566400330CBE;
					};
				};
			};
			buildConfigurationList = 84BBDE882BC5566300330CBE /* Build configuration list for PBXProject "FoodShop" */;
			compatibilityVersion = "Xcode 14.0";
			developmentRegion = en;
			hasScannedForEncodings = 0;
			knownRegions = (
				en,
				Base,
			);
			mainGroup = 84BBDE842BC5566300330CBE;
			productRefGroup = 84BBDE8E2BC5566400330CBE /* Products */;
			projectDirPath = "";
			projectRoot = "";
			targets = (
				84BBDE8C2BC5566400330CBE /* FoodShop */,
				84BBDE9C2BC5566B00330CBE /* FoodShopTests */,
				84BBDEA62BC5566B00330CBE /* FoodShopUITests */,
			);
		};
/* End PBXProject section */

/* Begin PBXResourcesBuildPhase section */
		84BBDE8B2BC5566400330CBE /* Resources */ = {
			isa = PBXResourcesBuildPhase;
			buildActionMask = 2147483647;
			files = (
				84BBDE982BC5566B00330CBE /* Preview Assets.xcassets in Resources */,
				84BBDE952BC5566B00330CBE /* Assets.xcassets in Resources */,
			);
			runOnlyForDeploymentPostprocessing = 0;
		};
		84BBDE9B2BC5566B00330CBE /* Resources */ = {
			isa = PBXResourcesBuildPhase;
			buildActionMask = 2147483647;
			files = (
			);
			runOnlyForDeploymentPostprocessing = 0;
		};
		84BBDEA52BC5566B00330CBE /* Resources */ = {
			isa = PBXResourcesBuildPhase;
			buildActionMask = 2147483647;
			files = (
			);
			runOnlyForDeploymentPostprocessing = 0;
		};
/* End PBXResourcesBuildPhase section */

/* Begin PBXSourcesBuildPhase section */
		84BBDE892BC5566400330CBE /* Sources */ = {
			isa = PBXSourcesBuildPhase;
			buildActionMask = 2147483647;
			files = (
				84BBDE932BC5566400330CBE /* ContentView.swift in Sources */,
				84BBDE912BC5566400330CBE /* FoodShopApp.swift in Sources */,
			);
			runOnlyForDeploymentPostprocessing = 0;
		};
		84BBDE992BC5566B00330CBE /* Sources */ = {
			isa = PBXSourcesBuildPhase;
			buildActionMask = 2147483647;
			files = (
				84BBDEA22BC5566B00330CBE /* FoodShopTests.swift in Sources */,
			);
			runOnlyForDeploymentPostprocessing = 0;
		};
		84BBDEA32BC5566B00330CBE /* Sources */ = {
			isa = PBXSourcesBuildPhase;
			buildActionMask = 2147483647;
			files = (
				84BBDEAE2BC5566B00330CBE /* FoodShopUITestsLaunchTests.swift in Sources */,
				84BBDEAC2BC5566B00330CBE /* FoodShopUITests.swift in Sources */,
			);
			runOnlyForDeploymentPostprocessing = 0;
		};
/* End PBXSourcesBuildPhase section */

/* Begin PBXTargetDependency section */
		84BBDE9F2BC5566B00330CBE /* PBXTargetDependency */ = {
			isa = PBXTargetDependency;
			target = 84BBDE8C2BC5566400330CBE /* FoodShop */;
			targetProxy = 84BBDE9E2BC5566B00330CBE /* PBXContainerItemProxy */;
		};
		84BBDEA92BC5566B00330CBE /* PBXTargetDependency */ = {
			isa = PBXTargetDependency;
			target = 84BBDE8C2BC5566400330CBE /* FoodShop */;
			targetProxy = 84BBDEA82BC5566B00330CBE /* PBXContainerItemProxy */;
		};
/* End PBXTargetDependency section */

/* Begin XCBuildConfiguration section */
		84BBDEAF2BC5566B00330CBE /* Debug */ = {
			isa = XCBuildConfiguration;
			buildSettings = {
				ALWAYS_SEARCH_USER_PATHS = NO;
				ASSETCATALOG_COMPILER_GENERATE_SWIFT_ASSET_SYMBOL_EXTENSIONS = YES;
				CLANG_ANALYZER_NONNULL = YES;
				CLANG_ANALYZER_NUMBER_OBJECT_CONVERSION = YES_AGGRESSIVE;
				CLANG_CXX_LANGUAGE_STANDARD = "gnu++20";
				CLANG_ENABLE_MODULES = YES;
				CLANG_ENABLE_OBJC_ARC = YES;
				CLANG_ENABLE_OBJC_WEAK = YES;
				CLANG_WARN_BLOCK_CAPTURE_AUTORELEASING = YES;
				CLANG_WARN_BOOL_CONVERSION = YES;
				CLANG_WARN_COMMA = YES;
				CLANG_WARN_CONSTANT_CONVERSION = YES;
				CLANG_WARN_DEPRECATED_OBJC_IMPLEMENTATIONS = YES;
				CLANG_WARN_DIRECT_OBJC_ISA_USAGE = YES_ERROR;
				CLANG_WARN_DOCUMENTATION_COMMENTS = YES;
				CLANG_WARN_EMPTY_BODY = YES;
				CLANG_WARN_ENUM_CONVERSION = YES;
				CLANG_WARN_INFINITE_RECURSION = YES;
				CLANG_WARN_INT_CONVERSION = YES;
				CLANG_WARN_NON_LITERAL_NULL_CONVERSION = YES;
				CLANG_WARN_OBJC_IMPLICIT_RETAIN_SELF = YES;
				CLANG_WARN_OBJC_LITERAL_CONVERSION = YES;
				CLANG_WARN_OBJC_ROOT_CLASS = YES_ERROR;
				CLANG_WARN_QUOTED_INCLUDE_IN_FRAMEWORK_HEADER = YES;
				CLANG_WARN_RANGE_LOOP_ANALYSIS = YES;
				CLANG_WARN_STRICT_PROTOTYPES = YES;
				CLANG_WARN_SUSPICIOUS_MOVE = YES;
				CLANG_WARN_UNGUARDED_AVAILABILITY = YES_AGGRESSIVE;
				CLANG_WARN_UNREACHABLE_CODE = YES;
				CLANG_WARN__DUPLICATE_METHOD_MATCH = YES;
				COPY_PHASE_STRIP = NO;
				DEBUG_INFORMATION_FORMAT = dwarf;
				ENABLE_STRICT_OBJC_MSGSEND = YES;
				ENABLE_TESTABILITY = YES;
				ENABLE_USER_SCRIPT_SANDBOXING = YES;
				GCC_C_LANGUAGE_STANDARD = gnu17;
				GCC_DYNAMIC_NO_PIC = NO;
				GCC_NO_COMMON_BLOCKS = YES;
				GCC_OPTIMIZATION_LEVEL = 0;
				GCC_PREPROCESSOR_DEFINITIONS = (
					"DEBUG=1",
					"$(inherited)",
				);
				GCC_WARN_64_TO_32_BIT_CONVERSION = YES;
				GCC_WARN_ABOUT_RETURN_TYPE = YES_ERROR;
				GCC_WARN_UNDECLARED_SELECTOR = YES;
				GCC_WARN_UNINITIALIZED_AUTOS = YES_AGGRESSIVE;
				GCC_WARN_UNUSED_FUNCTION = YES;
				GCC_WARN_UNUSED_VARIABLE = YES;
				IPHONEOS_DEPLOYMENT_TARGET = 17.0;
				LOCALIZATION_PREFERS_STRING_CATALOGS = YES;
				MTL_ENABLE_DEBUG_INFO = INCLUDE_SOURCE;
				MTL_FAST_MATH = YES;
				ONLY_ACTIVE_ARCH = YES;
				SDKROOT = iphoneos;
				SWIFT_ACTIVE_COMPILATION_CONDITIONS = "DEBUG $(inherited)";
				SWIFT_OPTIMIZATION_LEVEL = "-Onone";
			};
			name = Debug;
		};
		84BBDEB02BC5566B00330CBE /* Release */ = {
			isa = XCBuildConfiguration;
			buildSettings = {
				ALWAYS_SEARCH_USER_PATHS = NO;
				ASSETCATALOG_COMPILER_GENERATE_SWIFT_ASSET_SYMBOL_EXTENSIONS = YES;
				CLANG_ANALYZER_NONNULL = YES;
				CLANG_ANALYZER_NUMBER_OBJECT_CONVERSION = YES_AGGRESSIVE;
				CLANG_CXX_LANGUAGE_STANDARD = "gnu++20";
				CLANG_ENABLE_MODULES = YES;
				CLANG_ENABLE_OBJC_ARC = YES;
				CLANG_ENABLE_OBJC_WEAK = YES;
				CLANG_WARN_BLOCK_CAPTURE_AUTORELEASING = YES;
				CLANG_WARN_BOOL_CONVERSION = YES;
				CLANG_WARN_COMMA = YES;
				CLANG_WARN_CONSTANT_CONVERSION = YES;
				CLANG_WARN_DEPRECATED_OBJC_IMPLEMENTATIONS = YES;
				CLANG_WARN_DIRECT_OBJC_ISA_USAGE = YES_ERROR;
				CLANG_WARN_DOCUMENTATION_COMMENTS = YES;
				CLANG_WARN_EMPTY_BODY = YES;
				CLANG_WARN_ENUM_CONVERSION = YES;
				CLANG_WARN_INFINITE_RECURSION = YES;
				CLANG_WARN_INT_CONVERSION = YES;
				CLANG_WARN_NON_LITERAL_NULL_CONVERSION = YES;
				CLANG_WARN_OBJC_IMPLICIT_RETAIN_SELF = YES;
				CLANG_WARN_OBJC_LITERAL_CONVERSION = YES;
				CLANG_WARN_OBJC_ROOT_CLASS = YES_ERROR;
				CLANG_WARN_QUOTED_INCLUDE_IN_FRAMEWORK_HEADER = YES;
				CLANG_WARN_RANGE_LOOP_ANALYSIS = YES;
				CLANG_WARN_STRICT_PROTOTYPES = YES;
				CLANG_WARN_SUSPICIOUS_MOVE = YES;
				CLANG_WARN_UNGUARDED_AVAILABILITY = YES_AGGRESSIVE;
				CLANG_WARN_UNREACHABLE_CODE = YES;
				CLANG_WARN__DUPLICATE_METHOD_MATCH = YES;
				COPY_PHASE_STRIP = NO;
				DEBUG_INFORMATION_FORMAT = "dwarf-with-dsym";
				ENABLE_NS_ASSERTIONS = NO;
				ENABLE_STRICT_OBJC_MSGSEND = YES;
				ENABLE_USER_SCRIPT_SANDBOXING = YES;
				GCC_C_LANGUAGE_STANDARD = gnu17;
				GCC_NO_COMMON_BLOCKS = YES;
				GCC_WARN_64_TO_32_BIT_CONVERSION = YES;
				GCC_WARN_ABOUT_RETURN_TYPE = YES_ERROR;
				GCC_WARN_UNDECLARED_SELECTOR = YES;
				GCC_WARN_UNINITIALIZED_AUTOS = YES_AGGRESSIVE;
				GCC_WARN_UNUSED_FUNCTION = YES;
				GCC_WARN_UNUSED_VARIABLE = YES;
				IPHONEOS_DEPLOYMENT_TARGET = 17.0;
				LOCALIZATION_PREFERS_STRING_CATALOGS = YES;
				MTL_ENABLE_DEBUG_INFO = NO;
				MTL_FAST_MATH = YES;
				SDKROOT = iphoneos;
				SWIFT_COMPILATION_MODE = wholemodule;
				VALIDATE_PRODUCT = YES;
			};
			name = Release;
		};
		84BBDEB22BC5566B00330CBE /* Debug */ = {
			isa = XCBuildConfiguration;
			buildSettings = {
				ASSETCATALOG_COMPILER_APPICON_NAME = AppIcon;
				ASSETCATALOG_COMPILER_GLOBAL_ACCENT_COLOR_NAME = AccentColor;
				CODE_SIGN_STYLE = Automatic;
				CURRENT_PROJECT_VERSION = 1;
				DEVELOPMENT_ASSET_PATHS = "\"FoodShop/Preview Content\"";
				DEVELOPMENT_TEAM = DFVUWR494M;
				ENABLE_PREVIEWS = YES;
				GENERATE_INFOPLIST_FILE = YES;
				INFOPLIST_KEY_UIApplicationSceneManifest_Generation = YES;
				INFOPLIST_KEY_UIApplicationSupportsIndirectInputEvents = YES;
				INFOPLIST_KEY_UILaunchScreen_Generation = YES;
				INFOPLIST_KEY_UISupportedInterfaceOrientations_iPad = "UIInterfaceOrientationPortrait UIInterfaceOrientationPortraitUpsideDown UIInterfaceOrientationLandscapeLeft UIInterfaceOrientationLandscapeRight";
				INFOPLIST_KEY_UISupportedInterfaceOrientations_iPhone = "UIInterfaceOrientationPortrait UIInterfaceOrientationLandscapeLeft UIInterfaceOrientationLandscapeRight";
				LD_RUNPATH_SEARCH_PATHS = (
					"$(inherited)",
					"@executable_path/Frameworks",
				);
				MARKETING_VERSION = 1.0;
				PRODUCT_BUNDLE_IDENTIFIER = com.nazarKuznetsov.FoodShop;
				PRODUCT_NAME = "$(TARGET_NAME)";
				SWIFT_EMIT_LOC_STRINGS = YES;
				SWIFT_VERSION = 5.0;
				TARGETED_DEVICE_FAMILY = "1,2";
			};
			name = Debug;
		};
		84BBDEB32BC5566B00330CBE /* Release */ = {
			isa = XCBuildConfiguration;
			buildSettings = {
				ASSETCATALOG_COMPILER_APPICON_NAME = AppIcon;
				ASSETCATALOG_COMPILER_GLOBAL_ACCENT_COLOR_NAME = AccentColor;
				CODE_SIGN_STYLE = Automatic;
				CURRENT_PROJECT_VERSION = 1;
				DEVELOPMENT_ASSET_PATHS = "\"FoodShop/Preview Content\"";
				DEVELOPMENT_TEAM = DFVUWR494M;
				ENABLE_PREVIEWS = YES;
				GENERATE_INFOPLIST_FILE = YES;
				INFOPLIST_KEY_UIApplicationSceneManifest_Generation = YES;
				INFOPLIST_KEY_UIApplicationSupportsIndirectInputEvents = YES;
				INFOPLIST_KEY_UILaunchScreen_Generation = YES;
				INFOPLIST_KEY_UISupportedInterfaceOrientations_iPad = "UIInterfaceOrientationPortrait UIInterfaceOrientationPortraitUpsideDown UIInterfaceOrientationLandscapeLeft UIInterfaceOrientationLandscapeRight";
				INFOPLIST_KEY_UISupportedInterfaceOrientations_iPhone = "UIInterfaceOrientationPortrait UIInterfaceOrientationLandscapeLeft UIInterfaceOrientationLandscapeRight";
				LD_RUNPATH_SEARCH_PATHS = (
					"$(inherited)",
					"@executable_path/Frameworks",
				);
				MARKETING_VERSION = 1.0;
				PRODUCT_BUNDLE_IDENTIFIER = com.nazarKuznetsov.FoodShop;
				PRODUCT_NAME = "$(TARGET_NAME)";
				SWIFT_EMIT_LOC_STRINGS = YES;
				SWIFT_VERSION = 5.0;
				TARGETED_DEVICE_FAMILY = "1,2";
			};
			name = Release;
		};
		84BBDEB52BC5566B00330CBE /* Debug */ = {
			isa = XCBuildConfiguration;
			buildSettings = {
				ALWAYS_EMBED_SWIFT_STANDARD_LIBRARIES = YES;
				BUNDLE_LOADER = "$(TEST_HOST)";
				CODE_SIGN_STYLE = Automatic;
				CURRENT_PROJECT_VERSION = 1;
				DEVELOPMENT_TEAM = DFVUWR494M;
				GENERATE_INFOPLIST_FILE = YES;
				IPHONEOS_DEPLOYMENT_TARGET = 17.0;
				MARKETING_VERSION = 1.0;
				PRODUCT_BUNDLE_IDENTIFIER = com.nazarKuznetsov.FoodShopTests;
				PRODUCT_NAME = "$(TARGET_NAME)";
				SWIFT_EMIT_LOC_STRINGS = NO;
				SWIFT_VERSION = 5.0;
				TARGETED_DEVICE_FAMILY = "1,2";
				TEST_HOST = "$(BUILT_PRODUCTS_DIR)/FoodShop.app/$(BUNDLE_EXECUTABLE_FOLDER_PATH)/FoodShop";
			};
			name = Debug;
		};
		84BBDEB62BC5566B00330CBE /* Release */ = {
			isa = XCBuildConfiguration;
			buildSettings = {
				ALWAYS_EMBED_SWIFT_STANDARD_LIBRARIES = YES;
				BUNDLE_LOADER = "$(TEST_HOST)";
				CODE_SIGN_STYLE = Automatic;
				CURRENT_PROJECT_VERSION = 1;
				DEVELOPMENT_TEAM = DFVUWR494M;
				GENERATE_INFOPLIST_FILE = YES;
				IPHONEOS_DEPLOYMENT_TARGET = 17.0;
				MARKETING_VERSION = 1.0;
				PRODUCT_BUNDLE_IDENTIFIER = com.nazarKuznetsov.FoodShopTests;
				PRODUCT_NAME = "$(TARGET_NAME)";
				SWIFT_EMIT_LOC_STRINGS = NO;
				SWIFT_VERSION = 5.0;
				TARGETED_DEVICE_FAMILY = "1,2";
				TEST_HOST = "$(BUILT_PRODUCTS_DIR)/FoodShop.app/$(BUNDLE_EXECUTABLE_FOLDER_PATH)/FoodShop";
			};
			name = Release;
		};
		84BBDEB82BC5566B00330CBE /* Debug */ = {
			isa = XCBuildConfiguration;
			buildSettings = {
				ALWAYS_EMBED_SWIFT_STANDARD_LIBRARIES = YES;
				CODE_SIGN_STYLE = Automatic;
				CURRENT_PROJECT_VERSION = 1;
				DEVELOPMENT_TEAM = DFVUWR494M;
				GENERATE_INFOPLIST_FILE = YES;
				MARKETING_VERSION = 1.0;
				PRODUCT_BUNDLE_IDENTIFIER = com.nazarKuznetsov.FoodShopUITests;
				PRODUCT_NAME = "$(TARGET_NAME)";
				SWIFT_EMIT_LOC_STRINGS = NO;
				SWIFT_VERSION = 5.0;
				TARGETED_DEVICE_FAMILY = "1,2";
				TEST_TARGET_NAME = FoodShop;
			};
			name = Debug;
		};
		84BBDEB92BC5566B00330CBE /* Release */ = {
			isa = XCBuildConfiguration;
			buildSettings = {
				ALWAYS_EMBED_SWIFT_STANDARD_LIBRARIES = YES;
				CODE_SIGN_STYLE = Automatic;
				CURRENT_PROJECT_VERSION = 1;
				DEVELOPMENT_TEAM = DFVUWR494M;
				GENERATE_INFOPLIST_FILE = YES;
				MARKETING_VERSION = 1.0;
				PRODUCT_BUNDLE_IDENTIFIER = com.nazarKuznetsov.FoodShopUITests;
				PRODUCT_NAME = "$(TARGET_NAME)";
				SWIFT_EMIT_LOC_STRINGS = NO;
				SWIFT_VERSION = 5.0;
				TARGETED_DEVICE_FAMILY = "1,2";
				TEST_TARGET_NAME = FoodShop;
			};
			name = Release;
		};
/* End XCBuildConfiguration section */

/* Begin XCConfigurationList section */
		84BBDE882BC5566300330CBE /* Build configuration list for PBXProject "FoodShop" */ = {
			isa = XCConfigurationList;
			buildConfigurations = (
				84BBDEAF2BC5566B00330CBE /* Debug */,
				84BBDEB02BC5566B00330CBE /* Release */,
			);
			defaultConfigurationIsVisible = 0;
			defaultConfigurationName = Release;
		};
		84BBDEB12BC5566B00330CBE /* Build configuration list for PBXNativeTarget "FoodShop" */ = {
			isa = XCConfigurationList;
			buildConfigurations = (
				84BBDEB22BC5566B00330CBE /* Debug */,
				84BBDEB32BC5566B00330CBE /* Release */,
			);
			defaultConfigurationIsVisible = 0;
			defaultConfigurationName = Release;
		};
		84BBDEB42BC5566B00330CBE /* Build configuration list for PBXNativeTarget "FoodShopTests" */ = {
			isa = XCConfigurationList;
			buildConfigurations = (
				84BBDEB52BC5566B00330CBE /* Debug */,
				84BBDEB62BC5566B00330CBE /* Release */,
			);
			defaultConfigurationIsVisible = 0;
			defaultConfigurationName = Release;
		};
		84BBDEB72BC5566B00330CBE /* Build configuration list for PBXNativeTarget "FoodShopUITests" */ = {
			isa = XCConfigurationList;
			buildConfigurations = (
				84BBDEB82BC5566B00330CBE /* Debug */,
				84BBDEB92BC5566B00330CBE /* Release */,
			);
			defaultConfigurationIsVisible = 0;
			defaultConfigurationName = Release;
		};
/* End XCConfigurationList section */
	};
	rootObject = 84BBDE852BC5566300330CBE /* Project object */;
}
