// !$*UTF8*$!
{
	archiveVersion = 1;
	classes = {
	};
	objectVersion = 56;
	objects = {

/* Begin PBXBuildFile section */
		84623A5F2AE27F350091D683 /* SearchYouApp.swift in Sources */ = {isa = PBXBuildFile; fileRef = 84623A5E2AE27F350091D683 /* SearchYouApp.swift */; };
		84623A612AE27F350091D683 /* ContentView.swift in Sources */ = {isa = PBXBuildFile; fileRef = 84623A602AE27F350091D683 /* ContentView.swift */; };
		84623A632AE27F380091D683 /* Assets.xcassets in Resources */ = {isa = PBXBuildFile; fileRef = 84623A622AE27F380091D683 /* Assets.xcassets */; };
		84623A662AE27F380091D683 /* Preview Assets.xcassets in Resources */ = {isa = PBXBuildFile; fileRef = 84623A652AE27F380091D683 /* Preview Assets.xcassets */; };
		84623A702AE27F390091D683 /* SearchYouTests.swift in Sources */ = {isa = PBXBuildFile; fileRef = 84623A6F2AE27F390091D683 /* SearchYouTests.swift */; };
		84623A7A2AE27F390091D683 /* SearchYouUITests.swift in Sources */ = {isa = PBXBuildFile; fileRef = 84623A792AE27F390091D683 /* SearchYouUITests.swift */; };
		84623A7C2AE27F390091D683 /* SearchYouUITestsLaunchTests.swift in Sources */ = {isa = PBXBuildFile; fileRef = 84623A7B2AE27F390091D683 /* SearchYouUITestsLaunchTests.swift */; };
/* End PBXBuildFile section */

/* Begin PBXContainerItemProxy section */
		84623A6C2AE27F390091D683 /* PBXContainerItemProxy */ = {
			isa = PBXContainerItemProxy;
			containerPortal = 84623A532AE27F350091D683 /* Project object */;
			proxyType = 1;
			remoteGlobalIDString = 84623A5A2AE27F350091D683;
			remoteInfo = SearchYou;
		};
		84623A762AE27F390091D683 /* PBXContainerItemProxy */ = {
			isa = PBXContainerItemProxy;
			containerPortal = 84623A532AE27F350091D683 /* Project object */;
			proxyType = 1;
			remoteGlobalIDString = 84623A5A2AE27F350091D683;
			remoteInfo = SearchYou;
		};
/* End PBXContainerItemProxy section */

/* Begin PBXFileReference section */
		84623A5B2AE27F350091D683 /* SearchYou.app */ = {isa = PBXFileReference; explicitFileType = wrapper.application; includeInIndex = 0; path = SearchYou.app; sourceTree = BUILT_PRODUCTS_DIR; };
		84623A5E2AE27F350091D683 /* SearchYouApp.swift */ = {isa = PBXFileReference; lastKnownFileType = sourcecode.swift; path = SearchYouApp.swift; sourceTree = "<group>"; };
		84623A602AE27F350091D683 /* ContentView.swift */ = {isa = PBXFileReference; lastKnownFileType = sourcecode.swift; path = ContentView.swift; sourceTree = "<group>"; };
		84623A622AE27F380091D683 /* Assets.xcassets */ = {isa = PBXFileReference; lastKnownFileType = folder.assetcatalog; path = Assets.xcassets; sourceTree = "<group>"; };
		84623A652AE27F380091D683 /* Preview Assets.xcassets */ = {isa = PBXFileReference; lastKnownFileType = folder.assetcatalog; path = "Preview Assets.xcassets"; sourceTree = "<group>"; };
		84623A6B2AE27F390091D683 /* SearchYouTests.xctest */ = {isa = PBXFileReference; explicitFileType = wrapper.cfbundle; includeInIndex = 0; path = SearchYouTests.xctest; sourceTree = BUILT_PRODUCTS_DIR; };
		84623A6F2AE27F390091D683 /* SearchYouTests.swift */ = {isa = PBXFileReference; lastKnownFileType = sourcecode.swift; path = SearchYouTests.swift; sourceTree = "<group>"; };
		84623A752AE27F390091D683 /* SearchYouUITests.xctest */ = {isa = PBXFileReference; explicitFileType = wrapper.cfbundle; includeInIndex = 0; path = SearchYouUITests.xctest; sourceTree = BUILT_PRODUCTS_DIR; };
		84623A792AE27F390091D683 /* SearchYouUITests.swift */ = {isa = PBXFileReference; lastKnownFileType = sourcecode.swift; path = SearchYouUITests.swift; sourceTree = "<group>"; };
		84623A7B2AE27F390091D683 /* SearchYouUITestsLaunchTests.swift */ = {isa = PBXFileReference; lastKnownFileType = sourcecode.swift; path = SearchYouUITestsLaunchTests.swift; sourceTree = "<group>"; };
/* End PBXFileReference section */

/* Begin PBXFrameworksBuildPhase section */
		84623A582AE27F350091D683 /* Frameworks */ = {
			isa = PBXFrameworksBuildPhase;
			buildActionMask = 2147483647;
			files = (
			);
			runOnlyForDeploymentPostprocessing = 0;
		};
		84623A682AE27F390091D683 /* Frameworks */ = {
			isa = PBXFrameworksBuildPhase;
			buildActionMask = 2147483647;
			files = (
			);
			runOnlyForDeploymentPostprocessing = 0;
		};
		84623A722AE27F390091D683 /* Frameworks */ = {
			isa = PBXFrameworksBuildPhase;
			buildActionMask = 2147483647;
			files = (
			);
			runOnlyForDeploymentPostprocessing = 0;
		};
/* End PBXFrameworksBuildPhase section */

/* Begin PBXGroup section */
		84623A522AE27F350091D683 = {
			isa = PBXGroup;
			children = (
				84623A5D2AE27F350091D683 /* SearchYou */,
				84623A6E2AE27F390091D683 /* SearchYouTests */,
				84623A782AE27F390091D683 /* SearchYouUITests */,
				84623A5C2AE27F350091D683 /* Products */,
			);
			sourceTree = "<group>";
		};
		84623A5C2AE27F350091D683 /* Products */ = {
			isa = PBXGroup;
			children = (
				84623A5B2AE27F350091D683 /* SearchYou.app */,
				84623A6B2AE27F390091D683 /* SearchYouTests.xctest */,
				84623A752AE27F390091D683 /* SearchYouUITests.xctest */,
			);
			name = Products;
			sourceTree = "<group>";
		};
		84623A5D2AE27F350091D683 /* SearchYou */ = {
			isa = PBXGroup;
			children = (
				84623A5E2AE27F350091D683 /* SearchYouApp.swift */,
				84623A602AE27F350091D683 /* ContentView.swift */,
				84623A622AE27F380091D683 /* Assets.xcassets */,
				84623A642AE27F380091D683 /* Preview Content */,
			);
			path = SearchYou;
			sourceTree = "<group>";
		};
		84623A642AE27F380091D683 /* Preview Content */ = {
			isa = PBXGroup;
			children = (
				84623A652AE27F380091D683 /* Preview Assets.xcassets */,
			);
			path = "Preview Content";
			sourceTree = "<group>";
		};
		84623A6E2AE27F390091D683 /* SearchYouTests */ = {
			isa = PBXGroup;
			children = (
				84623A6F2AE27F390091D683 /* SearchYouTests.swift */,
			);
			path = SearchYouTests;
			sourceTree = "<group>";
		};
		84623A782AE27F390091D683 /* SearchYouUITests */ = {
			isa = PBXGroup;
			children = (
				84623A792AE27F390091D683 /* SearchYouUITests.swift */,
				84623A7B2AE27F390091D683 /* SearchYouUITestsLaunchTests.swift */,
			);
			path = SearchYouUITests;
			sourceTree = "<group>";
		};
/* End PBXGroup section */

/* Begin PBXNativeTarget section */
		84623A5A2AE27F350091D683 /* SearchYou */ = {
			isa = PBXNativeTarget;
			buildConfigurationList = 84623A7F2AE27F390091D683 /* Build configuration list for PBXNativeTarget "SearchYou" */;
			buildPhases = (
				84623A572AE27F350091D683 /* Sources */,
				84623A582AE27F350091D683 /* Frameworks */,
				84623A592AE27F350091D683 /* Resources */,
			);
			buildRules = (
			);
			dependencies = (
			);
			name = SearchYou;
			productName = SearchYou;
			productReference = 84623A5B2AE27F350091D683 /* SearchYou.app */;
			productType = "com.apple.product-type.application";
		};
		84623A6A2AE27F390091D683 /* SearchYouTests */ = {
			isa = PBXNativeTarget;
			buildConfigurationList = 84623A822AE27F390091D683 /* Build configuration list for PBXNativeTarget "SearchYouTests" */;
			buildPhases = (
				84623A672AE27F390091D683 /* Sources */,
				84623A682AE27F390091D683 /* Frameworks */,
				84623A692AE27F390091D683 /* Resources */,
			);
			buildRules = (
			);
			dependencies = (
				84623A6D2AE27F390091D683 /* PBXTargetDependency */,
			);
			name = SearchYouTests;
			productName = SearchYouTests;
			productReference = 84623A6B2AE27F390091D683 /* SearchYouTests.xctest */;
			productType = "com.apple.product-type.bundle.unit-test";
		};
		84623A742AE27F390091D683 /* SearchYouUITests */ = {
			isa = PBXNativeTarget;
			buildConfigurationList = 84623A852AE27F390091D683 /* Build configuration list for PBXNativeTarget "SearchYouUITests" */;
			buildPhases = (
				84623A712AE27F390091D683 /* Sources */,
				84623A722AE27F390091D683 /* Frameworks */,
				84623A732AE27F390091D683 /* Resources */,
			);
			buildRules = (
			);
			dependencies = (
				84623A772AE27F390091D683 /* PBXTargetDependency */,
			);
			name = SearchYouUITests;
			productName = SearchYouUITests;
			productReference = 84623A752AE27F390091D683 /* SearchYouUITests.xctest */;
			productType = "com.apple.product-type.bundle.ui-testing";
		};
/* End PBXNativeTarget section */

/* Begin PBXProject section */
		84623A532AE27F350091D683 /* Project object */ = {
			isa = PBXProject;
			attributes = {
				BuildIndependentTargetsInParallel = 1;
				LastSwiftUpdateCheck = 1500;
				LastUpgradeCheck = 1500;
				TargetAttributes = {
					84623A5A2AE27F350091D683 = {
						CreatedOnToolsVersion = 15.0;
					};
					84623A6A2AE27F390091D683 = {
						CreatedOnToolsVersion = 15.0;
						TestTargetID = 84623A5A2AE27F350091D683;
					};
					84623A742AE27F390091D683 = {
						CreatedOnToolsVersion = 15.0;
						TestTargetID = 84623A5A2AE27F350091D683;
					};
				};
			};
			buildConfigurationList = 84623A562AE27F350091D683 /* Build configuration list for PBXProject "SearchYou" */;
			compatibilityVersion = "Xcode 14.0";
			developmentRegion = en;
			hasScannedForEncodings = 0;
			knownRegions = (
				en,
				Base,
			);
			mainGroup = 84623A522AE27F350091D683;
			productRefGroup = 84623A5C2AE27F350091D683 /* Products */;
			projectDirPath = "";
			projectRoot = "";
			targets = (
				84623A5A2AE27F350091D683 /* SearchYou */,
				84623A6A2AE27F390091D683 /* SearchYouTests */,
				84623A742AE27F390091D683 /* SearchYouUITests */,
			);
		};
/* End PBXProject section */

/* Begin PBXResourcesBuildPhase section */
		84623A592AE27F350091D683 /* Resources */ = {
			isa = PBXResourcesBuildPhase;
			buildActionMask = 2147483647;
			files = (
				84623A662AE27F380091D683 /* Preview Assets.xcassets in Resources */,
				84623A632AE27F380091D683 /* Assets.xcassets in Resources */,
			);
			runOnlyForDeploymentPostprocessing = 0;
		};
		84623A692AE27F390091D683 /* Resources */ = {
			isa = PBXResourcesBuildPhase;
			buildActionMask = 2147483647;
			files = (
			);
			runOnlyForDeploymentPostprocessing = 0;
		};
		84623A732AE27F390091D683 /* Resources */ = {
			isa = PBXResourcesBuildPhase;
			buildActionMask = 2147483647;
			files = (
			);
			runOnlyForDeploymentPostprocessing = 0;
		};
/* End PBXResourcesBuildPhase section */

/* Begin PBXSourcesBuildPhase section */
		84623A572AE27F350091D683 /* Sources */ = {
			isa = PBXSourcesBuildPhase;
			buildActionMask = 2147483647;
			files = (
				84623A612AE27F350091D683 /* ContentView.swift in Sources */,
				84623A5F2AE27F350091D683 /* SearchYouApp.swift in Sources */,
			);
			runOnlyForDeploymentPostprocessing = 0;
		};
		84623A672AE27F390091D683 /* Sources */ = {
			isa = PBXSourcesBuildPhase;
			buildActionMask = 2147483647;
			files = (
				84623A702AE27F390091D683 /* SearchYouTests.swift in Sources */,
			);
			runOnlyForDeploymentPostprocessing = 0;
		};
		84623A712AE27F390091D683 /* Sources */ = {
			isa = PBXSourcesBuildPhase;
			buildActionMask = 2147483647;
			files = (
				84623A7C2AE27F390091D683 /* SearchYouUITestsLaunchTests.swift in Sources */,
				84623A7A2AE27F390091D683 /* SearchYouUITests.swift in Sources */,
			);
			runOnlyForDeploymentPostprocessing = 0;
		};
/* End PBXSourcesBuildPhase section */

/* Begin PBXTargetDependency section */
		84623A6D2AE27F390091D683 /* PBXTargetDependency */ = {
			isa = PBXTargetDependency;
			target = 84623A5A2AE27F350091D683 /* SearchYou */;
			targetProxy = 84623A6C2AE27F390091D683 /* PBXContainerItemProxy */;
		};
		84623A772AE27F390091D683 /* PBXTargetDependency */ = {
			isa = PBXTargetDependency;
			target = 84623A5A2AE27F350091D683 /* SearchYou */;
			targetProxy = 84623A762AE27F390091D683 /* PBXContainerItemProxy */;
		};
/* End PBXTargetDependency section */

/* Begin XCBuildConfiguration section */
		84623A7D2AE27F390091D683 /* Debug */ = {
			isa = XCBuildConfiguration;
			buildSettings = {
				ALWAYS_SEARCH_USER_PATHS = NO;
				ASSETCATALOG_COMPILER_GENERATE_SWIFT_ASSET_SYMBOL_EXTENSIONS = YES;
				CLANG_ANALYZER_NONNULL = YES;
				CLANG_ANALYZER_NUMBER_OBJECT_CONVERSION = YES_AGGRESSIVE;
				CLANG_CXX_LANGUAGE_STANDARD = "gnu++20";
				CLANG_ENABLE_MODULES = YES;
				CLANG_ENABLE_OBJC_ARC = YES;
				CLANG_ENABLE_OBJC_WEAK = YES;
				CLANG_WARN_BLOCK_CAPTURE_AUTORELEASING = YES;
				CLANG_WARN_BOOL_CONVERSION = YES;
				CLANG_WARN_COMMA = YES;
				CLANG_WARN_CONSTANT_CONVERSION = YES;
				CLANG_WARN_DEPRECATED_OBJC_IMPLEMENTATIONS = YES;
				CLANG_WARN_DIRECT_OBJC_ISA_USAGE = YES_ERROR;
				CLANG_WARN_DOCUMENTATION_COMMENTS = YES;
				CLANG_WARN_EMPTY_BODY = YES;
				CLANG_WARN_ENUM_CONVERSION = YES;
				CLANG_WARN_INFINITE_RECURSION = YES;
				CLANG_WARN_INT_CONVERSION = YES;
				CLANG_WARN_NON_LITERAL_NULL_CONVERSION = YES;
				CLANG_WARN_OBJC_IMPLICIT_RETAIN_SELF = YES;
				CLANG_WARN_OBJC_LITERAL_CONVERSION = YES;
				CLANG_WARN_OBJC_ROOT_CLASS = YES_ERROR;
				CLANG_WARN_QUOTED_INCLUDE_IN_FRAMEWORK_HEADER = YES;
				CLANG_WARN_RANGE_LOOP_ANALYSIS = YES;
				CLANG_WARN_STRICT_PROTOTYPES = YES;
				CLANG_WARN_SUSPICIOUS_MOVE = YES;
				CLANG_WARN_UNGUARDED_AVAILABILITY = YES_AGGRESSIVE;
				CLANG_WARN_UNREACHABLE_CODE = YES;
				CLANG_WARN__DUPLICATE_METHOD_MATCH = YES;
				COPY_PHASE_STRIP = NO;
				DEBUG_INFORMATION_FORMAT = dwarf;
				ENABLE_STRICT_OBJC_MSGSEND = YES;
				ENABLE_TESTABILITY = YES;
				ENABLE_USER_SCRIPT_SANDBOXING = YES;
				GCC_C_LANGUAGE_STANDARD = gnu17;
				GCC_DYNAMIC_NO_PIC = NO;
				GCC_NO_COMMON_BLOCKS = YES;
				GCC_OPTIMIZATION_LEVEL = 0;
				GCC_PREPROCESSOR_DEFINITIONS = (
					"DEBUG=1",
					"$(inherited)",
				);
				GCC_WARN_64_TO_32_BIT_CONVERSION = YES;
				GCC_WARN_ABOUT_RETURN_TYPE = YES_ERROR;
				GCC_WARN_UNDECLARED_SELECTOR = YES;
				GCC_WARN_UNINITIALIZED_AUTOS = YES_AGGRESSIVE;
				GCC_WARN_UNUSED_FUNCTION = YES;
				GCC_WARN_UNUSED_VARIABLE = YES;
				IPHONEOS_DEPLOYMENT_TARGET = 17.0;
				LOCALIZATION_PREFERS_STRING_CATALOGS = YES;
				MTL_ENABLE_DEBUG_INFO = INCLUDE_SOURCE;
				MTL_FAST_MATH = YES;
				ONLY_ACTIVE_ARCH = YES;
				SDKROOT = iphoneos;
				SWIFT_ACTIVE_COMPILATION_CONDITIONS = "DEBUG $(inherited)";
				SWIFT_OPTIMIZATION_LEVEL = "-Onone";
			};
			name = Debug;
		};
		84623A7E2AE27F390091D683 /* Release */ = {
			isa = XCBuildConfiguration;
			buildSettings = {
				ALWAYS_SEARCH_USER_PATHS = NO;
				ASSETCATALOG_COMPILER_GENERATE_SWIFT_ASSET_SYMBOL_EXTENSIONS = YES;
				CLANG_ANALYZER_NONNULL = YES;
				CLANG_ANALYZER_NUMBER_OBJECT_CONVERSION = YES_AGGRESSIVE;
				CLANG_CXX_LANGUAGE_STANDARD = "gnu++20";
				CLANG_ENABLE_MODULES = YES;
				CLANG_ENABLE_OBJC_ARC = YES;
				CLANG_ENABLE_OBJC_WEAK = YES;
				CLANG_WARN_BLOCK_CAPTURE_AUTORELEASING = YES;
				CLANG_WARN_BOOL_CONVERSION = YES;
				CLANG_WARN_COMMA = YES;
				CLANG_WARN_CONSTANT_CONVERSION = YES;
				CLANG_WARN_DEPRECATED_OBJC_IMPLEMENTATIONS = YES;
				CLANG_WARN_DIRECT_OBJC_ISA_USAGE = YES_ERROR;
				CLANG_WARN_DOCUMENTATION_COMMENTS = YES;
				CLANG_WARN_EMPTY_BODY = YES;
				CLANG_WARN_ENUM_CONVERSION = YES;
				CLANG_WARN_INFINITE_RECURSION = YES;
				CLANG_WARN_INT_CONVERSION = YES;
				CLANG_WARN_NON_LITERAL_NULL_CONVERSION = YES;
				CLANG_WARN_OBJC_IMPLICIT_RETAIN_SELF = YES;
				CLANG_WARN_OBJC_LITERAL_CONVERSION = YES;
				CLANG_WARN_OBJC_ROOT_CLASS = YES_ERROR;
				CLANG_WARN_QUOTED_INCLUDE_IN_FRAMEWORK_HEADER = YES;
				CLANG_WARN_RANGE_LOOP_ANALYSIS = YES;
				CLANG_WARN_STRICT_PROTOTYPES = YES;
				CLANG_WARN_SUSPICIOUS_MOVE = YES;
				CLANG_WARN_UNGUARDED_AVAILABILITY = YES_AGGRESSIVE;
				CLANG_WARN_UNREACHABLE_CODE = YES;
				CLANG_WARN__DUPLICATE_METHOD_MATCH = YES;
				COPY_PHASE_STRIP = NO;
				DEBUG_INFORMATION_FORMAT = "dwarf-with-dsym";
				ENABLE_NS_ASSERTIONS = NO;
				ENABLE_STRICT_OBJC_MSGSEND = YES;
				ENABLE_USER_SCRIPT_SANDBOXING = YES;
				GCC_C_LANGUAGE_STANDARD = gnu17;
				GCC_NO_COMMON_BLOCKS = YES;
				GCC_WARN_64_TO_32_BIT_CONVERSION = YES;
				GCC_WARN_ABOUT_RETURN_TYPE = YES_ERROR;
				GCC_WARN_UNDECLARED_SELECTOR = YES;
				GCC_WARN_UNINITIALIZED_AUTOS = YES_AGGRESSIVE;
				GCC_WARN_UNUSED_FUNCTION = YES;
				GCC_WARN_UNUSED_VARIABLE = YES;
				IPHONEOS_DEPLOYMENT_TARGET = 17.0;
				LOCALIZATION_PREFERS_STRING_CATALOGS = YES;
				MTL_ENABLE_DEBUG_INFO = NO;
				MTL_FAST_MATH = YES;
				SDKROOT = iphoneos;
				SWIFT_COMPILATION_MODE = wholemodule;
				VALIDATE_PRODUCT = YES;
			};
			name = Release;
		};
		84623A802AE27F390091D683 /* Debug */ = {
			isa = XCBuildConfiguration;
			buildSettings = {
				ASSETCATALOG_COMPILER_APPICON_NAME = AppIcon;
				ASSETCATALOG_COMPILER_GLOBAL_ACCENT_COLOR_NAME = AccentColor;
				CODE_SIGN_STYLE = Automatic;
				CURRENT_PROJECT_VERSION = 1;
				DEVELOPMENT_ASSET_PATHS = "\"SearchYou/Preview Content\"";
				DEVELOPMENT_TEAM = DFVUWR494M;
				ENABLE_PREVIEWS = YES;
				GENERATE_INFOPLIST_FILE = YES;
				INFOPLIST_KEY_UIApplicationSceneManifest_Generation = YES;
				INFOPLIST_KEY_UIApplicationSupportsIndirectInputEvents = YES;
				INFOPLIST_KEY_UILaunchScreen_Generation = YES;
				INFOPLIST_KEY_UISupportedInterfaceOrientations_iPad = "UIInterfaceOrientationPortrait UIInterfaceOrientationPortraitUpsideDown UIInterfaceOrientationLandscapeLeft UIInterfaceOrientationLandscapeRight";
				INFOPLIST_KEY_UISupportedInterfaceOrientations_iPhone = "UIInterfaceOrientationPortrait UIInterfaceOrientationLandscapeLeft UIInterfaceOrientationLandscapeRight";
				LD_RUNPATH_SEARCH_PATHS = (
					"$(inherited)",
					"@executable_path/Frameworks",
				);
				MARKETING_VERSION = 1.0;
				PRODUCT_BUNDLE_IDENTIFIER = com.nazarKuznetsov.SearchYou;
				PRODUCT_NAME = "$(TARGET_NAME)";
				SWIFT_EMIT_LOC_STRINGS = YES;
				SWIFT_VERSION = 5.0;
				TARGETED_DEVICE_FAMILY = "1,2";
			};
			name = Debug;
		};
		84623A812AE27F390091D683 /* Release */ = {
			isa = XCBuildConfiguration;
			buildSettings = {
				ASSETCATALOG_COMPILER_APPICON_NAME = AppIcon;
				ASSETCATALOG_COMPILER_GLOBAL_ACCENT_COLOR_NAME = AccentColor;
				CODE_SIGN_STYLE = Automatic;
				CURRENT_PROJECT_VERSION = 1;
				DEVELOPMENT_ASSET_PATHS = "\"SearchYou/Preview Content\"";
				DEVELOPMENT_TEAM = DFVUWR494M;
				ENABLE_PREVIEWS = YES;
				GENERATE_INFOPLIST_FILE = YES;
				INFOPLIST_KEY_UIApplicationSceneManifest_Generation = YES;
				INFOPLIST_KEY_UIApplicationSupportsIndirectInputEvents = YES;
				INFOPLIST_KEY_UILaunchScreen_Generation = YES;
				INFOPLIST_KEY_UISupportedInterfaceOrientations_iPad = "UIInterfaceOrientationPortrait UIInterfaceOrientationPortraitUpsideDown UIInterfaceOrientationLandscapeLeft UIInterfaceOrientationLandscapeRight";
				INFOPLIST_KEY_UISupportedInterfaceOrientations_iPhone = "UIInterfaceOrientationPortrait UIInterfaceOrientationLandscapeLeft UIInterfaceOrientationLandscapeRight";
				LD_RUNPATH_SEARCH_PATHS = (
					"$(inherited)",
					"@executable_path/Frameworks",
				);
				MARKETING_VERSION = 1.0;
				PRODUCT_BUNDLE_IDENTIFIER = com.nazarKuznetsov.SearchYou;
				PRODUCT_NAME = "$(TARGET_NAME)";
				SWIFT_EMIT_LOC_STRINGS = YES;
				SWIFT_VERSION = 5.0;
				TARGETED_DEVICE_FAMILY = "1,2";
			};
			name = Release;
		};
		84623A832AE27F390091D683 /* Debug */ = {
			isa = XCBuildConfiguration;
			buildSettings = {
				ALWAYS_EMBED_SWIFT_STANDARD_LIBRARIES = YES;
				BUNDLE_LOADER = "$(TEST_HOST)";
				CODE_SIGN_STYLE = Automatic;
				CURRENT_PROJECT_VERSION = 1;
				DEVELOPMENT_TEAM = DFVUWR494M;
				GENERATE_INFOPLIST_FILE = YES;
				IPHONEOS_DEPLOYMENT_TARGET = 17.0;
				MARKETING_VERSION = 1.0;
				PRODUCT_BUNDLE_IDENTIFIER = com.nazarKuznetsov.SearchYouTests;
				PRODUCT_NAME = "$(TARGET_NAME)";
				SWIFT_EMIT_LOC_STRINGS = NO;
				SWIFT_VERSION = 5.0;
				TARGETED_DEVICE_FAMILY = "1,2";
				TEST_HOST = "$(BUILT_PRODUCTS_DIR)/SearchYou.app/$(BUNDLE_EXECUTABLE_FOLDER_PATH)/SearchYou";
			};
			name = Debug;
		};
		84623A842AE27F390091D683 /* Release */ = {
			isa = XCBuildConfiguration;
			buildSettings = {
				ALWAYS_EMBED_SWIFT_STANDARD_LIBRARIES = YES;
				BUNDLE_LOADER = "$(TEST_HOST)";
				CODE_SIGN_STYLE = Automatic;
				CURRENT_PROJECT_VERSION = 1;
				DEVELOPMENT_TEAM = DFVUWR494M;
				GENERATE_INFOPLIST_FILE = YES;
				IPHONEOS_DEPLOYMENT_TARGET = 17.0;
				MARKETING_VERSION = 1.0;
				PRODUCT_BUNDLE_IDENTIFIER = com.nazarKuznetsov.SearchYouTests;
				PRODUCT_NAME = "$(TARGET_NAME)";
				SWIFT_EMIT_LOC_STRINGS = NO;
				SWIFT_VERSION = 5.0;
				TARGETED_DEVICE_FAMILY = "1,2";
				TEST_HOST = "$(BUILT_PRODUCTS_DIR)/SearchYou.app/$(BUNDLE_EXECUTABLE_FOLDER_PATH)/SearchYou";
			};
			name = Release;
		};
		84623A862AE27F390091D683 /* Debug */ = {
			isa = XCBuildConfiguration;
			buildSettings = {
				ALWAYS_EMBED_SWIFT_STANDARD_LIBRARIES = YES;
				CODE_SIGN_STYLE = Automatic;
				CURRENT_PROJECT_VERSION = 1;
				DEVELOPMENT_TEAM = DFVUWR494M;
				GENERATE_INFOPLIST_FILE = YES;
				MARKETING_VERSION = 1.0;
				PRODUCT_BUNDLE_IDENTIFIER = com.nazarKuznetsov.SearchYouUITests;
				PRODUCT_NAME = "$(TARGET_NAME)";
				SWIFT_EMIT_LOC_STRINGS = NO;
				SWIFT_VERSION = 5.0;
				TARGETED_DEVICE_FAMILY = "1,2";
				TEST_TARGET_NAME = SearchYou;
			};
			name = Debug;
		};
		84623A872AE27F390091D683 /* Release */ = {
			isa = XCBuildConfiguration;
			buildSettings = {
				ALWAYS_EMBED_SWIFT_STANDARD_LIBRARIES = YES;
				CODE_SIGN_STYLE = Automatic;
				CURRENT_PROJECT_VERSION = 1;
				DEVELOPMENT_TEAM = DFVUWR494M;
				GENERATE_INFOPLIST_FILE = YES;
				MARKETING_VERSION = 1.0;
				PRODUCT_BUNDLE_IDENTIFIER = com.nazarKuznetsov.SearchYouUITests;
				PRODUCT_NAME = "$(TARGET_NAME)";
				SWIFT_EMIT_LOC_STRINGS = NO;
				SWIFT_VERSION = 5.0;
				TARGETED_DEVICE_FAMILY = "1,2";
				TEST_TARGET_NAME = SearchYou;
			};
			name = Release;
		};
/* End XCBuildConfiguration section */

/* Begin XCConfigurationList section */
		84623A562AE27F350091D683 /* Build configuration list for PBXProject "SearchYou" */ = {
			isa = XCConfigurationList;
			buildConfigurations = (
				84623A7D2AE27F390091D683 /* Debug */,
				84623A7E2AE27F390091D683 /* Release */,
			);
			defaultConfigurationIsVisible = 0;
			defaultConfigurationName = Release;
		};
		84623A7F2AE27F390091D683 /* Build configuration list for PBXNativeTarget "SearchYou" */ = {
			isa = XCConfigurationList;
			buildConfigurations = (
				84623A802AE27F390091D683 /* Debug */,
				84623A812AE27F390091D683 /* Release */,
			);
			defaultConfigurationIsVisible = 0;
			defaultConfigurationName = Release;
		};
		84623A822AE27F390091D683 /* Build configuration list for PBXNativeTarget "SearchYouTests" */ = {
			isa = XCConfigurationList;
			buildConfigurations = (
				84623A832AE27F390091D683 /* Debug */,
				84623A842AE27F390091D683 /* Release */,
			);
			defaultConfigurationIsVisible = 0;
			defaultConfigurationName = Release;
		};
		84623A852AE27F390091D683 /* Build configuration list for PBXNativeTarget "SearchYouUITests" */ = {
			isa = XCConfigurationList;
			buildConfigurations = (
				84623A862AE27F390091D683 /* Debug */,
				84623A872AE27F390091D683 /* Release */,
			);
			defaultConfigurationIsVisible = 0;
			defaultConfigurationName = Release;
		};
/* End XCConfigurationList section */
	};
	rootObject = 84623A532AE27F350091D683 /* Project object */;
}
