// !$*UTF8*$!
{
	archiveVersion = 1;
	classes = {
	};
	objectVersion = 56;
	objects = {

/* Begin PBXBuildFile section */
		8412CFAD2A9B6B0A004A780A /* ContentView.swift in Sources */ = {isa = PBXBuildFile; fileRef = 8412CFAC2A9B6B0A004A780A /* ContentView.swift */; };
		8412CFAF2A9B6B0E004A780A /* Assets.xcassets in Resources */ = {isa = PBXBuildFile; fileRef = 8412CFAE2A9B6B0E004A780A /* Assets.xcassets */; };
		8412CFB22A9B6B0E004A780A /* Preview Assets.xcassets in Resources */ = {isa = PBXBuildFile; fileRef = 8412CFB12A9B6B0E004A780A /* Preview Assets.xcassets */; };
		8412CFB72A9B6C55004A780A /* hikeData.json in Resources */ = {isa = PBXBuildFile; fileRef = 84A7CAC12A99C7D1000D95F2 /* hikeData.json */; };
		8412CFB82A9B6C55004A780A /* ModelData.swift in Sources */ = {isa = PBXBuildFile; fileRef = 846432722A9766E700FF9B4C /* ModelData.swift */; };
		8412CFB92A9B6C55004A780A /* Profile.swift in Sources */ = {isa = PBXBuildFile; fileRef = 84A7CAD72A99E1D4000D95F2 /* Profile.swift */; };
		8412CFBA2A9B6C55004A780A /* LandmarksApp.swift in Sources */ = {isa = PBXBuildFile; fileRef = 8464325C2A9746F900FF9B4C /* LandmarksApp.swift */; };
		8412CFBB2A9B6C55004A780A /* Assets.xcassets in Resources */ = {isa = PBXBuildFile; fileRef = 846432602A9746FD00FF9B4C /* Assets.xcassets */; };
		8412CFBC2A9B6C55004A780A /* MapView.swift in Sources */ = {isa = PBXBuildFile; fileRef = 8464326C2A974FCA00FF9B4C /* MapView.swift */; };
		8412CFBD2A9B6C55004A780A /* Hike.swift in Sources */ = {isa = PBXBuildFile; fileRef = 84A7CAC32A99C7FE000D95F2 /* Hike.swift */; };
		8412CFBE2A9B6C55004A780A /* FavoriteButton.swift in Sources */ = {isa = PBXBuildFile; fileRef = 846432802A9799BA00FF9B4C /* FavoriteButton.swift */; };
		8412CFBF2A9B6C55004A780A /* LandmarkList.swift in Sources */ = {isa = PBXBuildFile; fileRef = 8464327C2A976C7300FF9B4C /* LandmarkList.swift */; };
		8412CFC02A9B6C55004A780A /* Landmark.swift in Sources */ = {isa = PBXBuildFile; fileRef = 846432702A97649100FF9B4C /* Landmark.swift */; };
		8412CFC12A9B6C55004A780A /* landmarkData.json in Resources */ = {isa = PBXBuildFile; fileRef = 8464326E2A97560000FF9B4C /* landmarkData.json */; };
		8412CFC22A9B6C55004A780A /* LandmarkRow.swift in Sources */ = {isa = PBXBuildFile; fileRef = 8464327A2A976A5700FF9B4C /* LandmarkRow.swift */; };
		8412CFC32A9B6C55004A780A /* CircleImage.swift in Sources */ = {isa = PBXBuildFile; fileRef = 8464326A2A974B5500FF9B4C /* CircleImage.swift */; };
		8412CFC92A9B6E33004A780A /* LandmarkDetail.swift in Sources */ = {isa = PBXBuildFile; fileRef = 8412CFC82A9B6E33004A780A /* LandmarkDetail.swift */; };
		8464325D2A9746F900FF9B4C /* LandmarksApp.swift in Sources */ = {isa = PBXBuildFile; fileRef = 8464325C2A9746F900FF9B4C /* LandmarksApp.swift */; };
		8464325F2A9746F900FF9B4C /* ContentView.swift in Sources */ = {isa = PBXBuildFile; fileRef = 8464325E2A9746F900FF9B4C /* ContentView.swift */; };
		846432612A9746FD00FF9B4C /* Assets.xcassets in Resources */ = {isa = PBXBuildFile; fileRef = 846432602A9746FD00FF9B4C /* Assets.xcassets */; };
		846432642A9746FD00FF9B4C /* Preview Assets.xcassets in Resources */ = {isa = PBXBuildFile; fileRef = 846432632A9746FD00FF9B4C /* Preview Assets.xcassets */; };
		8464326B2A974B5500FF9B4C /* CircleImage.swift in Sources */ = {isa = PBXBuildFile; fileRef = 8464326A2A974B5500FF9B4C /* CircleImage.swift */; };
		8464326D2A974FCA00FF9B4C /* MapView.swift in Sources */ = {isa = PBXBuildFile; fileRef = 8464326C2A974FCA00FF9B4C /* MapView.swift */; };
		8464326F2A97560000FF9B4C /* landmarkData.json in Resources */ = {isa = PBXBuildFile; fileRef = 8464326E2A97560000FF9B4C /* landmarkData.json */; };
		846432712A97649100FF9B4C /* Landmark.swift in Sources */ = {isa = PBXBuildFile; fileRef = 846432702A97649100FF9B4C /* Landmark.swift */; };
		846432732A9766E700FF9B4C /* ModelData.swift in Sources */ = {isa = PBXBuildFile; fileRef = 846432722A9766E700FF9B4C /* ModelData.swift */; };
		8464327B2A976A5700FF9B4C /* LandmarkRow.swift in Sources */ = {isa = PBXBuildFile; fileRef = 8464327A2A976A5700FF9B4C /* LandmarkRow.swift */; };
		8464327D2A976C7300FF9B4C /* LandmarkList.swift in Sources */ = {isa = PBXBuildFile; fileRef = 8464327C2A976C7300FF9B4C /* LandmarkList.swift */; };
		8464327F2A976EFA00FF9B4C /* LandmarkDetail.swift in Sources */ = {isa = PBXBuildFile; fileRef = 8464327E2A976EFA00FF9B4C /* LandmarkDetail.swift */; };
		846432812A9799BA00FF9B4C /* FavoriteButton.swift in Sources */ = {isa = PBXBuildFile; fileRef = 846432802A9799BA00FF9B4C /* FavoriteButton.swift */; };
		846432852A97A21600FF9B4C /* HexagonParameters.swift in Sources */ = {isa = PBXBuildFile; fileRef = 846432842A97A21600FF9B4C /* HexagonParameters.swift */; };
		846432872A97A5E600FF9B4C /* BadgeBackground.swift in Sources */ = {isa = PBXBuildFile; fileRef = 846432862A97A5E600FF9B4C /* BadgeBackground.swift */; };
		8482182C2A9CA33800E779FD /* LandmarkList.swift in Sources */ = {isa = PBXBuildFile; fileRef = 8482182B2A9CA33800E779FD /* LandmarkList.swift */; };
		8482182E2A9CAF1500E779FD /* LandmarkCommands.swift in Sources */ = {isa = PBXBuildFile; fileRef = 8482182D2A9CAF1500E779FD /* LandmarkCommands.swift */; };
		8482182F2A9CAF1500E779FD /* LandmarkCommands.swift in Sources */ = {isa = PBXBuildFile; fileRef = 8482182D2A9CAF1500E779FD /* LandmarkCommands.swift */; };
		84A7CABB2A99BFD8000D95F2 /* BadgeSymbol.swift in Sources */ = {isa = PBXBuildFile; fileRef = 84A7CABA2A99BFD8000D95F2 /* BadgeSymbol.swift */; };
		84A7CABD2A99C247000D95F2 /* RotatedBadgeSymbol.swift in Sources */ = {isa = PBXBuildFile; fileRef = 84A7CABC2A99C247000D95F2 /* RotatedBadgeSymbol.swift */; };
		84A7CABF2A99C4A3000D95F2 /* Badge.swift in Sources */ = {isa = PBXBuildFile; fileRef = 84A7CABE2A99C4A3000D95F2 /* Badge.swift */; };
		84A7CAC22A99C7D1000D95F2 /* hikeData.json in Resources */ = {isa = PBXBuildFile; fileRef = 84A7CAC12A99C7D1000D95F2 /* hikeData.json */; };
		84A7CAC42A99C7FE000D95F2 /* Hike.swift in Sources */ = {isa = PBXBuildFile; fileRef = 84A7CAC32A99C7FE000D95F2 /* Hike.swift */; };
		84A7CACC2A99C94C000D95F2 /* GraphCapsule.swift in Sources */ = {isa = PBXBuildFile; fileRef = 84A7CAC82A99C94B000D95F2 /* GraphCapsule.swift */; };
		84A7CACD2A99C94C000D95F2 /* HikeGraph.swift in Sources */ = {isa = PBXBuildFile; fileRef = 84A7CAC92A99C94B000D95F2 /* HikeGraph.swift */; };
		84A7CACE2A99C94C000D95F2 /* HikeDetail.swift in Sources */ = {isa = PBXBuildFile; fileRef = 84A7CACA2A99C94B000D95F2 /* HikeDetail.swift */; };
		84A7CACF2A99C94C000D95F2 /* HikeView.swift in Sources */ = {isa = PBXBuildFile; fileRef = 84A7CACB2A99C94B000D95F2 /* HikeView.swift */; };
		84A7CAD22A99D411000D95F2 /* CategoryHome.swift in Sources */ = {isa = PBXBuildFile; fileRef = 84A7CAD12A99D411000D95F2 /* CategoryHome.swift */; };
		84A7CAD42A99D790000D95F2 /* CategoryRow.swift in Sources */ = {isa = PBXBuildFile; fileRef = 84A7CAD32A99D790000D95F2 /* CategoryRow.swift */; };
		84A7CAD62A99D9E9000D95F2 /* CategoryItem.swift in Sources */ = {isa = PBXBuildFile; fileRef = 84A7CAD52A99D9E9000D95F2 /* CategoryItem.swift */; };
		84A7CAD82A99E1D4000D95F2 /* Profile.swift in Sources */ = {isa = PBXBuildFile; fileRef = 84A7CAD72A99E1D4000D95F2 /* Profile.swift */; };
		84A7CADB2A99E2D6000D95F2 /* ProfileHost.swift in Sources */ = {isa = PBXBuildFile; fileRef = 84A7CADA2A99E2D6000D95F2 /* ProfileHost.swift */; };
		84A7CADD2A99E32A000D95F2 /* ProfileSummary.swift in Sources */ = {isa = PBXBuildFile; fileRef = 84A7CADC2A99E32A000D95F2 /* ProfileSummary.swift */; };
		84A7CADF2A99E4BB000D95F2 /* HikesBadge.swift in Sources */ = {isa = PBXBuildFile; fileRef = 84A7CADE2A99E4BB000D95F2 /* HikesBadge.swift */; };
		84A7CAE12A99FD1E000D95F2 /* ProfileEditor.swift in Sources */ = {isa = PBXBuildFile; fileRef = 84A7CAE02A99FD1E000D95F2 /* ProfileEditor.swift */; };
		84A7CAE32A9B3C05000D95F2 /* PageViewController.swift in Sources */ = {isa = PBXBuildFile; fileRef = 84A7CAE22A9B3C05000D95F2 /* PageViewController.swift */; };
		84A7CAE52A9B3ECF000D95F2 /* FeatureCard.swift in Sources */ = {isa = PBXBuildFile; fileRef = 84A7CAE42A9B3ECF000D95F2 /* FeatureCard.swift */; };
		84A7CAE72A9B41A6000D95F2 /* PageView.swift in Sources */ = {isa = PBXBuildFile; fileRef = 84A7CAE62A9B41A6000D95F2 /* PageView.swift */; };
		84A7CAE92A9B4BCD000D95F2 /* PageControl.swift in Sources */ = {isa = PBXBuildFile; fileRef = 84A7CAE82A9B4BCD000D95F2 /* PageControl.swift */; };
		84A7CAF32A9B595F000D95F2 /* ContentView.swift in Sources */ = {isa = PBXBuildFile; fileRef = 84A7CAF22A9B595F000D95F2 /* ContentView.swift */; };
		84A7CAF52A9B5962000D95F2 /* Assets.xcassets in Resources */ = {isa = PBXBuildFile; fileRef = 84A7CAF42A9B5962000D95F2 /* Assets.xcassets */; };
		84A7CAF82A9B5962000D95F2 /* Preview Assets.xcassets in Resources */ = {isa = PBXBuildFile; fileRef = 84A7CAF72A9B5962000D95F2 /* Preview Assets.xcassets */; };
		84A7CAFC2A9B5AE8000D95F2 /* LandmarksApp.swift in Sources */ = {isa = PBXBuildFile; fileRef = 8464325C2A9746F900FF9B4C /* LandmarksApp.swift */; };
		84A7CAFD2A9B5D6E000D95F2 /* MapView.swift in Sources */ = {isa = PBXBuildFile; fileRef = 8464326C2A974FCA00FF9B4C /* MapView.swift */; };
		84A7CAFE2A9B5D6E000D95F2 /* CircleImage.swift in Sources */ = {isa = PBXBuildFile; fileRef = 8464326A2A974B5500FF9B4C /* CircleImage.swift */; };
		84A7CAFF2A9B5D6E000D95F2 /* Profile.swift in Sources */ = {isa = PBXBuildFile; fileRef = 84A7CAD72A99E1D4000D95F2 /* Profile.swift */; };
		84A7CB002A9B5D6E000D95F2 /* ModelData.swift in Sources */ = {isa = PBXBuildFile; fileRef = 846432722A9766E700FF9B4C /* ModelData.swift */; };
		84A7CB012A9B5D6E000D95F2 /* landmarkData.json in Resources */ = {isa = PBXBuildFile; fileRef = 8464326E2A97560000FF9B4C /* landmarkData.json */; };
		84A7CB032A9B5D6E000D95F2 /* Assets.xcassets in Resources */ = {isa = PBXBuildFile; fileRef = 846432602A9746FD00FF9B4C /* Assets.xcassets */; };
		84A7CB042A9B5D6E000D95F2 /* Landmark.swift in Sources */ = {isa = PBXBuildFile; fileRef = 846432702A97649100FF9B4C /* Landmark.swift */; };
		84A7CB052A9B5D6E000D95F2 /* hikeData.json in Resources */ = {isa = PBXBuildFile; fileRef = 84A7CAC12A99C7D1000D95F2 /* hikeData.json */; };
		84A7CB062A9B5D6E000D95F2 /* Hike.swift in Sources */ = {isa = PBXBuildFile; fileRef = 84A7CAC32A99C7FE000D95F2 /* Hike.swift */; };
		84A7CB072A9B5D6E000D95F2 /* LandmarkRow.swift in Sources */ = {isa = PBXBuildFile; fileRef = 8464327A2A976A5700FF9B4C /* LandmarkRow.swift */; };
		84A7CB092A9B5E44000D95F2 /* LandmarkDetail.swift in Sources */ = {isa = PBXBuildFile; fileRef = 84A7CB082A9B5E44000D95F2 /* LandmarkDetail.swift */; };
		84A7CB0B2A9B6383000D95F2 /* NotificationView.swift in Sources */ = {isa = PBXBuildFile; fileRef = 84A7CB0A2A9B6383000D95F2 /* NotificationView.swift */; };
		84A7CB0D2A9B6614000D95F2 /* NotificationController.swift in Sources */ = {isa = PBXBuildFile; fileRef = 84A7CB0C2A9B6614000D95F2 /* NotificationController.swift */; };
		84A7CB112A9B693E000D95F2 /* PushNotificationPayload.apns in Resources */ = {isa = PBXBuildFile; fileRef = 84A7CB102A9B693E000D95F2 /* PushNotificationPayload.apns */; };
/* End PBXBuildFile section */

/* Begin PBXFileReference section */
		8412CFA82A9B6B0A004A780A /* MacLandmarks.app */ = {isa = PBXFileReference; explicitFileType = wrapper.application; includeInIndex = 0; path = MacLandmarks.app; sourceTree = BUILT_PRODUCTS_DIR; };
		8412CFAC2A9B6B0A004A780A /* ContentView.swift */ = {isa = PBXFileReference; lastKnownFileType = sourcecode.swift; path = ContentView.swift; sourceTree = "<group>"; };
		8412CFAE2A9B6B0E004A780A /* Assets.xcassets */ = {isa = PBXFileReference; lastKnownFileType = folder.assetcatalog; path = Assets.xcassets; sourceTree = "<group>"; };
		8412CFB12A9B6B0E004A780A /* Preview Assets.xcassets */ = {isa = PBXFileReference; lastKnownFileType = folder.assetcatalog; path = "Preview Assets.xcassets"; sourceTree = "<group>"; };
		8412CFB32A9B6B0E004A780A /* MacLandmarks.entitlements */ = {isa = PBXFileReference; lastKnownFileType = text.plist.entitlements; path = MacLandmarks.entitlements; sourceTree = "<group>"; };
		8412CFC82A9B6E33004A780A /* LandmarkDetail.swift */ = {isa = PBXFileReference; lastKnownFileType = sourcecode.swift; path = LandmarkDetail.swift; sourceTree = "<group>"; };
		846432592A9746F900FF9B4C /* Landmarks.app */ = {isa = PBXFileReference; explicitFileType = wrapper.application; includeInIndex = 0; path = Landmarks.app; sourceTree = BUILT_PRODUCTS_DIR; };
		8464325C2A9746F900FF9B4C /* LandmarksApp.swift */ = {isa = PBXFileReference; lastKnownFileType = sourcecode.swift; path = LandmarksApp.swift; sourceTree = "<group>"; };
		8464325E2A9746F900FF9B4C /* ContentView.swift */ = {isa = PBXFileReference; lastKnownFileType = sourcecode.swift; path = ContentView.swift; sourceTree = "<group>"; };
		846432602A9746FD00FF9B4C /* Assets.xcassets */ = {isa = PBXFileReference; lastKnownFileType = folder.assetcatalog; path = Assets.xcassets; sourceTree = "<group>"; };
		846432632A9746FD00FF9B4C /* Preview Assets.xcassets */ = {isa = PBXFileReference; lastKnownFileType = folder.assetcatalog; path = "Preview Assets.xcassets"; sourceTree = "<group>"; };
		8464326A2A974B5500FF9B4C /* CircleImage.swift */ = {isa = PBXFileReference; lastKnownFileType = sourcecode.swift; path = CircleImage.swift; sourceTree = "<group>"; };
		8464326C2A974FCA00FF9B4C /* MapView.swift */ = {isa = PBXFileReference; lastKnownFileType = sourcecode.swift; path = MapView.swift; sourceTree = "<group>"; };
		8464326E2A97560000FF9B4C /* landmarkData.json */ = {isa = PBXFileReference; fileEncoding = 4; lastKnownFileType = text.json; path = landmarkData.json; sourceTree = "<group>"; };
		846432702A97649100FF9B4C /* Landmark.swift */ = {isa = PBXFileReference; lastKnownFileType = sourcecode.swift; path = Landmark.swift; sourceTree = "<group>"; };
		846432722A9766E700FF9B4C /* ModelData.swift */ = {isa = PBXFileReference; lastKnownFileType = sourcecode.swift; path = ModelData.swift; sourceTree = "<group>"; };
		8464327A2A976A5700FF9B4C /* LandmarkRow.swift */ = {isa = PBXFileReference; lastKnownFileType = sourcecode.swift; path = LandmarkRow.swift; sourceTree = "<group>"; };
		8464327C2A976C7300FF9B4C /* LandmarkList.swift */ = {isa = PBXFileReference; lastKnownFileType = sourcecode.swift; path = LandmarkList.swift; sourceTree = "<group>"; };
		8464327E2A976EFA00FF9B4C /* LandmarkDetail.swift */ = {isa = PBXFileReference; lastKnownFileType = sourcecode.swift; path = LandmarkDetail.swift; sourceTree = "<group>"; };
		846432802A9799BA00FF9B4C /* FavoriteButton.swift */ = {isa = PBXFileReference; lastKnownFileType = sourcecode.swift; path = FavoriteButton.swift; sourceTree = "<group>"; };
		846432842A97A21600FF9B4C /* HexagonParameters.swift */ = {isa = PBXFileReference; lastKnownFileType = sourcecode.swift; path = HexagonParameters.swift; sourceTree = "<group>"; };
		846432862A97A5E600FF9B4C /* BadgeBackground.swift */ = {isa = PBXFileReference; lastKnownFileType = sourcecode.swift; path = BadgeBackground.swift; sourceTree = "<group>"; };
		8482182B2A9CA33800E779FD /* LandmarkList.swift */ = {isa = PBXFileReference; lastKnownFileType = sourcecode.swift; path = LandmarkList.swift; sourceTree = "<group>"; };
		8482182D2A9CAF1500E779FD /* LandmarkCommands.swift */ = {isa = PBXFileReference; lastKnownFileType = sourcecode.swift; path = LandmarkCommands.swift; sourceTree = "<group>"; };
		84A7CABA2A99BFD8000D95F2 /* BadgeSymbol.swift */ = {isa = PBXFileReference; lastKnownFileType = sourcecode.swift; path = BadgeSymbol.swift; sourceTree = "<group>"; };
		84A7CABC2A99C247000D95F2 /* RotatedBadgeSymbol.swift */ = {isa = PBXFileReference; lastKnownFileType = sourcecode.swift; path = RotatedBadgeSymbol.swift; sourceTree = "<group>"; };
		84A7CABE2A99C4A3000D95F2 /* Badge.swift */ = {isa = PBXFileReference; lastKnownFileType = sourcecode.swift; path = Badge.swift; sourceTree = "<group>"; };
		84A7CAC12A99C7D1000D95F2 /* hikeData.json */ = {isa = PBXFileReference; fileEncoding = 4; lastKnownFileType = text.json; path = hikeData.json; sourceTree = "<group>"; };
		84A7CAC32A99C7FE000D95F2 /* Hike.swift */ = {isa = PBXFileReference; lastKnownFileType = sourcecode.swift; path = Hike.swift; sourceTree = "<group>"; };
		84A7CAC82A99C94B000D95F2 /* GraphCapsule.swift */ = {isa = PBXFileReference; fileEncoding = 4; lastKnownFileType = sourcecode.swift; path = GraphCapsule.swift; sourceTree = "<group>"; };
		84A7CAC92A99C94B000D95F2 /* HikeGraph.swift */ = {isa = PBXFileReference; fileEncoding = 4; lastKnownFileType = sourcecode.swift; path = HikeGraph.swift; sourceTree = "<group>"; };
		84A7CACA2A99C94B000D95F2 /* HikeDetail.swift */ = {isa = PBXFileReference; fileEncoding = 4; lastKnownFileType = sourcecode.swift; path = HikeDetail.swift; sourceTree = "<group>"; };
		84A7CACB2A99C94B000D95F2 /* HikeView.swift */ = {isa = PBXFileReference; fileEncoding = 4; lastKnownFileType = sourcecode.swift; path = HikeView.swift; sourceTree = "<group>"; };
		84A7CAD12A99D411000D95F2 /* CategoryHome.swift */ = {isa = PBXFileReference; lastKnownFileType = sourcecode.swift; path = CategoryHome.swift; sourceTree = "<group>"; };
		84A7CAD32A99D790000D95F2 /* CategoryRow.swift */ = {isa = PBXFileReference; lastKnownFileType = sourcecode.swift; path = CategoryRow.swift; sourceTree = "<group>"; };
		84A7CAD52A99D9E9000D95F2 /* CategoryItem.swift */ = {isa = PBXFileReference; lastKnownFileType = sourcecode.swift; path = CategoryItem.swift; sourceTree = "<group>"; };
		84A7CAD72A99E1D4000D95F2 /* Profile.swift */ = {isa = PBXFileReference; lastKnownFileType = sourcecode.swift; path = Profile.swift; sourceTree = "<group>"; };
		84A7CADA2A99E2D6000D95F2 /* ProfileHost.swift */ = {isa = PBXFileReference; lastKnownFileType = sourcecode.swift; path = ProfileHost.swift; sourceTree = "<group>"; };
		84A7CADC2A99E32A000D95F2 /* ProfileSummary.swift */ = {isa = PBXFileReference; lastKnownFileType = sourcecode.swift; path = ProfileSummary.swift; sourceTree = "<group>"; };
		84A7CADE2A99E4BB000D95F2 /* HikesBadge.swift */ = {isa = PBXFileReference; lastKnownFileType = sourcecode.swift; path = HikesBadge.swift; sourceTree = "<group>"; };
		84A7CAE02A99FD1E000D95F2 /* ProfileEditor.swift */ = {isa = PBXFileReference; lastKnownFileType = sourcecode.swift; path = ProfileEditor.swift; sourceTree = "<group>"; };
		84A7CAE22A9B3C05000D95F2 /* PageViewController.swift */ = {isa = PBXFileReference; lastKnownFileType = sourcecode.swift; path = PageViewController.swift; sourceTree = "<group>"; };
		84A7CAE42A9B3ECF000D95F2 /* FeatureCard.swift */ = {isa = PBXFileReference; lastKnownFileType = sourcecode.swift; path = FeatureCard.swift; sourceTree = "<group>"; };
		84A7CAE62A9B41A6000D95F2 /* PageView.swift */ = {isa = PBXFileReference; lastKnownFileType = sourcecode.swift; path = PageView.swift; sourceTree = "<group>"; };
		84A7CAE82A9B4BCD000D95F2 /* PageControl.swift */ = {isa = PBXFileReference; lastKnownFileType = sourcecode.swift; path = PageControl.swift; sourceTree = "<group>"; };
		84A7CAEE2A9B595F000D95F2 /* WatchLandmarks Watch App.app */ = {isa = PBXFileReference; explicitFileType = wrapper.application; includeInIndex = 0; path = "WatchLandmarks Watch App.app"; sourceTree = BUILT_PRODUCTS_DIR; };
		84A7CAF22A9B595F000D95F2 /* ContentView.swift */ = {isa = PBXFileReference; lastKnownFileType = sourcecode.swift; path = ContentView.swift; sourceTree = "<group>"; };
		84A7CAF42A9B5962000D95F2 /* Assets.xcassets */ = {isa = PBXFileReference; lastKnownFileType = folder.assetcatalog; path = Assets.xcassets; sourceTree = "<group>"; };
		84A7CAF72A9B5962000D95F2 /* Preview Assets.xcassets */ = {isa = PBXFileReference; lastKnownFileType = folder.assetcatalog; path = "Preview Assets.xcassets"; sourceTree = "<group>"; };
		84A7CB082A9B5E44000D95F2 /* LandmarkDetail.swift */ = {isa = PBXFileReference; lastKnownFileType = sourcecode.swift; path = LandmarkDetail.swift; sourceTree = "<group>"; };
		84A7CB0A2A9B6383000D95F2 /* NotificationView.swift */ = {isa = PBXFileReference; lastKnownFileType = sourcecode.swift; path = NotificationView.swift; sourceTree = "<group>"; };
		84A7CB0C2A9B6614000D95F2 /* NotificationController.swift */ = {isa = PBXFileReference; lastKnownFileType = sourcecode.swift; path = NotificationController.swift; sourceTree = "<group>"; };
		84A7CB102A9B693E000D95F2 /* PushNotificationPayload.apns */ = {isa = PBXFileReference; lastKnownFileType = text; path = PushNotificationPayload.apns; sourceTree = "<group>"; };
/* End PBXFileReference section */

/* Begin PBXFrameworksBuildPhase section */
		8412CFA52A9B6B0A004A780A /* Frameworks */ = {
			isa = PBXFrameworksBuildPhase;
			buildActionMask = 2147483647;
			files = (
			);
			runOnlyForDeploymentPostprocessing = 0;
		};
		846432562A9746F900FF9B4C /* Frameworks */ = {
			isa = PBXFrameworksBuildPhase;
			buildActionMask = 2147483647;
			files = (
			);
			runOnlyForDeploymentPostprocessing = 0;
		};
		84A7CAEB2A9B595F000D95F2 /* Frameworks */ = {
			isa = PBXFrameworksBuildPhase;
			buildActionMask = 2147483647;
			files = (
			);
			runOnlyForDeploymentPostprocessing = 0;
		};
/* End PBXFrameworksBuildPhase section */

/* Begin PBXGroup section */
		8412CFA92A9B6B0A004A780A /* MacLandmarks */ = {
			isa = PBXGroup;
			children = (
				8412CFAC2A9B6B0A004A780A /* ContentView.swift */,
				8412CFAE2A9B6B0E004A780A /* Assets.xcassets */,
				8412CFB32A9B6B0E004A780A /* MacLandmarks.entitlements */,
				8412CFB02A9B6B0E004A780A /* Preview Content */,
				8412CFC82A9B6E33004A780A /* LandmarkDetail.swift */,
			);
			path = MacLandmarks;
			sourceTree = "<group>";
		};
		8412CFB02A9B6B0E004A780A /* Preview Content */ = {
			isa = PBXGroup;
			children = (
				8412CFB12A9B6B0E004A780A /* Preview Assets.xcassets */,
			);
			path = "Preview Content";
			sourceTree = "<group>";
		};
		846432502A9746F900FF9B4C = {
			isa = PBXGroup;
			children = (
				8464325B2A9746F900FF9B4C /* Landmarks */,
				84A7CAEF2A9B595F000D95F2 /* WatchLandmarks Watch App */,
				8412CFA92A9B6B0A004A780A /* MacLandmarks */,
				8464325A2A9746F900FF9B4C /* Products */,
			);
			sourceTree = "<group>";
		};
		8464325A2A9746F900FF9B4C /* Products */ = {
			isa = PBXGroup;
			children = (
				846432592A9746F900FF9B4C /* Landmarks.app */,
				84A7CAEE2A9B595F000D95F2 /* WatchLandmarks Watch App.app */,
				8412CFA82A9B6B0A004A780A /* MacLandmarks.app */,
			);
			name = Products;
			sourceTree = "<group>";
		};
		8464325B2A9746F900FF9B4C /* Landmarks */ = {
			isa = PBXGroup;
			children = (
				846432772A97697500FF9B4C /* Resources */,
				846432762A97696F00FF9B4C /* Model */,
				846432742A97695500FF9B4C /* Views */,
				8464325C2A9746F900FF9B4C /* LandmarksApp.swift */,
				846432602A9746FD00FF9B4C /* Assets.xcassets */,
				846432622A9746FD00FF9B4C /* Preview Content */,
			);
			path = Landmarks;
			sourceTree = "<group>";
		};
		846432622A9746FD00FF9B4C /* Preview Content */ = {
			isa = PBXGroup;
			children = (
				846432632A9746FD00FF9B4C /* Preview Assets.xcassets */,
			);
			path = "Preview Content";
			sourceTree = "<group>";
		};
		846432742A97695500FF9B4C /* Views */ = {
			isa = PBXGroup;
			children = (
				84A7CAD92A99E2A7000D95F2 /* Profile */,
				84A7CAD02A99D3E9000D95F2 /* Categories */,
				84A7CAC72A99C94B000D95F2 /* Hikes */,
				84A7CAC02A99C696000D95F2 /* Badges */,
				846432832A979EC100FF9B4C /* Helpers */,
				846432822A979EB500FF9B4C /* Landmarks */,
				8464325E2A9746F900FF9B4C /* ContentView.swift */,
				84A7CAE22A9B3C05000D95F2 /* PageViewController.swift */,
				84A7CAE42A9B3ECF000D95F2 /* FeatureCard.swift */,
				84A7CAE62A9B41A6000D95F2 /* PageView.swift */,
				84A7CAE82A9B4BCD000D95F2 /* PageControl.swift */,
			);
			path = Views;
			sourceTree = "<group>";
		};
		846432762A97696F00FF9B4C /* Model */ = {
			isa = PBXGroup;
			children = (
				846432702A97649100FF9B4C /* Landmark.swift */,
				846432722A9766E700FF9B4C /* ModelData.swift */,
				84A7CAC32A99C7FE000D95F2 /* Hike.swift */,
				84A7CAD72A99E1D4000D95F2 /* Profile.swift */,
			);
			path = Model;
			sourceTree = "<group>";
		};
		846432772A97697500FF9B4C /* Resources */ = {
			isa = PBXGroup;
			children = (
				84A7CAC12A99C7D1000D95F2 /* hikeData.json */,
				8464326E2A97560000FF9B4C /* landmarkData.json */,
			);
			path = Resources;
			sourceTree = "<group>";
		};
		846432822A979EB500FF9B4C /* Landmarks */ = {
			isa = PBXGroup;
			children = (
				8464327A2A976A5700FF9B4C /* LandmarkRow.swift */,
				8464327C2A976C7300FF9B4C /* LandmarkList.swift */,
				8464327E2A976EFA00FF9B4C /* LandmarkDetail.swift */,
				8482182D2A9CAF1500E779FD /* LandmarkCommands.swift */,
			);
			path = Landmarks;
			sourceTree = "<group>";
		};
		846432832A979EC100FF9B4C /* Helpers */ = {
			isa = PBXGroup;
			children = (
				8464326A2A974B5500FF9B4C /* CircleImage.swift */,
				8464326C2A974FCA00FF9B4C /* MapView.swift */,
				846432802A9799BA00FF9B4C /* FavoriteButton.swift */,
			);
			path = Helpers;
			sourceTree = "<group>";
		};
		84A7CAC02A99C696000D95F2 /* Badges */ = {
			isa = PBXGroup;
			children = (
				84A7CABA2A99BFD8000D95F2 /* BadgeSymbol.swift */,
				84A7CABC2A99C247000D95F2 /* RotatedBadgeSymbol.swift */,
				846432842A97A21600FF9B4C /* HexagonParameters.swift */,
				84A7CABE2A99C4A3000D95F2 /* Badge.swift */,
				846432862A97A5E600FF9B4C /* BadgeBackground.swift */,
			);
			path = Badges;
			sourceTree = "<group>";
		};
		84A7CAC72A99C94B000D95F2 /* Hikes */ = {
			isa = PBXGroup;
			children = (
				84A7CAC82A99C94B000D95F2 /* GraphCapsule.swift */,
				84A7CAC92A99C94B000D95F2 /* HikeGraph.swift */,
				84A7CACA2A99C94B000D95F2 /* HikeDetail.swift */,
				84A7CACB2A99C94B000D95F2 /* HikeView.swift */,
				84A7CADE2A99E4BB000D95F2 /* HikesBadge.swift */,
			);
			path = Hikes;
			sourceTree = "<group>";
		};
		84A7CAD02A99D3E9000D95F2 /* Categories */ = {
			isa = PBXGroup;
			children = (
				84A7CAD12A99D411000D95F2 /* CategoryHome.swift */,
				84A7CAD32A99D790000D95F2 /* CategoryRow.swift */,
				84A7CAD52A99D9E9000D95F2 /* CategoryItem.swift */,
			);
			path = Categories;
			sourceTree = "<group>";
		};
		84A7CAD92A99E2A7000D95F2 /* Profile */ = {
			isa = PBXGroup;
			children = (
				84A7CADA2A99E2D6000D95F2 /* ProfileHost.swift */,
				84A7CADC2A99E32A000D95F2 /* ProfileSummary.swift */,
				84A7CAE02A99FD1E000D95F2 /* ProfileEditor.swift */,
			);
			path = Profile;
			sourceTree = "<group>";
		};
		84A7CAEF2A9B595F000D95F2 /* WatchLandmarks Watch App */ = {
			isa = PBXGroup;
			children = (
				84A7CAF22A9B595F000D95F2 /* ContentView.swift */,
				84A7CAF42A9B5962000D95F2 /* Assets.xcassets */,
				84A7CAF62A9B5962000D95F2 /* Preview Content */,
				84A7CB082A9B5E44000D95F2 /* LandmarkDetail.swift */,
				84A7CB0A2A9B6383000D95F2 /* NotificationView.swift */,
				84A7CB0C2A9B6614000D95F2 /* NotificationController.swift */,
				84A7CB102A9B693E000D95F2 /* PushNotificationPayload.apns */,
				8482182B2A9CA33800E779FD /* LandmarkList.swift */,
			);
			path = "WatchLandmarks Watch App";
			sourceTree = "<group>";
		};
		84A7CAF62A9B5962000D95F2 /* Preview Content */ = {
			isa = PBXGroup;
			children = (
				84A7CAF72A9B5962000D95F2 /* Preview Assets.xcassets */,
			);
			path = "Preview Content";
			sourceTree = "<group>";
		};
/* End PBXGroup section */

/* Begin PBXNativeTarget section */
		8412CFA72A9B6B0A004A780A /* MacLandmarks */ = {
			isa = PBXNativeTarget;
			buildConfigurationList = 8412CFB42A9B6B0E004A780A /* Build configuration list for PBXNativeTarget "MacLandmarks" */;
			buildPhases = (
				8412CFA42A9B6B0A004A780A /* Sources */,
				8412CFA52A9B6B0A004A780A /* Frameworks */,
				8412CFA62A9B6B0A004A780A /* Resources */,
			);
			buildRules = (
			);
			dependencies = (
			);
			name = MacLandmarks;
			productName = MacLandmarks;
			productReference = 8412CFA82A9B6B0A004A780A /* MacLandmarks.app */;
			productType = "com.apple.product-type.application";
		};
		846432582A9746F900FF9B4C /* Landmarks */ = {
			isa = PBXNativeTarget;
			buildConfigurationList = 846432672A9746FD00FF9B4C /* Build configuration list for PBXNativeTarget "Landmarks" */;
			buildPhases = (
				846432552A9746F900FF9B4C /* Sources */,
				846432562A9746F900FF9B4C /* Frameworks */,
				846432572A9746F900FF9B4C /* Resources */,
			);
			buildRules = (
			);
			dependencies = (
			);
			name = Landmarks;
			productName = Landmarks;
			productReference = 846432592A9746F900FF9B4C /* Landmarks.app */;
			productType = "com.apple.product-type.application";
		};
		84A7CAED2A9B595F000D95F2 /* WatchLandmarks Watch App */ = {
			isa = PBXNativeTarget;
			buildConfigurationList = 84A7CAF92A9B5962000D95F2 /* Build configuration list for PBXNativeTarget "WatchLandmarks Watch App" */;
			buildPhases = (
				84A7CAEA2A9B595F000D95F2 /* Sources */,
				84A7CAEB2A9B595F000D95F2 /* Frameworks */,
				84A7CAEC2A9B595F000D95F2 /* Resources */,
			);
			buildRules = (
			);
			dependencies = (
			);
			name = "WatchLandmarks Watch App";
			productName = "WatchLandmarks Watch App";
			productReference = 84A7CAEE2A9B595F000D95F2 /* WatchLandmarks Watch App.app */;
			productType = "com.apple.product-type.application";
		};
/* End PBXNativeTarget section */

/* Begin PBXProject section */
		846432512A9746F900FF9B4C /* Project object */ = {
			isa = PBXProject;
			attributes = {
				BuildIndependentTargetsInParallel = 1;
				LastSwiftUpdateCheck = 1420;
				LastUpgradeCheck = 1420;
				TargetAttributes = {
					8412CFA72A9B6B0A004A780A = {
						CreatedOnToolsVersion = 14.2;
					};
					846432582A9746F900FF9B4C = {
						CreatedOnToolsVersion = 14.2;
					};
					84A7CAED2A9B595F000D95F2 = {
						CreatedOnToolsVersion = 14.2;
					};
				};
			};
			buildConfigurationList = 846432542A9746F900FF9B4C /* Build configuration list for PBXProject "Landmarks" */;
			compatibilityVersion = "Xcode 14.0";
			developmentRegion = en;
			hasScannedForEncodings = 0;
			knownRegions = (
				en,
				Base,
			);
			mainGroup = 846432502A9746F900FF9B4C;
			productRefGroup = 8464325A2A9746F900FF9B4C /* Products */;
			projectDirPath = "";
			projectRoot = "";
			targets = (
				846432582A9746F900FF9B4C /* Landmarks */,
				84A7CAED2A9B595F000D95F2 /* WatchLandmarks Watch App */,
				8412CFA72A9B6B0A004A780A /* MacLandmarks */,
			);
		};
/* End PBXProject section */

/* Begin PBXResourcesBuildPhase section */
		8412CFA62A9B6B0A004A780A /* Resources */ = {
			isa = PBXResourcesBuildPhase;
			buildActionMask = 2147483647;
			files = (
				8412CFB22A9B6B0E004A780A /* Preview Assets.xcassets in Resources */,
				8412CFB72A9B6C55004A780A /* hikeData.json in Resources */,
				8412CFBB2A9B6C55004A780A /* Assets.xcassets in Resources */,
				8412CFC12A9B6C55004A780A /* landmarkData.json in Resources */,
				8412CFAF2A9B6B0E004A780A /* Assets.xcassets in Resources */,
			);
			runOnlyForDeploymentPostprocessing = 0;
		};
		846432572A9746F900FF9B4C /* Resources */ = {
			isa = PBXResourcesBuildPhase;
			buildActionMask = 2147483647;
			files = (
				84A7CAC22A99C7D1000D95F2 /* hikeData.json in Resources */,
				846432642A9746FD00FF9B4C /* Preview Assets.xcassets in Resources */,
				846432612A9746FD00FF9B4C /* Assets.xcassets in Resources */,
				8464326F2A97560000FF9B4C /* landmarkData.json in Resources */,
			);
			runOnlyForDeploymentPostprocessing = 0;
		};
		84A7CAEC2A9B595F000D95F2 /* Resources */ = {
			isa = PBXResourcesBuildPhase;
			buildActionMask = 2147483647;
			files = (
				84A7CAF82A9B5962000D95F2 /* Preview Assets.xcassets in Resources */,
				84A7CAF52A9B5962000D95F2 /* Assets.xcassets in Resources */,
				84A7CB032A9B5D6E000D95F2 /* Assets.xcassets in Resources */,
				84A7CB012A9B5D6E000D95F2 /* landmarkData.json in Resources */,
				84A7CB052A9B5D6E000D95F2 /* hikeData.json in Resources */,
				84A7CB112A9B693E000D95F2 /* PushNotificationPayload.apns in Resources */,
			);
			runOnlyForDeploymentPostprocessing = 0;
		};
/* End PBXResourcesBuildPhase section */

/* Begin PBXSourcesBuildPhase section */
		8412CFA42A9B6B0A004A780A /* Sources */ = {
			isa = PBXSourcesBuildPhase;
			buildActionMask = 2147483647;
			files = (
				8412CFBD2A9B6C55004A780A /* Hike.swift in Sources */,
				8412CFAD2A9B6B0A004A780A /* ContentView.swift in Sources */,
				8412CFB92A9B6C55004A780A /* Profile.swift in Sources */,
				8412CFBF2A9B6C55004A780A /* LandmarkList.swift in Sources */,
				8482182F2A9CAF1500E779FD /* LandmarkCommands.swift in Sources */,
				8412CFC92A9B6E33004A780A /* LandmarkDetail.swift in Sources */,
				8412CFBC2A9B6C55004A780A /* MapView.swift in Sources */,
				8412CFC02A9B6C55004A780A /* Landmark.swift in Sources */,
				8412CFBE2A9B6C55004A780A /* FavoriteButton.swift in Sources */,
				8412CFB82A9B6C55004A780A /* ModelData.swift in Sources */,
				8412CFC32A9B6C55004A780A /* CircleImage.swift in Sources */,
				8412CFC22A9B6C55004A780A /* LandmarkRow.swift in Sources */,
				8412CFBA2A9B6C55004A780A /* LandmarksApp.swift in Sources */,
			);
			runOnlyForDeploymentPostprocessing = 0;
		};
		846432552A9746F900FF9B4C /* Sources */ = {
			isa = PBXSourcesBuildPhase;
			buildActionMask = 2147483647;
			files = (
				84A7CAD42A99D790000D95F2 /* CategoryRow.swift in Sources */,
				84A7CADF2A99E4BB000D95F2 /* HikesBadge.swift in Sources */,
				8482182E2A9CAF1500E779FD /* LandmarkCommands.swift in Sources */,
				84A7CAD82A99E1D4000D95F2 /* Profile.swift in Sources */,
				8464325F2A9746F900FF9B4C /* ContentView.swift in Sources */,
				84A7CAD22A99D411000D95F2 /* CategoryHome.swift in Sources */,
				84A7CACD2A99C94C000D95F2 /* HikeGraph.swift in Sources */,
				84A7CABF2A99C4A3000D95F2 /* Badge.swift in Sources */,
				8464326D2A974FCA00FF9B4C /* MapView.swift in Sources */,
				84A7CACC2A99C94C000D95F2 /* GraphCapsule.swift in Sources */,
				8464325D2A9746F900FF9B4C /* LandmarksApp.swift in Sources */,
				84A7CAE92A9B4BCD000D95F2 /* PageControl.swift in Sources */,
				846432812A9799BA00FF9B4C /* FavoriteButton.swift in Sources */,
				84A7CAD62A99D9E9000D95F2 /* CategoryItem.swift in Sources */,
				84A7CACE2A99C94C000D95F2 /* HikeDetail.swift in Sources */,
				84A7CADD2A99E32A000D95F2 /* ProfileSummary.swift in Sources */,
				846432852A97A21600FF9B4C /* HexagonParameters.swift in Sources */,
				84A7CADB2A99E2D6000D95F2 /* ProfileHost.swift in Sources */,
				84A7CAC42A99C7FE000D95F2 /* Hike.swift in Sources */,
				84A7CABD2A99C247000D95F2 /* RotatedBadgeSymbol.swift in Sources */,
				84A7CAE72A9B41A6000D95F2 /* PageView.swift in Sources */,
				84A7CAE12A99FD1E000D95F2 /* ProfileEditor.swift in Sources */,
				84A7CAE52A9B3ECF000D95F2 /* FeatureCard.swift in Sources */,
				84A7CABB2A99BFD8000D95F2 /* BadgeSymbol.swift in Sources */,
				8464327D2A976C7300FF9B4C /* LandmarkList.swift in Sources */,
				84A7CACF2A99C94C000D95F2 /* HikeView.swift in Sources */,
				84A7CAE32A9B3C05000D95F2 /* PageViewController.swift in Sources */,
				8464327F2A976EFA00FF9B4C /* LandmarkDetail.swift in Sources */,
				846432872A97A5E600FF9B4C /* BadgeBackground.swift in Sources */,
				8464326B2A974B5500FF9B4C /* CircleImage.swift in Sources */,
				846432712A97649100FF9B4C /* Landmark.swift in Sources */,
				8464327B2A976A5700FF9B4C /* LandmarkRow.swift in Sources */,
				846432732A9766E700FF9B4C /* ModelData.swift in Sources */,
			);
			runOnlyForDeploymentPostprocessing = 0;
		};
		84A7CAEA2A9B595F000D95F2 /* Sources */ = {
			isa = PBXSourcesBuildPhase;
			buildActionMask = 2147483647;
			files = (
				84A7CAF32A9B595F000D95F2 /* ContentView.swift in Sources */,
				84A7CAFF2A9B5D6E000D95F2 /* Profile.swift in Sources */,
				84A7CAFE2A9B5D6E000D95F2 /* CircleImage.swift in Sources */,
				8482182C2A9CA33800E779FD /* LandmarkList.swift in Sources */,
				84A7CB042A9B5D6E000D95F2 /* Landmark.swift in Sources */,
				84A7CAFD2A9B5D6E000D95F2 /* MapView.swift in Sources */,
				84A7CB062A9B5D6E000D95F2 /* Hike.swift in Sources */,
				84A7CAFC2A9B5AE8000D95F2 /* LandmarksApp.swift in Sources */,
				84A7CB072A9B5D6E000D95F2 /* LandmarkRow.swift in Sources */,
				84A7CB0D2A9B6614000D95F2 /* NotificationController.swift in Sources */,
				84A7CB002A9B5D6E000D95F2 /* ModelData.swift in Sources */,
				84A7CB092A9B5E44000D95F2 /* LandmarkDetail.swift in Sources */,
				84A7CB0B2A9B6383000D95F2 /* NotificationView.swift in Sources */,
			);
			runOnlyForDeploymentPostprocessing = 0;
		};
/* End PBXSourcesBuildPhase section */

/* Begin XCBuildConfiguration section */
		8412CFB52A9B6B0E004A780A /* Debug */ = {
			isa = XCBuildConfiguration;
			buildSettings = {
				ASSETCATALOG_COMPILER_APPICON_NAME = AppIcon;
				ASSETCATALOG_COMPILER_GLOBAL_ACCENT_COLOR_NAME = AccentColor;
				CODE_SIGN_ENTITLEMENTS = MacLandmarks/MacLandmarks.entitlements;
				CODE_SIGN_STYLE = Automatic;
				COMBINE_HIDPI_IMAGES = YES;
				CURRENT_PROJECT_VERSION = 1;
				DEVELOPMENT_ASSET_PATHS = "\"MacLandmarks/Preview Content\"";
				DEVELOPMENT_TEAM = DFVUWR494M;
				ENABLE_HARDENED_RUNTIME = YES;
				ENABLE_PREVIEWS = YES;
				GENERATE_INFOPLIST_FILE = YES;
				INFOPLIST_KEY_NSHumanReadableCopyright = "";
				LD_RUNPATH_SEARCH_PATHS = (
					"$(inherited)",
					"@executable_path/../Frameworks",
				);
				MACOSX_DEPLOYMENT_TARGET = 13.1;
				MARKETING_VERSION = 1.0;
				PRODUCT_BUNDLE_IDENTIFIER = com.nazarKuznetsov.MacLandmarks;
				PRODUCT_NAME = "$(TARGET_NAME)";
				SDKROOT = macosx;
				SWIFT_EMIT_LOC_STRINGS = YES;
				SWIFT_VERSION = 5.0;
			};
			name = Debug;
		};
		8412CFB62A9B6B0E004A780A /* Release */ = {
			isa = XCBuildConfiguration;
			buildSettings = {
				ASSETCATALOG_COMPILER_APPICON_NAME = AppIcon;
				ASSETCATALOG_COMPILER_GLOBAL_ACCENT_COLOR_NAME = AccentColor;
				CODE_SIGN_ENTITLEMENTS = MacLandmarks/MacLandmarks.entitlements;
				CODE_SIGN_STYLE = Automatic;
				COMBINE_HIDPI_IMAGES = YES;
				CURRENT_PROJECT_VERSION = 1;
				DEVELOPMENT_ASSET_PATHS = "\"MacLandmarks/Preview Content\"";
				DEVELOPMENT_TEAM = DFVUWR494M;
				ENABLE_HARDENED_RUNTIME = YES;
				ENABLE_PREVIEWS = YES;
				GENERATE_INFOPLIST_FILE = YES;
				INFOPLIST_KEY_NSHumanReadableCopyright = "";
				LD_RUNPATH_SEARCH_PATHS = (
					"$(inherited)",
					"@executable_path/../Frameworks",
				);
				MACOSX_DEPLOYMENT_TARGET = 13.1;
				MARKETING_VERSION = 1.0;
				PRODUCT_BUNDLE_IDENTIFIER = com.nazarKuznetsov.MacLandmarks;
				PRODUCT_NAME = "$(TARGET_NAME)";
				SDKROOT = macosx;
				SWIFT_EMIT_LOC_STRINGS = YES;
				SWIFT_VERSION = 5.0;
			};
			name = Release;
		};
		846432652A9746FD00FF9B4C /* Debug */ = {
			isa = XCBuildConfiguration;
			buildSettings = {
				ALWAYS_SEARCH_USER_PATHS = NO;
				CLANG_ANALYZER_NONNULL = YES;
				CLANG_ANALYZER_NUMBER_OBJECT_CONVERSION = YES_AGGRESSIVE;
				CLANG_CXX_LANGUAGE_STANDARD = "gnu++20";
				CLANG_ENABLE_MODULES = YES;
				CLANG_ENABLE_OBJC_ARC = YES;
				CLANG_ENABLE_OBJC_WEAK = YES;
				CLANG_WARN_BLOCK_CAPTURE_AUTORELEASING = YES;
				CLANG_WARN_BOOL_CONVERSION = YES;
				CLANG_WARN_COMMA = YES;
				CLANG_WARN_CONSTANT_CONVERSION = YES;
				CLANG_WARN_DEPRECATED_OBJC_IMPLEMENTATIONS = YES;
				CLANG_WARN_DIRECT_OBJC_ISA_USAGE = YES_ERROR;
				CLANG_WARN_DOCUMENTATION_COMMENTS = YES;
				CLANG_WARN_EMPTY_BODY = YES;
				CLANG_WARN_ENUM_CONVERSION = YES;
				CLANG_WARN_INFINITE_RECURSION = YES;
				CLANG_WARN_INT_CONVERSION = YES;
				CLANG_WARN_NON_LITERAL_NULL_CONVERSION = YES;
				CLANG_WARN_OBJC_IMPLICIT_RETAIN_SELF = YES;
				CLANG_WARN_OBJC_LITERAL_CONVERSION = YES;
				CLANG_WARN_OBJC_ROOT_CLASS = YES_ERROR;
				CLANG_WARN_QUOTED_INCLUDE_IN_FRAMEWORK_HEADER = YES;
				CLANG_WARN_RANGE_LOOP_ANALYSIS = YES;
				CLANG_WARN_STRICT_PROTOTYPES = YES;
				CLANG_WARN_SUSPICIOUS_MOVE = YES;
				CLANG_WARN_UNGUARDED_AVAILABILITY = YES_AGGRESSIVE;
				CLANG_WARN_UNREACHABLE_CODE = YES;
				CLANG_WARN__DUPLICATE_METHOD_MATCH = YES;
				COPY_PHASE_STRIP = NO;
				DEBUG_INFORMATION_FORMAT = dwarf;
				ENABLE_STRICT_OBJC_MSGSEND = YES;
				ENABLE_TESTABILITY = YES;
				GCC_C_LANGUAGE_STANDARD = gnu11;
				GCC_DYNAMIC_NO_PIC = NO;
				GCC_NO_COMMON_BLOCKS = YES;
				GCC_OPTIMIZATION_LEVEL = 0;
				GCC_PREPROCESSOR_DEFINITIONS = (
					"DEBUG=1",
					"$(inherited)",
				);
				GCC_WARN_64_TO_32_BIT_CONVERSION = YES;
				GCC_WARN_ABOUT_RETURN_TYPE = YES_ERROR;
				GCC_WARN_UNDECLARED_SELECTOR = YES;
				GCC_WARN_UNINITIALIZED_AUTOS = YES_AGGRESSIVE;
				GCC_WARN_UNUSED_FUNCTION = YES;
				GCC_WARN_UNUSED_VARIABLE = YES;
				IPHONEOS_DEPLOYMENT_TARGET = 16.0;
				MTL_ENABLE_DEBUG_INFO = INCLUDE_SOURCE;
				MTL_FAST_MATH = YES;
				ONLY_ACTIVE_ARCH = YES;
				SDKROOT = iphoneos;
				SWIFT_ACTIVE_COMPILATION_CONDITIONS = DEBUG;
				SWIFT_OPTIMIZATION_LEVEL = "-Onone";
			};
			name = Debug;
		};
		846432662A9746FD00FF9B4C /* Release */ = {
			isa = XCBuildConfiguration;
			buildSettings = {
				ALWAYS_SEARCH_USER_PATHS = NO;
				CLANG_ANALYZER_NONNULL = YES;
				CLANG_ANALYZER_NUMBER_OBJECT_CONVERSION = YES_AGGRESSIVE;
				CLANG_CXX_LANGUAGE_STANDARD = "gnu++20";
				CLANG_ENABLE_MODULES = YES;
				CLANG_ENABLE_OBJC_ARC = YES;
				CLANG_ENABLE_OBJC_WEAK = YES;
				CLANG_WARN_BLOCK_CAPTURE_AUTORELEASING = YES;
				CLANG_WARN_BOOL_CONVERSION = YES;
				CLANG_WARN_COMMA = YES;
				CLANG_WARN_CONSTANT_CONVERSION = YES;
				CLANG_WARN_DEPRECATED_OBJC_IMPLEMENTATIONS = YES;
				CLANG_WARN_DIRECT_OBJC_ISA_USAGE = YES_ERROR;
				CLANG_WARN_DOCUMENTATION_COMMENTS = YES;
				CLANG_WARN_EMPTY_BODY = YES;
				CLANG_WARN_ENUM_CONVERSION = YES;
				CLANG_WARN_INFINITE_RECURSION = YES;
				CLANG_WARN_INT_CONVERSION = YES;
				CLANG_WARN_NON_LITERAL_NULL_CONVERSION = YES;
				CLANG_WARN_OBJC_IMPLICIT_RETAIN_SELF = YES;
				CLANG_WARN_OBJC_LITERAL_CONVERSION = YES;
				CLANG_WARN_OBJC_ROOT_CLASS = YES_ERROR;
				CLANG_WARN_QUOTED_INCLUDE_IN_FRAMEWORK_HEADER = YES;
				CLANG_WARN_RANGE_LOOP_ANALYSIS = YES;
				CLANG_WARN_STRICT_PROTOTYPES = YES;
				CLANG_WARN_SUSPICIOUS_MOVE = YES;
				CLANG_WARN_UNGUARDED_AVAILABILITY = YES_AGGRESSIVE;
				CLANG_WARN_UNREACHABLE_CODE = YES;
				CLANG_WARN__DUPLICATE_METHOD_MATCH = YES;
				COPY_PHASE_STRIP = NO;
				DEBUG_INFORMATION_FORMAT = "dwarf-with-dsym";
				ENABLE_NS_ASSERTIONS = NO;
				ENABLE_STRICT_OBJC_MSGSEND = YES;
				GCC_C_LANGUAGE_STANDARD = gnu11;
				GCC_NO_COMMON_BLOCKS = YES;
				GCC_WARN_64_TO_32_BIT_CONVERSION = YES;
				GCC_WARN_ABOUT_RETURN_TYPE = YES_ERROR;
				GCC_WARN_UNDECLARED_SELECTOR = YES;
				GCC_WARN_UNINITIALIZED_AUTOS = YES_AGGRESSIVE;
				GCC_WARN_UNUSED_FUNCTION = YES;
				GCC_WARN_UNUSED_VARIABLE = YES;
				IPHONEOS_DEPLOYMENT_TARGET = 16.0;
				MTL_ENABLE_DEBUG_INFO = NO;
				MTL_FAST_MATH = YES;
				SDKROOT = iphoneos;
				SWIFT_COMPILATION_MODE = wholemodule;
				SWIFT_OPTIMIZATION_LEVEL = "-O";
				VALIDATE_PRODUCT = YES;
			};
			name = Release;
		};
		846432682A9746FD00FF9B4C /* Debug */ = {
			isa = XCBuildConfiguration;
			buildSettings = {
				ASSETCATALOG_COMPILER_APPICON_NAME = AppIcon;
				ASSETCATALOG_COMPILER_GLOBAL_ACCENT_COLOR_NAME = AccentColor;
				CODE_SIGN_STYLE = Automatic;
				CURRENT_PROJECT_VERSION = 1;
				DEVELOPMENT_ASSET_PATHS = "\"Landmarks/Preview Content\"";
				DEVELOPMENT_TEAM = DFVUWR494M;
				ENABLE_PREVIEWS = YES;
				GENERATE_INFOPLIST_FILE = YES;
				INFOPLIST_KEY_UIApplicationSceneManifest_Generation = YES;
				INFOPLIST_KEY_UIApplicationSupportsIndirectInputEvents = YES;
				INFOPLIST_KEY_UILaunchScreen_Generation = YES;
				INFOPLIST_KEY_UISupportedInterfaceOrientations_iPad = "UIInterfaceOrientationPortrait UIInterfaceOrientationPortraitUpsideDown UIInterfaceOrientationLandscapeLeft UIInterfaceOrientationLandscapeRight";
				INFOPLIST_KEY_UISupportedInterfaceOrientations_iPhone = "UIInterfaceOrientationPortrait UIInterfaceOrientationLandscapeLeft UIInterfaceOrientationLandscapeRight";
				LD_RUNPATH_SEARCH_PATHS = (
					"$(inherited)",
					"@executable_path/Frameworks",
				);
				MARKETING_VERSION = 1.0;
				PRODUCT_BUNDLE_IDENTIFIER = com.nazarKuznetsov.Landmarks;
				PRODUCT_NAME = "$(TARGET_NAME)";
				SWIFT_EMIT_LOC_STRINGS = YES;
				SWIFT_VERSION = 5.0;
				TARGETED_DEVICE_FAMILY = "1,2";
			};
			name = Debug;
		};
		846432692A9746FD00FF9B4C /* Release */ = {
			isa = XCBuildConfiguration;
			buildSettings = {
				ASSETCATALOG_COMPILER_APPICON_NAME = AppIcon;
				ASSETCATALOG_COMPILER_GLOBAL_ACCENT_COLOR_NAME = AccentColor;
				CODE_SIGN_STYLE = Automatic;
				CURRENT_PROJECT_VERSION = 1;
				DEVELOPMENT_ASSET_PATHS = "\"Landmarks/Preview Content\"";
				DEVELOPMENT_TEAM = DFVUWR494M;
				ENABLE_PREVIEWS = YES;
				GENERATE_INFOPLIST_FILE = YES;
				INFOPLIST_KEY_UIApplicationSceneManifest_Generation = YES;
				INFOPLIST_KEY_UIApplicationSupportsIndirectInputEvents = YES;
				INFOPLIST_KEY_UILaunchScreen_Generation = YES;
				INFOPLIST_KEY_UISupportedInterfaceOrientations_iPad = "UIInterfaceOrientationPortrait UIInterfaceOrientationPortraitUpsideDown UIInterfaceOrientationLandscapeLeft UIInterfaceOrientationLandscapeRight";
				INFOPLIST_KEY_UISupportedInterfaceOrientations_iPhone = "UIInterfaceOrientationPortrait UIInterfaceOrientationLandscapeLeft UIInterfaceOrientationLandscapeRight";
				LD_RUNPATH_SEARCH_PATHS = (
					"$(inherited)",
					"@executable_path/Frameworks",
				);
				MARKETING_VERSION = 1.0;
				PRODUCT_BUNDLE_IDENTIFIER = com.nazarKuznetsov.Landmarks;
				PRODUCT_NAME = "$(TARGET_NAME)";
				SWIFT_EMIT_LOC_STRINGS = YES;
				SWIFT_VERSION = 5.0;
				TARGETED_DEVICE_FAMILY = "1,2";
			};
			name = Release;
		};
		84A7CAFA2A9B5962000D95F2 /* Debug */ = {
			isa = XCBuildConfiguration;
			buildSettings = {
				ASSETCATALOG_COMPILER_APPICON_NAME = AppIcon;
				ASSETCATALOG_COMPILER_GLOBAL_ACCENT_COLOR_NAME = AccentColor;
				CODE_SIGN_STYLE = Automatic;
				CURRENT_PROJECT_VERSION = 1;
				DEVELOPMENT_ASSET_PATHS = "\"WatchLandmarks Watch App/Preview Content\"";
				DEVELOPMENT_TEAM = DFVUWR494M;
				ENABLE_PREVIEWS = YES;
				GENERATE_INFOPLIST_FILE = YES;
				INFOPLIST_KEY_CFBundleDisplayName = WatchLandmarks;
				INFOPLIST_KEY_UISupportedInterfaceOrientations = "UIInterfaceOrientationPortrait UIInterfaceOrientationPortraitUpsideDown";
				INFOPLIST_KEY_WKCompanionAppBundleIdentifier = "";
				INFOPLIST_KEY_WKRunsIndependentlyOfCompanionApp = YES;
				LD_RUNPATH_SEARCH_PATHS = (
					"$(inherited)",
					"@executable_path/Frameworks",
				);
				MARKETING_VERSION = 1.0;
				PRODUCT_BUNDLE_IDENTIFIER = .watchkitapp;
				PRODUCT_NAME = "$(TARGET_NAME)";
				SDKROOT = watchos;
				SKIP_INSTALL = YES;
				SWIFT_EMIT_LOC_STRINGS = YES;
				SWIFT_VERSION = 5.0;
				TARGETED_DEVICE_FAMILY = 4;
				WATCHOS_DEPLOYMENT_TARGET = 9.0;
			};
			name = Debug;
		};
		84A7CAFB2A9B5962000D95F2 /* Release */ = {
			isa = XCBuildConfiguration;
			buildSettings = {
				ASSETCATALOG_COMPILER_APPICON_NAME = AppIcon;
				ASSETCATALOG_COMPILER_GLOBAL_ACCENT_COLOR_NAME = AccentColor;
				CODE_SIGN_STYLE = Automatic;
				CURRENT_PROJECT_VERSION = 1;
				DEVELOPMENT_ASSET_PATHS = "\"WatchLandmarks Watch App/Preview Content\"";
				DEVELOPMENT_TEAM = DFVUWR494M;
				ENABLE_PREVIEWS = YES;
				GENERATE_INFOPLIST_FILE = YES;
				INFOPLIST_KEY_CFBundleDisplayName = WatchLandmarks;
				INFOPLIST_KEY_UISupportedInterfaceOrientations = "UIInterfaceOrientationPortrait UIInterfaceOrientationPortraitUpsideDown";
				INFOPLIST_KEY_WKCompanionAppBundleIdentifier = "";
				INFOPLIST_KEY_WKRunsIndependentlyOfCompanionApp = YES;
				LD_RUNPATH_SEARCH_PATHS = (
					"$(inherited)",
					"@executable_path/Frameworks",
				);
				MARKETING_VERSION = 1.0;
				PRODUCT_BUNDLE_IDENTIFIER = .watchkitapp;
				PRODUCT_NAME = "$(TARGET_NAME)";
				SDKROOT = watchos;
				SKIP_INSTALL = YES;
				SWIFT_EMIT_LOC_STRINGS = YES;
				SWIFT_VERSION = 5.0;
				TARGETED_DEVICE_FAMILY = 4;
				WATCHOS_DEPLOYMENT_TARGET = 9.0;
			};
			name = Release;
		};
/* End XCBuildConfiguration section */

/* Begin XCConfigurationList section */
		8412CFB42A9B6B0E004A780A /* Build configuration list for PBXNativeTarget "MacLandmarks" */ = {
			isa = XCConfigurationList;
			buildConfigurations = (
				8412CFB52A9B6B0E004A780A /* Debug */,
				8412CFB62A9B6B0E004A780A /* Release */,
			);
			defaultConfigurationIsVisible = 0;
			defaultConfigurationName = Release;
		};
		846432542A9746F900FF9B4C /* Build configuration list for PBXProject "Landmarks" */ = {
			isa = XCConfigurationList;
			buildConfigurations = (
				846432652A9746FD00FF9B4C /* Debug */,
				846432662A9746FD00FF9B4C /* Release */,
			);
			defaultConfigurationIsVisible = 0;
			defaultConfigurationName = Release;
		};
		846432672A9746FD00FF9B4C /* Build configuration list for PBXNativeTarget "Landmarks" */ = {
			isa = XCConfigurationList;
			buildConfigurations = (
				846432682A9746FD00FF9B4C /* Debug */,
				846432692A9746FD00FF9B4C /* Release */,
			);
			defaultConfigurationIsVisible = 0;
			defaultConfigurationName = Release;
		};
		84A7CAF92A9B5962000D95F2 /* Build configuration list for PBXNativeTarget "WatchLandmarks Watch App" */ = {
			isa = XCConfigurationList;
			buildConfigurations = (
				84A7CAFA2A9B5962000D95F2 /* Debug */,
				84A7CAFB2A9B5962000D95F2 /* Release */,
			);
			defaultConfigurationIsVisible = 0;
			defaultConfigurationName = Release;
		};
/* End XCConfigurationList section */
	};
	rootObject = 846432512A9746F900FF9B4C /* Project object */;
}
