// !$*UTF8*$!
{
	archiveVersion = 1;
	classes = {
	};
	objectVersion = 56;
	objects = {

/* Begin PBXBuildFile section */
		840A33582A9DEFAB00ACCE5B /* CoinModel.swift in Sources */ = {isa = PBXBuildFile; fileRef = 840A33572A9DEFAB00ACCE5B /* CoinModel.swift */; };
		840A335A2A9DFBDC00ACCE5B /* CoinRowView.swift in Sources */ = {isa = PBXBuildFile; fileRef = 840A33592A9DFBDC00ACCE5B /* CoinRowView.swift */; };
		840A335C2A9DFC2200ACCE5B /* PreviewProvider.swift in Sources */ = {isa = PBXBuildFile; fileRef = 840A335B2A9DFC2200ACCE5B /* PreviewProvider.swift */; };
		840A335E2A9E001F00ACCE5B /* Double.swift in Sources */ = {isa = PBXBuildFile; fileRef = 840A335D2A9E001F00ACCE5B /* Double.swift */; };
		840A33602A9E0CA600ACCE5B /* HomeViewModel.swift in Sources */ = {isa = PBXBuildFile; fileRef = 840A335F2A9E0CA600ACCE5B /* HomeViewModel.swift */; };
		840A33662A9E2A5A00ACCE5B /* CoinDataService.swift in Sources */ = {isa = PBXBuildFile; fileRef = 840A33652A9E2A5A00ACCE5B /* CoinDataService.swift */; };
		844021C32A9DDEE800D9CF28 /* MyCryptoApp.swift in Sources */ = {isa = PBXBuildFile; fileRef = 844021C22A9DDEE800D9CF28 /* MyCryptoApp.swift */; };
		844021C52A9DDEE800D9CF28 /* ContentView.swift in Sources */ = {isa = PBXBuildFile; fileRef = 844021C42A9DDEE800D9CF28 /* ContentView.swift */; };
		844021CA2A9DDEEA00D9CF28 /* Preview Assets.xcassets in Resources */ = {isa = PBXBuildFile; fileRef = 844021C92A9DDEEA00D9CF28 /* Preview Assets.xcassets */; };
		844021D12A9DDFDB00D9CF28 /* Assets.xcassets in Resources */ = {isa = PBXBuildFile; fileRef = 844021D02A9DDFDA00D9CF28 /* Assets.xcassets */; };
		844021D42A9DE06D00D9CF28 /* Color.swift in Sources */ = {isa = PBXBuildFile; fileRef = 844021D32A9DE06D00D9CF28 /* Color.swift */; };
		8443C6322AA0B6BB00C77521 /* NetworkingManager.swift in Sources */ = {isa = PBXBuildFile; fileRef = 8443C6312AA0B6BB00C77521 /* NetworkingManager.swift */; };
		8443C6352AA0C1F600C77521 /* CoinImageView.swift in Sources */ = {isa = PBXBuildFile; fileRef = 8443C6342AA0C1F600C77521 /* CoinImageView.swift */; };
		8443C6372AA0C48400C77521 /* CoinImageService.swift in Sources */ = {isa = PBXBuildFile; fileRef = 8443C6362AA0C48400C77521 /* CoinImageService.swift */; };
		8443C6392AA0C67900C77521 /* CoinImageViewModel.swift in Sources */ = {isa = PBXBuildFile; fileRef = 8443C6382AA0C67900C77521 /* CoinImageViewModel.swift */; };
		8443C63B2AA0CE8800C77521 /* LocalFileManager.swift in Sources */ = {isa = PBXBuildFile; fileRef = 8443C63A2AA0CE8800C77521 /* LocalFileManager.swift */; };
		8443C63D2AA0DD1E00C77521 /* SearchBarView.swift in Sources */ = {isa = PBXBuildFile; fileRef = 8443C63C2AA0DD1E00C77521 /* SearchBarView.swift */; };
		8443C63F2AA0E20600C77521 /* UIApplication.swift in Sources */ = {isa = PBXBuildFile; fileRef = 8443C63E2AA0E20600C77521 /* UIApplication.swift */; };
		84618C5C2A9DE24F0013ED01 /* HomeView.swift in Sources */ = {isa = PBXBuildFile; fileRef = 84618C5B2A9DE24F0013ED01 /* HomeView.swift */; };
		84618C602A9DE3F50013ED01 /* CircleButtonView.swift in Sources */ = {isa = PBXBuildFile; fileRef = 84618C5F2A9DE3F50013ED01 /* CircleButtonView.swift */; };
		84618C622A9DE8CB0013ED01 /* CircleButtonAnimationView.swift in Sources */ = {isa = PBXBuildFile; fileRef = 84618C612A9DE8CB0013ED01 /* CircleButtonAnimationView.swift */; };
/* End PBXBuildFile section */

/* Begin PBXFileReference section */
		840A33572A9DEFAB00ACCE5B /* CoinModel.swift */ = {isa = PBXFileReference; lastKnownFileType = sourcecode.swift; path = CoinModel.swift; sourceTree = "<group>"; };
		840A33592A9DFBDC00ACCE5B /* CoinRowView.swift */ = {isa = PBXFileReference; lastKnownFileType = sourcecode.swift; path = CoinRowView.swift; sourceTree = "<group>"; };
		840A335B2A9DFC2200ACCE5B /* PreviewProvider.swift */ = {isa = PBXFileReference; lastKnownFileType = sourcecode.swift; path = PreviewProvider.swift; sourceTree = "<group>"; };
		840A335D2A9E001F00ACCE5B /* Double.swift */ = {isa = PBXFileReference; lastKnownFileType = sourcecode.swift; path = Double.swift; sourceTree = "<group>"; };
		840A335F2A9E0CA600ACCE5B /* HomeViewModel.swift */ = {isa = PBXFileReference; lastKnownFileType = sourcecode.swift; path = HomeViewModel.swift; sourceTree = "<group>"; };
		840A33652A9E2A5A00ACCE5B /* CoinDataService.swift */ = {isa = PBXFileReference; lastKnownFileType = sourcecode.swift; path = CoinDataService.swift; sourceTree = "<group>"; };
		844021BF2A9DDEE800D9CF28 /* MyCrypto.app */ = {isa = PBXFileReference; explicitFileType = wrapper.application; includeInIndex = 0; path = MyCrypto.app; sourceTree = BUILT_PRODUCTS_DIR; };
		844021C22A9DDEE800D9CF28 /* MyCryptoApp.swift */ = {isa = PBXFileReference; lastKnownFileType = sourcecode.swift; path = MyCryptoApp.swift; sourceTree = "<group>"; };
		844021C42A9DDEE800D9CF28 /* ContentView.swift */ = {isa = PBXFileReference; lastKnownFileType = sourcecode.swift; path = ContentView.swift; sourceTree = "<group>"; };
		844021C92A9DDEEA00D9CF28 /* Preview Assets.xcassets */ = {isa = PBXFileReference; lastKnownFileType = folder.assetcatalog; path = "Preview Assets.xcassets"; sourceTree = "<group>"; };
		844021D02A9DDFDA00D9CF28 /* Assets.xcassets */ = {isa = PBXFileReference; lastKnownFileType = folder.assetcatalog; path = Assets.xcassets; sourceTree = "<group>"; };
		844021D32A9DE06D00D9CF28 /* Color.swift */ = {isa = PBXFileReference; lastKnownFileType = sourcecode.swift; path = Color.swift; sourceTree = "<group>"; };
		8443C6312AA0B6BB00C77521 /* NetworkingManager.swift */ = {isa = PBXFileReference; lastKnownFileType = sourcecode.swift; path = NetworkingManager.swift; sourceTree = "<group>"; };
		8443C6342AA0C1F600C77521 /* CoinImageView.swift */ = {isa = PBXFileReference; lastKnownFileType = sourcecode.swift; path = CoinImageView.swift; sourceTree = "<group>"; };
		8443C6362AA0C48400C77521 /* CoinImageService.swift */ = {isa = PBXFileReference; lastKnownFileType = sourcecode.swift; path = CoinImageService.swift; sourceTree = "<group>"; };
		8443C6382AA0C67900C77521 /* CoinImageViewModel.swift */ = {isa = PBXFileReference; lastKnownFileType = sourcecode.swift; path = CoinImageViewModel.swift; sourceTree = "<group>"; };
		8443C63A2AA0CE8800C77521 /* LocalFileManager.swift */ = {isa = PBXFileReference; lastKnownFileType = sourcecode.swift; path = LocalFileManager.swift; sourceTree = "<group>"; };
		8443C63C2AA0DD1E00C77521 /* SearchBarView.swift */ = {isa = PBXFileReference; lastKnownFileType = sourcecode.swift; path = SearchBarView.swift; sourceTree = "<group>"; };
		8443C63E2AA0E20600C77521 /* UIApplication.swift */ = {isa = PBXFileReference; lastKnownFileType = sourcecode.swift; path = UIApplication.swift; sourceTree = "<group>"; };
		84618C5B2A9DE24F0013ED01 /* HomeView.swift */ = {isa = PBXFileReference; lastKnownFileType = sourcecode.swift; path = HomeView.swift; sourceTree = "<group>"; };
		84618C5F2A9DE3F50013ED01 /* CircleButtonView.swift */ = {isa = PBXFileReference; lastKnownFileType = sourcecode.swift; path = CircleButtonView.swift; sourceTree = "<group>"; };
		84618C612A9DE8CB0013ED01 /* CircleButtonAnimationView.swift */ = {isa = PBXFileReference; lastKnownFileType = sourcecode.swift; path = CircleButtonAnimationView.swift; sourceTree = "<group>"; };
/* End PBXFileReference section */

/* Begin PBXFrameworksBuildPhase section */
		844021BC2A9DDEE800D9CF28 /* Frameworks */ = {
			isa = PBXFrameworksBuildPhase;
			buildActionMask = 2147483647;
			files = (
			);
			runOnlyForDeploymentPostprocessing = 0;
		};
/* End PBXFrameworksBuildPhase section */

/* Begin PBXGroup section */
		840A33562A9DEF6B00ACCE5B /* Models */ = {
			isa = PBXGroup;
			children = (
				840A33572A9DEFAB00ACCE5B /* CoinModel.swift */,
			);
			path = Models;
			sourceTree = "<group>";
		};
		840A33642A9E2A4300ACCE5B /* Services */ = {
			isa = PBXGroup;
			children = (
				840A33652A9E2A5A00ACCE5B /* CoinDataService.swift */,
				8443C6362AA0C48400C77521 /* CoinImageService.swift */,
			);
			path = Services;
			sourceTree = "<group>";
		};
		844021B62A9DDEE800D9CF28 = {
			isa = PBXGroup;
			children = (
				844021C12A9DDEE800D9CF28 /* MyCrypto */,
				844021C02A9DDEE800D9CF28 /* Products */,
			);
			sourceTree = "<group>";
		};
		844021C02A9DDEE800D9CF28 /* Products */ = {
			isa = PBXGroup;
			children = (
				844021BF2A9DDEE800D9CF28 /* MyCrypto.app */,
			);
			name = Products;
			sourceTree = "<group>";
		};
		844021C12A9DDEE800D9CF28 /* MyCrypto */ = {
			isa = PBXGroup;
			children = (
				8443C6302AA0B68100C77521 /* Utilities */,
				840A33642A9E2A4300ACCE5B /* Services */,
				840A33562A9DEF6B00ACCE5B /* Models */,
				84618C572A9DE2170013ED01 /* Core */,
				844021D22A9DE05900D9CF28 /* Extensions */,
				844021C22A9DDEE800D9CF28 /* MyCryptoApp.swift */,
				844021C42A9DDEE800D9CF28 /* ContentView.swift */,
				844021D02A9DDFDA00D9CF28 /* Assets.xcassets */,
				844021C82A9DDEEA00D9CF28 /* Preview Content */,
			);
			path = MyCrypto;
			sourceTree = "<group>";
		};
		844021C82A9DDEEA00D9CF28 /* Preview Content */ = {
			isa = PBXGroup;
			children = (
				844021C92A9DDEEA00D9CF28 /* Preview Assets.xcassets */,
			);
			path = "Preview Content";
			sourceTree = "<group>";
		};
		844021D22A9DE05900D9CF28 /* Extensions */ = {
			isa = PBXGroup;
			children = (
				844021D32A9DE06D00D9CF28 /* Color.swift */,
				840A335B2A9DFC2200ACCE5B /* PreviewProvider.swift */,
				840A335D2A9E001F00ACCE5B /* Double.swift */,
				8443C63E2AA0E20600C77521 /* UIApplication.swift */,
			);
			path = Extensions;
			sourceTree = "<group>";
		};
		8443C6302AA0B68100C77521 /* Utilities */ = {
			isa = PBXGroup;
			children = (
				8443C6312AA0B6BB00C77521 /* NetworkingManager.swift */,
				8443C63A2AA0CE8800C77521 /* LocalFileManager.swift */,
			);
			path = Utilities;
			sourceTree = "<group>";
		};
		8443C6332AA0C1E100C77521 /* CoinImage */ = {
			isa = PBXGroup;
			children = (
				8443C6342AA0C1F600C77521 /* CoinImageView.swift */,
			);
			path = CoinImage;
			sourceTree = "<group>";
		};
		84618C572A9DE2170013ED01 /* Core */ = {
			isa = PBXGroup;
			children = (
				84618C582A9DE2210013ED01 /* Home */,
			);
			path = Core;
			sourceTree = "<group>";
		};
		84618C582A9DE2210013ED01 /* Home */ = {
			isa = PBXGroup;
			children = (
				84618C5D2A9DE3C30013ED01 /* Components */,
				84618C5A2A9DE2340013ED01 /* View */,
				84618C592A9DE2280013ED01 /* ViewModels */,
			);
			path = Home;
			sourceTree = "<group>";
		};
		84618C592A9DE2280013ED01 /* ViewModels */ = {
			isa = PBXGroup;
			children = (
				840A335F2A9E0CA600ACCE5B /* HomeViewModel.swift */,
				8443C6382AA0C67900C77521 /* CoinImageViewModel.swift */,
			);
			path = ViewModels;
			sourceTree = "<group>";
		};
		84618C5A2A9DE2340013ED01 /* View */ = {
			isa = PBXGroup;
			children = (
				84618C5B2A9DE24F0013ED01 /* HomeView.swift */,
				840A33592A9DFBDC00ACCE5B /* CoinRowView.swift */,
			);
			path = View;
			sourceTree = "<group>";
		};
		84618C5D2A9DE3C30013ED01 /* Components */ = {
			isa = PBXGroup;
			children = (
				8443C6332AA0C1E100C77521 /* CoinImage */,
				84618C5E2A9DE3D70013ED01 /* CircleButton */,
				8443C63C2AA0DD1E00C77521 /* SearchBarView.swift */,
			);
			path = Components;
			sourceTree = "<group>";
		};
		84618C5E2A9DE3D70013ED01 /* CircleButton */ = {
			isa = PBXGroup;
			children = (
				84618C5F2A9DE3F50013ED01 /* CircleButtonView.swift */,
				84618C612A9DE8CB0013ED01 /* CircleButtonAnimationView.swift */,
			);
			path = CircleButton;
			sourceTree = "<group>";
		};
/* End PBXGroup section */

/* Begin PBXNativeTarget section */
		844021BE2A9DDEE800D9CF28 /* MyCrypto */ = {
			isa = PBXNativeTarget;
			buildConfigurationList = 844021CD2A9DDEEA00D9CF28 /* Build configuration list for PBXNativeTarget "MyCrypto" */;
			buildPhases = (
				844021BB2A9DDEE800D9CF28 /* Sources */,
				844021BC2A9DDEE800D9CF28 /* Frameworks */,
				844021BD2A9DDEE800D9CF28 /* Resources */,
			);
			buildRules = (
			);
			dependencies = (
			);
			name = MyCrypto;
			productName = MyCrypto;
			productReference = 844021BF2A9DDEE800D9CF28 /* MyCrypto.app */;
			productType = "com.apple.product-type.application";
		};
/* End PBXNativeTarget section */

/* Begin PBXProject section */
		844021B72A9DDEE800D9CF28 /* Project object */ = {
			isa = PBXProject;
			attributes = {
				BuildIndependentTargetsInParallel = 1;
				LastSwiftUpdateCheck = 1420;
				LastUpgradeCheck = 1420;
				TargetAttributes = {
					844021BE2A9DDEE800D9CF28 = {
						CreatedOnToolsVersion = 14.2;
					};
				};
			};
			buildConfigurationList = 844021BA2A9DDEE800D9CF28 /* Build configuration list for PBXProject "MyCrypto" */;
			compatibilityVersion = "Xcode 14.0";
			developmentRegion = en;
			hasScannedForEncodings = 0;
			knownRegions = (
				en,
				Base,
			);
			mainGroup = 844021B62A9DDEE800D9CF28;
			productRefGroup = 844021C02A9DDEE800D9CF28 /* Products */;
			projectDirPath = "";
			projectRoot = "";
			targets = (
				844021BE2A9DDEE800D9CF28 /* MyCrypto */,
			);
		};
/* End PBXProject section */

/* Begin PBXResourcesBuildPhase section */
		844021BD2A9DDEE800D9CF28 /* Resources */ = {
			isa = PBXResourcesBuildPhase;
			buildActionMask = 2147483647;
			files = (
				844021D12A9DDFDB00D9CF28 /* Assets.xcassets in Resources */,
				844021CA2A9DDEEA00D9CF28 /* Preview Assets.xcassets in Resources */,
			);
			runOnlyForDeploymentPostprocessing = 0;
		};
/* End PBXResourcesBuildPhase section */

/* Begin PBXSourcesBuildPhase section */
		844021BB2A9DDEE800D9CF28 /* Sources */ = {
			isa = PBXSourcesBuildPhase;
			buildActionMask = 2147483647;
			files = (
				840A33662A9E2A5A00ACCE5B /* CoinDataService.swift in Sources */,
				840A335A2A9DFBDC00ACCE5B /* CoinRowView.swift in Sources */,
				840A33602A9E0CA600ACCE5B /* HomeViewModel.swift in Sources */,
				844021C52A9DDEE800D9CF28 /* ContentView.swift in Sources */,
				8443C63B2AA0CE8800C77521 /* LocalFileManager.swift in Sources */,
				84618C5C2A9DE24F0013ED01 /* HomeView.swift in Sources */,
				8443C6352AA0C1F600C77521 /* CoinImageView.swift in Sources */,
				844021C32A9DDEE800D9CF28 /* MyCryptoApp.swift in Sources */,
				8443C63F2AA0E20600C77521 /* UIApplication.swift in Sources */,
				84618C602A9DE3F50013ED01 /* CircleButtonView.swift in Sources */,
				844021D42A9DE06D00D9CF28 /* Color.swift in Sources */,
				8443C63D2AA0DD1E00C77521 /* SearchBarView.swift in Sources */,
				8443C6322AA0B6BB00C77521 /* NetworkingManager.swift in Sources */,
				84618C622A9DE8CB0013ED01 /* CircleButtonAnimationView.swift in Sources */,
				8443C6392AA0C67900C77521 /* CoinImageViewModel.swift in Sources */,
				840A335C2A9DFC2200ACCE5B /* PreviewProvider.swift in Sources */,
				840A335E2A9E001F00ACCE5B /* Double.swift in Sources */,
				8443C6372AA0C48400C77521 /* CoinImageService.swift in Sources */,
				840A33582A9DEFAB00ACCE5B /* CoinModel.swift in Sources */,
			);
			runOnlyForDeploymentPostprocessing = 0;
		};
/* End PBXSourcesBuildPhase section */

/* Begin XCBuildConfiguration section */
		844021CB2A9DDEEA00D9CF28 /* Debug */ = {
			isa = XCBuildConfiguration;
			buildSettings = {
				ALWAYS_SEARCH_USER_PATHS = NO;
				CLANG_ANALYZER_NONNULL = YES;
				CLANG_ANALYZER_NUMBER_OBJECT_CONVERSION = YES_AGGRESSIVE;
				CLANG_CXX_LANGUAGE_STANDARD = "gnu++20";
				CLANG_ENABLE_MODULES = YES;
				CLANG_ENABLE_OBJC_ARC = YES;
				CLANG_ENABLE_OBJC_WEAK = YES;
				CLANG_WARN_BLOCK_CAPTURE_AUTORELEASING = YES;
				CLANG_WARN_BOOL_CONVERSION = YES;
				CLANG_WARN_COMMA = YES;
				CLANG_WARN_CONSTANT_CONVERSION = YES;
				CLANG_WARN_DEPRECATED_OBJC_IMPLEMENTATIONS = YES;
				CLANG_WARN_DIRECT_OBJC_ISA_USAGE = YES_ERROR;
				CLANG_WARN_DOCUMENTATION_COMMENTS = YES;
				CLANG_WARN_EMPTY_BODY = YES;
				CLANG_WARN_ENUM_CONVERSION = YES;
				CLANG_WARN_INFINITE_RECURSION = YES;
				CLANG_WARN_INT_CONVERSION = YES;
				CLANG_WARN_NON_LITERAL_NULL_CONVERSION = YES;
				CLANG_WARN_OBJC_IMPLICIT_RETAIN_SELF = YES;
				CLANG_WARN_OBJC_LITERAL_CONVERSION = YES;
				CLANG_WARN_OBJC_ROOT_CLASS = YES_ERROR;
				CLANG_WARN_QUOTED_INCLUDE_IN_FRAMEWORK_HEADER = YES;
				CLANG_WARN_RANGE_LOOP_ANALYSIS = YES;
				CLANG_WARN_STRICT_PROTOTYPES = YES;
				CLANG_WARN_SUSPICIOUS_MOVE = YES;
				CLANG_WARN_UNGUARDED_AVAILABILITY = YES_AGGRESSIVE;
				CLANG_WARN_UNREACHABLE_CODE = YES;
				CLANG_WARN__DUPLICATE_METHOD_MATCH = YES;
				COPY_PHASE_STRIP = NO;
				DEBUG_INFORMATION_FORMAT = dwarf;
				ENABLE_STRICT_OBJC_MSGSEND = YES;
				ENABLE_TESTABILITY = YES;
				GCC_C_LANGUAGE_STANDARD = gnu11;
				GCC_DYNAMIC_NO_PIC = NO;
				GCC_NO_COMMON_BLOCKS = YES;
				GCC_OPTIMIZATION_LEVEL = 0;
				GCC_PREPROCESSOR_DEFINITIONS = (
					"DEBUG=1",
					"$(inherited)",
				);
				GCC_WARN_64_TO_32_BIT_CONVERSION = YES;
				GCC_WARN_ABOUT_RETURN_TYPE = YES_ERROR;
				GCC_WARN_UNDECLARED_SELECTOR = YES;
				GCC_WARN_UNINITIALIZED_AUTOS = YES_AGGRESSIVE;
				GCC_WARN_UNUSED_FUNCTION = YES;
				GCC_WARN_UNUSED_VARIABLE = YES;
				IPHONEOS_DEPLOYMENT_TARGET = 16.2;
				MTL_ENABLE_DEBUG_INFO = INCLUDE_SOURCE;
				MTL_FAST_MATH = YES;
				ONLY_ACTIVE_ARCH = YES;
				SDKROOT = iphoneos;
				SWIFT_ACTIVE_COMPILATION_CONDITIONS = DEBUG;
				SWIFT_OPTIMIZATION_LEVEL = "-Onone";
			};
			name = Debug;
		};
		844021CC2A9DDEEA00D9CF28 /* Release */ = {
			isa = XCBuildConfiguration;
			buildSettings = {
				ALWAYS_SEARCH_USER_PATHS = NO;
				CLANG_ANALYZER_NONNULL = YES;
				CLANG_ANALYZER_NUMBER_OBJECT_CONVERSION = YES_AGGRESSIVE;
				CLANG_CXX_LANGUAGE_STANDARD = "gnu++20";
				CLANG_ENABLE_MODULES = YES;
				CLANG_ENABLE_OBJC_ARC = YES;
				CLANG_ENABLE_OBJC_WEAK = YES;
				CLANG_WARN_BLOCK_CAPTURE_AUTORELEASING = YES;
				CLANG_WARN_BOOL_CONVERSION = YES;
				CLANG_WARN_COMMA = YES;
				CLANG_WARN_CONSTANT_CONVERSION = YES;
				CLANG_WARN_DEPRECATED_OBJC_IMPLEMENTATIONS = YES;
				CLANG_WARN_DIRECT_OBJC_ISA_USAGE = YES_ERROR;
				CLANG_WARN_DOCUMENTATION_COMMENTS = YES;
				CLANG_WARN_EMPTY_BODY = YES;
				CLANG_WARN_ENUM_CONVERSION = YES;
				CLANG_WARN_INFINITE_RECURSION = YES;
				CLANG_WARN_INT_CONVERSION = YES;
				CLANG_WARN_NON_LITERAL_NULL_CONVERSION = YES;
				CLANG_WARN_OBJC_IMPLICIT_RETAIN_SELF = YES;
				CLANG_WARN_OBJC_LITERAL_CONVERSION = YES;
				CLANG_WARN_OBJC_ROOT_CLASS = YES_ERROR;
				CLANG_WARN_QUOTED_INCLUDE_IN_FRAMEWORK_HEADER = YES;
				CLANG_WARN_RANGE_LOOP_ANALYSIS = YES;
				CLANG_WARN_STRICT_PROTOTYPES = YES;
				CLANG_WARN_SUSPICIOUS_MOVE = YES;
				CLANG_WARN_UNGUARDED_AVAILABILITY = YES_AGGRESSIVE;
				CLANG_WARN_UNREACHABLE_CODE = YES;
				CLANG_WARN__DUPLICATE_METHOD_MATCH = YES;
				COPY_PHASE_STRIP = NO;
				DEBUG_INFORMATION_FORMAT = "dwarf-with-dsym";
				ENABLE_NS_ASSERTIONS = NO;
				ENABLE_STRICT_OBJC_MSGSEND = YES;
				GCC_C_LANGUAGE_STANDARD = gnu11;
				GCC_NO_COMMON_BLOCKS = YES;
				GCC_WARN_64_TO_32_BIT_CONVERSION = YES;
				GCC_WARN_ABOUT_RETURN_TYPE = YES_ERROR;
				GCC_WARN_UNDECLARED_SELECTOR = YES;
				GCC_WARN_UNINITIALIZED_AUTOS = YES_AGGRESSIVE;
				GCC_WARN_UNUSED_FUNCTION = YES;
				GCC_WARN_UNUSED_VARIABLE = YES;
				IPHONEOS_DEPLOYMENT_TARGET = 16.2;
				MTL_ENABLE_DEBUG_INFO = NO;
				MTL_FAST_MATH = YES;
				SDKROOT = iphoneos;
				SWIFT_COMPILATION_MODE = wholemodule;
				SWIFT_OPTIMIZATION_LEVEL = "-O";
				VALIDATE_PRODUCT = YES;
			};
			name = Release;
		};
		844021CE2A9DDEEA00D9CF28 /* Debug */ = {
			isa = XCBuildConfiguration;
			buildSettings = {
				ASSETCATALOG_COMPILER_APPICON_NAME = AppIcon;
				ASSETCATALOG_COMPILER_GLOBAL_ACCENT_COLOR_NAME = AccentColor;
				CODE_SIGN_STYLE = Automatic;
				CURRENT_PROJECT_VERSION = 1;
				DEVELOPMENT_ASSET_PATHS = "\"MyCrypto/Preview Content\"";
				DEVELOPMENT_TEAM = DFVUWR494M;
				ENABLE_PREVIEWS = YES;
				GENERATE_INFOPLIST_FILE = YES;
				INFOPLIST_KEY_UIApplicationSceneManifest_Generation = YES;
				INFOPLIST_KEY_UIApplicationSupportsIndirectInputEvents = YES;
				INFOPLIST_KEY_UILaunchScreen_Generation = YES;
				INFOPLIST_KEY_UISupportedInterfaceOrientations = UIInterfaceOrientationPortrait;
				IPHONEOS_DEPLOYMENT_TARGET = 14.0;
				LD_RUNPATH_SEARCH_PATHS = (
					"$(inherited)",
					"@executable_path/Frameworks",
				);
				MARKETING_VERSION = 1.0;
				PRODUCT_BUNDLE_IDENTIFIER = com.nazarKuznetsov.MyCrypto;
				PRODUCT_NAME = "$(TARGET_NAME)";
				SWIFT_EMIT_LOC_STRINGS = YES;
				SWIFT_VERSION = 5.0;
				TARGETED_DEVICE_FAMILY = "1,2";
			};
			name = Debug;
		};
		844021CF2A9DDEEA00D9CF28 /* Release */ = {
			isa = XCBuildConfiguration;
			buildSettings = {
				ASSETCATALOG_COMPILER_APPICON_NAME = AppIcon;
				ASSETCATALOG_COMPILER_GLOBAL_ACCENT_COLOR_NAME = AccentColor;
				CODE_SIGN_STYLE = Automatic;
				CURRENT_PROJECT_VERSION = 1;
				DEVELOPMENT_ASSET_PATHS = "\"MyCrypto/Preview Content\"";
				DEVELOPMENT_TEAM = DFVUWR494M;
				ENABLE_PREVIEWS = YES;
				GENERATE_INFOPLIST_FILE = YES;
				INFOPLIST_KEY_UIApplicationSceneManifest_Generation = YES;
				INFOPLIST_KEY_UIApplicationSupportsIndirectInputEvents = YES;
				INFOPLIST_KEY_UILaunchScreen_Generation = YES;
				INFOPLIST_KEY_UISupportedInterfaceOrientations = UIInterfaceOrientationPortrait;
				IPHONEOS_DEPLOYMENT_TARGET = 14.0;
				LD_RUNPATH_SEARCH_PATHS = (
					"$(inherited)",
					"@executable_path/Frameworks",
				);
				MARKETING_VERSION = 1.0;
				PRODUCT_BUNDLE_IDENTIFIER = com.nazarKuznetsov.MyCrypto;
				PRODUCT_NAME = "$(TARGET_NAME)";
				SWIFT_EMIT_LOC_STRINGS = YES;
				SWIFT_VERSION = 5.0;
				TARGETED_DEVICE_FAMILY = "1,2";
			};
			name = Release;
		};
/* End XCBuildConfiguration section */

/* Begin XCConfigurationList section */
		844021BA2A9DDEE800D9CF28 /* Build configuration list for PBXProject "MyCrypto" */ = {
			isa = XCConfigurationList;
			buildConfigurations = (
				844021CB2A9DDEEA00D9CF28 /* Debug */,
				844021CC2A9DDEEA00D9CF28 /* Release */,
			);
			defaultConfigurationIsVisible = 0;
			defaultConfigurationName = Release;
		};
		844021CD2A9DDEEA00D9CF28 /* Build configuration list for PBXNativeTarget "MyCrypto" */ = {
			isa = XCConfigurationList;
			buildConfigurations = (
				844021CE2A9DDEEA00D9CF28 /* Debug */,
				844021CF2A9DDEEA00D9CF28 /* Release */,
			);
			defaultConfigurationIsVisible = 0;
			defaultConfigurationName = Release;
		};
/* End XCConfigurationList section */
	};
	rootObject = 844021B72A9DDEE800D9CF28 /* Project object */;
}
