// !$*UTF8*$!
{
	archiveVersion = 1;
	classes = {
	};
	objectVersion = 56;
	objects = {

/* Begin PBXBuildFile section */
		843956912ADD3B5A00204517 /* Gilroy-Bold.ttf in Resources */ = {isa = PBXBuildFile; fileRef = 8439568D2ADD3B5A00204517 /* Gilroy-Bold.ttf */; };
		843956922ADD3B5A00204517 /* Gilroy-SemiBold.ttf in Resources */ = {isa = PBXBuildFile; fileRef = 8439568E2ADD3B5A00204517 /* Gilroy-SemiBold.ttf */; };
		843956932ADD3B5A00204517 /* Gilroy-Regular.ttf in Resources */ = {isa = PBXBuildFile; fileRef = 8439568F2ADD3B5A00204517 /* Gilroy-Regular.ttf */; };
		843956942ADD3B5A00204517 /* Gilroy-Medium.ttf in Resources */ = {isa = PBXBuildFile; fileRef = 843956902ADD3B5A00204517 /* Gilroy-Medium.ttf */; };
		843956962ADD3B8800204517 /* Assets.xcassets in Resources */ = {isa = PBXBuildFile; fileRef = 843956952ADD3B8800204517 /* Assets.xcassets */; };
		843956A02ADD552600204517 /* WelcomeView.swift in Sources */ = {isa = PBXBuildFile; fileRef = 8439569F2ADD552600204517 /* WelcomeView.swift */; };
		843956A42ADD555E00204517 /* Launch Screen.storyboard in Resources */ = {isa = PBXBuildFile; fileRef = 843956A32ADD555E00204517 /* Launch Screen.storyboard */; };
		843956A52ADD555E00204517 /* Launch Screen.storyboard in Resources */ = {isa = PBXBuildFile; fileRef = 843956A32ADD555E00204517 /* Launch Screen.storyboard */; };
		843956A62ADD555E00204517 /* Launch Screen.storyboard in Resources */ = {isa = PBXBuildFile; fileRef = 843956A32ADD555E00204517 /* Launch Screen.storyboard */; };
		845FA8AD2AD7EADD00939E83 /* FoodShopAppApp.swift in Sources */ = {isa = PBXBuildFile; fileRef = 845FA8AC2AD7EADD00939E83 /* FoodShopAppApp.swift */; };
		845FA8B42AD7EADF00939E83 /* Preview Assets.xcassets in Resources */ = {isa = PBXBuildFile; fileRef = 845FA8B32AD7EADF00939E83 /* Preview Assets.xcassets */; };
		845FA8BE2AD7EADF00939E83 /* FoodShopAppTests.swift in Sources */ = {isa = PBXBuildFile; fileRef = 845FA8BD2AD7EADF00939E83 /* FoodShopAppTests.swift */; };
		845FA8C82AD7EAE000939E83 /* FoodShopAppUITests.swift in Sources */ = {isa = PBXBuildFile; fileRef = 845FA8C72AD7EAE000939E83 /* FoodShopAppUITests.swift */; };
		845FA8CA2AD7EAE000939E83 /* FoodShopAppUITestsLaunchTests.swift in Sources */ = {isa = PBXBuildFile; fileRef = 845FA8C92AD7EAE000939E83 /* FoodShopAppUITestsLaunchTests.swift */; };
/* End PBXBuildFile section */

/* Begin PBXContainerItemProxy section */
		845FA8BA2AD7EADF00939E83 /* PBXContainerItemProxy */ = {
			isa = PBXContainerItemProxy;
			containerPortal = 845FA8A12AD7EADD00939E83 /* Project object */;
			proxyType = 1;
			remoteGlobalIDString = 845FA8A82AD7EADD00939E83;
			remoteInfo = FoodShopApp;
		};
		845FA8C42AD7EADF00939E83 /* PBXContainerItemProxy */ = {
			isa = PBXContainerItemProxy;
			containerPortal = 845FA8A12AD7EADD00939E83 /* Project object */;
			proxyType = 1;
			remoteGlobalIDString = 845FA8A82AD7EADD00939E83;
			remoteInfo = FoodShopApp;
		};
/* End PBXContainerItemProxy section */

/* Begin PBXFileReference section */
		8439568D2ADD3B5A00204517 /* Gilroy-Bold.ttf */ = {isa = PBXFileReference; lastKnownFileType = file; path = "Gilroy-Bold.ttf"; sourceTree = "<group>"; };
		8439568E2ADD3B5A00204517 /* Gilroy-SemiBold.ttf */ = {isa = PBXFileReference; lastKnownFileType = file; path = "Gilroy-SemiBold.ttf"; sourceTree = "<group>"; };
		8439568F2ADD3B5A00204517 /* Gilroy-Regular.ttf */ = {isa = PBXFileReference; lastKnownFileType = file; path = "Gilroy-Regular.ttf"; sourceTree = "<group>"; };
		843956902ADD3B5A00204517 /* Gilroy-Medium.ttf */ = {isa = PBXFileReference; lastKnownFileType = file; path = "Gilroy-Medium.ttf"; sourceTree = "<group>"; };
		843956952ADD3B8800204517 /* Assets.xcassets */ = {isa = PBXFileReference; lastKnownFileType = folder.assetcatalog; path = Assets.xcassets; sourceTree = "<group>"; };
		843956992ADD535500204517 /* Info.plist */ = {isa = PBXFileReference; lastKnownFileType = text.plist; path = Info.plist; sourceTree = "<group>"; };
		8439569F2ADD552600204517 /* WelcomeView.swift */ = {isa = PBXFileReference; lastKnownFileType = sourcecode.swift; path = WelcomeView.swift; sourceTree = "<group>"; };
		843956A32ADD555E00204517 /* Launch Screen.storyboard */ = {isa = PBXFileReference; lastKnownFileType = file.storyboard; path = "Launch Screen.storyboard"; sourceTree = "<group>"; };
		845FA8A92AD7EADD00939E83 /* FoodShopApp.app */ = {isa = PBXFileReference; explicitFileType = wrapper.application; includeInIndex = 0; path = FoodShopApp.app; sourceTree = BUILT_PRODUCTS_DIR; };
		845FA8AC2AD7EADD00939E83 /* FoodShopAppApp.swift */ = {isa = PBXFileReference; lastKnownFileType = sourcecode.swift; path = FoodShopAppApp.swift; sourceTree = "<group>"; };
		845FA8B32AD7EADF00939E83 /* Preview Assets.xcassets */ = {isa = PBXFileReference; lastKnownFileType = folder.assetcatalog; path = "Preview Assets.xcassets"; sourceTree = "<group>"; };
		845FA8B92AD7EADF00939E83 /* FoodShopAppTests.xctest */ = {isa = PBXFileReference; explicitFileType = wrapper.cfbundle; includeInIndex = 0; path = FoodShopAppTests.xctest; sourceTree = BUILT_PRODUCTS_DIR; };
		845FA8BD2AD7EADF00939E83 /* FoodShopAppTests.swift */ = {isa = PBXFileReference; lastKnownFileType = sourcecode.swift; path = FoodShopAppTests.swift; sourceTree = "<group>"; };
		845FA8C32AD7EADF00939E83 /* FoodShopAppUITests.xctest */ = {isa = PBXFileReference; explicitFileType = wrapper.cfbundle; includeInIndex = 0; path = FoodShopAppUITests.xctest; sourceTree = BUILT_PRODUCTS_DIR; };
		845FA8C72AD7EAE000939E83 /* FoodShopAppUITests.swift */ = {isa = PBXFileReference; lastKnownFileType = sourcecode.swift; path = FoodShopAppUITests.swift; sourceTree = "<group>"; };
		845FA8C92AD7EAE000939E83 /* FoodShopAppUITestsLaunchTests.swift */ = {isa = PBXFileReference; lastKnownFileType = sourcecode.swift; path = FoodShopAppUITestsLaunchTests.swift; sourceTree = "<group>"; };
/* End PBXFileReference section */

/* Begin PBXFrameworksBuildPhase section */
		845FA8A62AD7EADD00939E83 /* Frameworks */ = {
			isa = PBXFrameworksBuildPhase;
			buildActionMask = 2147483647;
			files = (
			);
			runOnlyForDeploymentPostprocessing = 0;
		};
		845FA8B62AD7EADF00939E83 /* Frameworks */ = {
			isa = PBXFrameworksBuildPhase;
			buildActionMask = 2147483647;
			files = (
			);
			runOnlyForDeploymentPostprocessing = 0;
		};
		845FA8C02AD7EADF00939E83 /* Frameworks */ = {
			isa = PBXFrameworksBuildPhase;
			buildActionMask = 2147483647;
			files = (
			);
			runOnlyForDeploymentPostprocessing = 0;
		};
/* End PBXFrameworksBuildPhase section */

/* Begin PBXGroup section */
		8439568C2ADD3B3300204517 /* Font */ = {
			isa = PBXGroup;
			children = (
				8439568D2ADD3B5A00204517 /* Gilroy-Bold.ttf */,
				843956902ADD3B5A00204517 /* Gilroy-Medium.ttf */,
				8439568F2ADD3B5A00204517 /* Gilroy-Regular.ttf */,
				8439568E2ADD3B5A00204517 /* Gilroy-SemiBold.ttf */,
			);
			path = Font;
			sourceTree = "<group>";
		};
		8439569A2ADD548E00204517 /* View */ = {
			isa = PBXGroup;
			children = (
				8439569E2ADD551000204517 /* Login */,
			);
			path = View;
			sourceTree = "<group>";
		};
		8439569B2ADD549500204517 /* Model */ = {
			isa = PBXGroup;
			children = (
			);
			path = Model;
			sourceTree = "<group>";
		};
		8439569C2ADD54A200204517 /* ViewModel */ = {
			isa = PBXGroup;
			children = (
			);
			path = ViewModel;
			sourceTree = "<group>";
		};
		8439569D2ADD54DD00204517 /* UICommon */ = {
			isa = PBXGroup;
			children = (
			);
			path = UICommon;
			sourceTree = "<group>";
		};
		8439569E2ADD551000204517 /* Login */ = {
			isa = PBXGroup;
			children = (
				8439569F2ADD552600204517 /* WelcomeView.swift */,
			);
			path = Login;
			sourceTree = "<group>";
		};
		845FA8A02AD7EADD00939E83 = {
			isa = PBXGroup;
			children = (
				845FA8AB2AD7EADD00939E83 /* FoodShopApp */,
				845FA8BC2AD7EADF00939E83 /* FoodShopAppTests */,
				845FA8C62AD7EADF00939E83 /* FoodShopAppUITests */,
				845FA8AA2AD7EADD00939E83 /* Products */,
			);
			sourceTree = "<group>";
		};
		845FA8AA2AD7EADD00939E83 /* Products */ = {
			isa = PBXGroup;
			children = (
				845FA8A92AD7EADD00939E83 /* FoodShopApp.app */,
				845FA8B92AD7EADF00939E83 /* FoodShopAppTests.xctest */,
				845FA8C32AD7EADF00939E83 /* FoodShopAppUITests.xctest */,
			);
			name = Products;
			sourceTree = "<group>";
		};
		845FA8AB2AD7EADD00939E83 /* FoodShopApp */ = {
			isa = PBXGroup;
			children = (
				8439569D2ADD54DD00204517 /* UICommon */,
				8439569C2ADD54A200204517 /* ViewModel */,
				8439569B2ADD549500204517 /* Model */,
				8439569A2ADD548E00204517 /* View */,
				843956992ADD535500204517 /* Info.plist */,
				843956952ADD3B8800204517 /* Assets.xcassets */,
				8439568C2ADD3B3300204517 /* Font */,
				845FA8AC2AD7EADD00939E83 /* FoodShopAppApp.swift */,
				845FA8B22AD7EADF00939E83 /* Preview Content */,
				843956A32ADD555E00204517 /* Launch Screen.storyboard */,
			);
			path = FoodShopApp;
			sourceTree = "<group>";
		};
		845FA8B22AD7EADF00939E83 /* Preview Content */ = {
			isa = PBXGroup;
			children = (
				845FA8B32AD7EADF00939E83 /* Preview Assets.xcassets */,
			);
			path = "Preview Content";
			sourceTree = "<group>";
		};
		845FA8BC2AD7EADF00939E83 /* FoodShopAppTests */ = {
			isa = PBXGroup;
			children = (
				845FA8BD2AD7EADF00939E83 /* FoodShopAppTests.swift */,
			);
			path = FoodShopAppTests;
			sourceTree = "<group>";
		};
		845FA8C62AD7EADF00939E83 /* FoodShopAppUITests */ = {
			isa = PBXGroup;
			children = (
				845FA8C72AD7EAE000939E83 /* FoodShopAppUITests.swift */,
				845FA8C92AD7EAE000939E83 /* FoodShopAppUITestsLaunchTests.swift */,
			);
			path = FoodShopAppUITests;
			sourceTree = "<group>";
		};
/* End PBXGroup section */

/* Begin PBXNativeTarget section */
		845FA8A82AD7EADD00939E83 /* FoodShopApp */ = {
			isa = PBXNativeTarget;
			buildConfigurationList = 845FA8CD2AD7EAE000939E83 /* Build configuration list for PBXNativeTarget "FoodShopApp" */;
			buildPhases = (
				845FA8A52AD7EADD00939E83 /* Sources */,
				845FA8A62AD7EADD00939E83 /* Frameworks */,
				845FA8A72AD7EADD00939E83 /* Resources */,
			);
			buildRules = (
			);
			dependencies = (
			);
			name = FoodShopApp;
			productName = FoodShopApp;
			productReference = 845FA8A92AD7EADD00939E83 /* FoodShopApp.app */;
			productType = "com.apple.product-type.application";
		};
		845FA8B82AD7EADF00939E83 /* FoodShopAppTests */ = {
			isa = PBXNativeTarget;
			buildConfigurationList = 845FA8D02AD7EAE000939E83 /* Build configuration list for PBXNativeTarget "FoodShopAppTests" */;
			buildPhases = (
				845FA8B52AD7EADF00939E83 /* Sources */,
				845FA8B62AD7EADF00939E83 /* Frameworks */,
				845FA8B72AD7EADF00939E83 /* Resources */,
			);
			buildRules = (
			);
			dependencies = (
				845FA8BB2AD7EADF00939E83 /* PBXTargetDependency */,
			);
			name = FoodShopAppTests;
			productName = FoodShopAppTests;
			productReference = 845FA8B92AD7EADF00939E83 /* FoodShopAppTests.xctest */;
			productType = "com.apple.product-type.bundle.unit-test";
		};
		845FA8C22AD7EADF00939E83 /* FoodShopAppUITests */ = {
			isa = PBXNativeTarget;
			buildConfigurationList = 845FA8D32AD7EAE000939E83 /* Build configuration list for PBXNativeTarget "FoodShopAppUITests" */;
			buildPhases = (
				845FA8BF2AD7EADF00939E83 /* Sources */,
				845FA8C02AD7EADF00939E83 /* Frameworks */,
				845FA8C12AD7EADF00939E83 /* Resources */,
			);
			buildRules = (
			);
			dependencies = (
				845FA8C52AD7EADF00939E83 /* PBXTargetDependency */,
			);
			name = FoodShopAppUITests;
			productName = FoodShopAppUITests;
			productReference = 845FA8C32AD7EADF00939E83 /* FoodShopAppUITests.xctest */;
			productType = "com.apple.product-type.bundle.ui-testing";
		};
/* End PBXNativeTarget section */

/* Begin PBXProject section */
		845FA8A12AD7EADD00939E83 /* Project object */ = {
			isa = PBXProject;
			attributes = {
				BuildIndependentTargetsInParallel = 1;
				LastSwiftUpdateCheck = 1500;
				LastUpgradeCheck = 1500;
				TargetAttributes = {
					845FA8A82AD7EADD00939E83 = {
						CreatedOnToolsVersion = 15.0;
					};
					845FA8B82AD7EADF00939E83 = {
						CreatedOnToolsVersion = 15.0;
						TestTargetID = 845FA8A82AD7EADD00939E83;
					};
					845FA8C22AD7EADF00939E83 = {
						CreatedOnToolsVersion = 15.0;
						TestTargetID = 845FA8A82AD7EADD00939E83;
					};
				};
			};
			buildConfigurationList = 845FA8A42AD7EADD00939E83 /* Build configuration list for PBXProject "FoodShopApp" */;
			compatibilityVersion = "Xcode 14.0";
			developmentRegion = en;
			hasScannedForEncodings = 0;
			knownRegions = (
				en,
				Base,
			);
			mainGroup = 845FA8A02AD7EADD00939E83;
			productRefGroup = 845FA8AA2AD7EADD00939E83 /* Products */;
			projectDirPath = "";
			projectRoot = "";
			targets = (
				845FA8A82AD7EADD00939E83 /* FoodShopApp */,
				845FA8B82AD7EADF00939E83 /* FoodShopAppTests */,
				845FA8C22AD7EADF00939E83 /* FoodShopAppUITests */,
			);
		};
/* End PBXProject section */

/* Begin PBXResourcesBuildPhase section */
		845FA8A72AD7EADD00939E83 /* Resources */ = {
			isa = PBXResourcesBuildPhase;
			buildActionMask = 2147483647;
			files = (
				843956932ADD3B5A00204517 /* Gilroy-Regular.ttf in Resources */,
				843956942ADD3B5A00204517 /* Gilroy-Medium.ttf in Resources */,
				843956912ADD3B5A00204517 /* Gilroy-Bold.ttf in Resources */,
				843956922ADD3B5A00204517 /* Gilroy-SemiBold.ttf in Resources */,
				843956962ADD3B8800204517 /* Assets.xcassets in Resources */,
				845FA8B42AD7EADF00939E83 /* Preview Assets.xcassets in Resources */,
				843956A42ADD555E00204517 /* Launch Screen.storyboard in Resources */,
			);
			runOnlyForDeploymentPostprocessing = 0;
		};
		845FA8B72AD7EADF00939E83 /* Resources */ = {
			isa = PBXResourcesBuildPhase;
			buildActionMask = 2147483647;
			files = (
				843956A52ADD555E00204517 /* Launch Screen.storyboard in Resources */,
			);
			runOnlyForDeploymentPostprocessing = 0;
		};
		845FA8C12AD7EADF00939E83 /* Resources */ = {
			isa = PBXResourcesBuildPhase;
			buildActionMask = 2147483647;
			files = (
				843956A62ADD555E00204517 /* Launch Screen.storyboard in Resources */,
			);
			runOnlyForDeploymentPostprocessing = 0;
		};
/* End PBXResourcesBuildPhase section */

/* Begin PBXSourcesBuildPhase section */
		845FA8A52AD7EADD00939E83 /* Sources */ = {
			isa = PBXSourcesBuildPhase;
			buildActionMask = 2147483647;
			files = (
				845FA8AD2AD7EADD00939E83 /* FoodShopAppApp.swift in Sources */,
				843956A02ADD552600204517 /* WelcomeView.swift in Sources */,
			);
			runOnlyForDeploymentPostprocessing = 0;
		};
		845FA8B52AD7EADF00939E83 /* Sources */ = {
			isa = PBXSourcesBuildPhase;
			buildActionMask = 2147483647;
			files = (
				845FA8BE2AD7EADF00939E83 /* FoodShopAppTests.swift in Sources */,
			);
			runOnlyForDeploymentPostprocessing = 0;
		};
		845FA8BF2AD7EADF00939E83 /* Sources */ = {
			isa = PBXSourcesBuildPhase;
			buildActionMask = 2147483647;
			files = (
				845FA8CA2AD7EAE000939E83 /* FoodShopAppUITestsLaunchTests.swift in Sources */,
				845FA8C82AD7EAE000939E83 /* FoodShopAppUITests.swift in Sources */,
			);
			runOnlyForDeploymentPostprocessing = 0;
		};
/* End PBXSourcesBuildPhase section */

/* Begin PBXTargetDependency section */
		845FA8BB2AD7EADF00939E83 /* PBXTargetDependency */ = {
			isa = PBXTargetDependency;
			target = 845FA8A82AD7EADD00939E83 /* FoodShopApp */;
			targetProxy = 845FA8BA2AD7EADF00939E83 /* PBXContainerItemProxy */;
		};
		845FA8C52AD7EADF00939E83 /* PBXTargetDependency */ = {
			isa = PBXTargetDependency;
			target = 845FA8A82AD7EADD00939E83 /* FoodShopApp */;
			targetProxy = 845FA8C42AD7EADF00939E83 /* PBXContainerItemProxy */;
		};
/* End PBXTargetDependency section */

/* Begin XCBuildConfiguration section */
		845FA8CB2AD7EAE000939E83 /* Debug */ = {
			isa = XCBuildConfiguration;
			buildSettings = {
				ALWAYS_SEARCH_USER_PATHS = NO;
				ASSETCATALOG_COMPILER_GENERATE_SWIFT_ASSET_SYMBOL_EXTENSIONS = YES;
				CLANG_ANALYZER_NONNULL = YES;
				CLANG_ANALYZER_NUMBER_OBJECT_CONVERSION = YES_AGGRESSIVE;
				CLANG_CXX_LANGUAGE_STANDARD = "gnu++20";
				CLANG_ENABLE_MODULES = YES;
				CLANG_ENABLE_OBJC_ARC = YES;
				CLANG_ENABLE_OBJC_WEAK = YES;
				CLANG_WARN_BLOCK_CAPTURE_AUTORELEASING = YES;
				CLANG_WARN_BOOL_CONVERSION = YES;
				CLANG_WARN_COMMA = YES;
				CLANG_WARN_CONSTANT_CONVERSION = YES;
				CLANG_WARN_DEPRECATED_OBJC_IMPLEMENTATIONS = YES;
				CLANG_WARN_DIRECT_OBJC_ISA_USAGE = YES_ERROR;
				CLANG_WARN_DOCUMENTATION_COMMENTS = YES;
				CLANG_WARN_EMPTY_BODY = YES;
				CLANG_WARN_ENUM_CONVERSION = YES;
				CLANG_WARN_INFINITE_RECURSION = YES;
				CLANG_WARN_INT_CONVERSION = YES;
				CLANG_WARN_NON_LITERAL_NULL_CONVERSION = YES;
				CLANG_WARN_OBJC_IMPLICIT_RETAIN_SELF = YES;
				CLANG_WARN_OBJC_LITERAL_CONVERSION = YES;
				CLANG_WARN_OBJC_ROOT_CLASS = YES_ERROR;
				CLANG_WARN_QUOTED_INCLUDE_IN_FRAMEWORK_HEADER = YES;
				CLANG_WARN_RANGE_LOOP_ANALYSIS = YES;
				CLANG_WARN_STRICT_PROTOTYPES = YES;
				CLANG_WARN_SUSPICIOUS_MOVE = YES;
				CLANG_WARN_UNGUARDED_AVAILABILITY = YES_AGGRESSIVE;
				CLANG_WARN_UNREACHABLE_CODE = YES;
				CLANG_WARN__DUPLICATE_METHOD_MATCH = YES;
				COPY_PHASE_STRIP = NO;
				DEBUG_INFORMATION_FORMAT = dwarf;
				ENABLE_STRICT_OBJC_MSGSEND = YES;
				ENABLE_TESTABILITY = YES;
				ENABLE_USER_SCRIPT_SANDBOXING = YES;
				GCC_C_LANGUAGE_STANDARD = gnu17;
				GCC_DYNAMIC_NO_PIC = NO;
				GCC_NO_COMMON_BLOCKS = YES;
				GCC_OPTIMIZATION_LEVEL = 0;
				GCC_PREPROCESSOR_DEFINITIONS = (
					"DEBUG=1",
					"$(inherited)",
				);
				GCC_WARN_64_TO_32_BIT_CONVERSION = YES;
				GCC_WARN_ABOUT_RETURN_TYPE = YES_ERROR;
				GCC_WARN_UNDECLARED_SELECTOR = YES;
				GCC_WARN_UNINITIALIZED_AUTOS = YES_AGGRESSIVE;
				GCC_WARN_UNUSED_FUNCTION = YES;
				GCC_WARN_UNUSED_VARIABLE = YES;
				IPHONEOS_DEPLOYMENT_TARGET = 17.0;
				LOCALIZATION_PREFERS_STRING_CATALOGS = YES;
				MTL_ENABLE_DEBUG_INFO = INCLUDE_SOURCE;
				MTL_FAST_MATH = YES;
				ONLY_ACTIVE_ARCH = YES;
				SDKROOT = iphoneos;
				SWIFT_ACTIVE_COMPILATION_CONDITIONS = "DEBUG $(inherited)";
				SWIFT_OPTIMIZATION_LEVEL = "-Onone";
			};
			name = Debug;
		};
		845FA8CC2AD7EAE000939E83 /* Release */ = {
			isa = XCBuildConfiguration;
			buildSettings = {
				ALWAYS_SEARCH_USER_PATHS = NO;
				ASSETCATALOG_COMPILER_GENERATE_SWIFT_ASSET_SYMBOL_EXTENSIONS = YES;
				CLANG_ANALYZER_NONNULL = YES;
				CLANG_ANALYZER_NUMBER_OBJECT_CONVERSION = YES_AGGRESSIVE;
				CLANG_CXX_LANGUAGE_STANDARD = "gnu++20";
				CLANG_ENABLE_MODULES = YES;
				CLANG_ENABLE_OBJC_ARC = YES;
				CLANG_ENABLE_OBJC_WEAK = YES;
				CLANG_WARN_BLOCK_CAPTURE_AUTORELEASING = YES;
				CLANG_WARN_BOOL_CONVERSION = YES;
				CLANG_WARN_COMMA = YES;
				CLANG_WARN_CONSTANT_CONVERSION = YES;
				CLANG_WARN_DEPRECATED_OBJC_IMPLEMENTATIONS = YES;
				CLANG_WARN_DIRECT_OBJC_ISA_USAGE = YES_ERROR;
				CLANG_WARN_DOCUMENTATION_COMMENTS = YES;
				CLANG_WARN_EMPTY_BODY = YES;
				CLANG_WARN_ENUM_CONVERSION = YES;
				CLANG_WARN_INFINITE_RECURSION = YES;
				CLANG_WARN_INT_CONVERSION = YES;
				CLANG_WARN_NON_LITERAL_NULL_CONVERSION = YES;
				CLANG_WARN_OBJC_IMPLICIT_RETAIN_SELF = YES;
				CLANG_WARN_OBJC_LITERAL_CONVERSION = YES;
				CLANG_WARN_OBJC_ROOT_CLASS = YES_ERROR;
				CLANG_WARN_QUOTED_INCLUDE_IN_FRAMEWORK_HEADER = YES;
				CLANG_WARN_RANGE_LOOP_ANALYSIS = YES;
				CLANG_WARN_STRICT_PROTOTYPES = YES;
				CLANG_WARN_SUSPICIOUS_MOVE = YES;
				CLANG_WARN_UNGUARDED_AVAILABILITY = YES_AGGRESSIVE;
				CLANG_WARN_UNREACHABLE_CODE = YES;
				CLANG_WARN__DUPLICATE_METHOD_MATCH = YES;
				COPY_PHASE_STRIP = NO;
				DEBUG_INFORMATION_FORMAT = "dwarf-with-dsym";
				ENABLE_NS_ASSERTIONS = NO;
				ENABLE_STRICT_OBJC_MSGSEND = YES;
				ENABLE_USER_SCRIPT_SANDBOXING = YES;
				GCC_C_LANGUAGE_STANDARD = gnu17;
				GCC_NO_COMMON_BLOCKS = YES;
				GCC_WARN_64_TO_32_BIT_CONVERSION = YES;
				GCC_WARN_ABOUT_RETURN_TYPE = YES_ERROR;
				GCC_WARN_UNDECLARED_SELECTOR = YES;
				GCC_WARN_UNINITIALIZED_AUTOS = YES_AGGRESSIVE;
				GCC_WARN_UNUSED_FUNCTION = YES;
				GCC_WARN_UNUSED_VARIABLE = YES;
				IPHONEOS_DEPLOYMENT_TARGET = 17.0;
				LOCALIZATION_PREFERS_STRING_CATALOGS = YES;
				MTL_ENABLE_DEBUG_INFO = NO;
				MTL_FAST_MATH = YES;
				SDKROOT = iphoneos;
				SWIFT_COMPILATION_MODE = wholemodule;
				VALIDATE_PRODUCT = YES;
			};
			name = Release;
		};
		845FA8CE2AD7EAE000939E83 /* Debug */ = {
			isa = XCBuildConfiguration;
			buildSettings = {
				ASSETCATALOG_COMPILER_APPICON_NAME = AppIcon;
				ASSETCATALOG_COMPILER_GLOBAL_ACCENT_COLOR_NAME = AccentColor;
				CODE_SIGN_STYLE = Automatic;
				CURRENT_PROJECT_VERSION = 1;
				DEVELOPMENT_ASSET_PATHS = "\"FoodShopApp/Preview Content\"";
				DEVELOPMENT_TEAM = DFVUWR494M;
				ENABLE_PREVIEWS = YES;
				GENERATE_INFOPLIST_FILE = YES;
				INFOPLIST_FILE = FoodShopApp/Info.plist;
				INFOPLIST_KEY_UIApplicationSceneManifest_Generation = YES;
				INFOPLIST_KEY_UIApplicationSupportsIndirectInputEvents = YES;
				INFOPLIST_KEY_UILaunchScreen_Generation = YES;
				INFOPLIST_KEY_UILaunchStoryboardName = "Launch Screen.storyboard";
				INFOPLIST_KEY_UIStatusBarHidden = YES;
				INFOPLIST_KEY_UISupportedInterfaceOrientations = UIInterfaceOrientationPortrait;
				INFOPLIST_KEY_UISupportedInterfaceOrientations_iPad = "UIInterfaceOrientationLandscapeLeft UIInterfaceOrientationLandscapeRight UIInterfaceOrientationPortrait UIInterfaceOrientationPortraitUpsideDown";
				IPHONEOS_DEPLOYMENT_TARGET = 14.0;
				LD_RUNPATH_SEARCH_PATHS = (
					"$(inherited)",
					"@executable_path/Frameworks",
				);
				MARKETING_VERSION = 1.0;
				PRODUCT_BUNDLE_IDENTIFIER = com.nazarKuznetsov.FoodShopApp;
				PRODUCT_NAME = "$(TARGET_NAME)";
				SUPPORTED_PLATFORMS = "iphoneos iphonesimulator";
				SUPPORTS_MACCATALYST = NO;
				SUPPORTS_MAC_DESIGNED_FOR_IPHONE_IPAD = NO;
				SWIFT_EMIT_LOC_STRINGS = YES;
				SWIFT_VERSION = 5.0;
				TARGETED_DEVICE_FAMILY = 1;
			};
			name = Debug;
		};
		845FA8CF2AD7EAE000939E83 /* Release */ = {
			isa = XCBuildConfiguration;
			buildSettings = {
				ASSETCATALOG_COMPILER_APPICON_NAME = AppIcon;
				ASSETCATALOG_COMPILER_GLOBAL_ACCENT_COLOR_NAME = AccentColor;
				CODE_SIGN_STYLE = Automatic;
				CURRENT_PROJECT_VERSION = 1;
				DEVELOPMENT_ASSET_PATHS = "\"FoodShopApp/Preview Content\"";
				DEVELOPMENT_TEAM = DFVUWR494M;
				ENABLE_PREVIEWS = YES;
				GENERATE_INFOPLIST_FILE = YES;
				INFOPLIST_FILE = FoodShopApp/Info.plist;
				INFOPLIST_KEY_UIApplicationSceneManifest_Generation = YES;
				INFOPLIST_KEY_UIApplicationSupportsIndirectInputEvents = YES;
				INFOPLIST_KEY_UILaunchScreen_Generation = YES;
				INFOPLIST_KEY_UILaunchStoryboardName = "Launch Screen.storyboard";
				INFOPLIST_KEY_UIStatusBarHidden = YES;
				INFOPLIST_KEY_UISupportedInterfaceOrientations = UIInterfaceOrientationPortrait;
				INFOPLIST_KEY_UISupportedInterfaceOrientations_iPad = "UIInterfaceOrientationLandscapeLeft UIInterfaceOrientationLandscapeRight UIInterfaceOrientationPortrait UIInterfaceOrientationPortraitUpsideDown";
				IPHONEOS_DEPLOYMENT_TARGET = 14.0;
				LD_RUNPATH_SEARCH_PATHS = (
					"$(inherited)",
					"@executable_path/Frameworks",
				);
				MARKETING_VERSION = 1.0;
				PRODUCT_BUNDLE_IDENTIFIER = com.nazarKuznetsov.FoodShopApp;
				PRODUCT_NAME = "$(TARGET_NAME)";
				SUPPORTED_PLATFORMS = "iphoneos iphonesimulator";
				SUPPORTS_MACCATALYST = NO;
				SUPPORTS_MAC_DESIGNED_FOR_IPHONE_IPAD = NO;
				SWIFT_EMIT_LOC_STRINGS = YES;
				SWIFT_VERSION = 5.0;
				TARGETED_DEVICE_FAMILY = 1;
			};
			name = Release;
		};
		845FA8D12AD7EAE000939E83 /* Debug */ = {
			isa = XCBuildConfiguration;
			buildSettings = {
				ALWAYS_EMBED_SWIFT_STANDARD_LIBRARIES = YES;
				BUNDLE_LOADER = "$(TEST_HOST)";
				CODE_SIGN_STYLE = Automatic;
				CURRENT_PROJECT_VERSION = 1;
				DEVELOPMENT_TEAM = DFVUWR494M;
				GENERATE_INFOPLIST_FILE = YES;
				IPHONEOS_DEPLOYMENT_TARGET = 17.0;
				MARKETING_VERSION = 1.0;
				PRODUCT_BUNDLE_IDENTIFIER = com.nazarKuznetsov.FoodShopAppTests;
				PRODUCT_NAME = "$(TARGET_NAME)";
				SWIFT_EMIT_LOC_STRINGS = NO;
				SWIFT_VERSION = 5.0;
				TARGETED_DEVICE_FAMILY = "1,2";
				TEST_HOST = "$(BUILT_PRODUCTS_DIR)/FoodShopApp.app/$(BUNDLE_EXECUTABLE_FOLDER_PATH)/FoodShopApp";
			};
			name = Debug;
		};
		845FA8D22AD7EAE000939E83 /* Release */ = {
			isa = XCBuildConfiguration;
			buildSettings = {
				ALWAYS_EMBED_SWIFT_STANDARD_LIBRARIES = YES;
				BUNDLE_LOADER = "$(TEST_HOST)";
				CODE_SIGN_STYLE = Automatic;
				CURRENT_PROJECT_VERSION = 1;
				DEVELOPMENT_TEAM = DFVUWR494M;
				GENERATE_INFOPLIST_FILE = YES;
				IPHONEOS_DEPLOYMENT_TARGET = 17.0;
				MARKETING_VERSION = 1.0;
				PRODUCT_BUNDLE_IDENTIFIER = com.nazarKuznetsov.FoodShopAppTests;
				PRODUCT_NAME = "$(TARGET_NAME)";
				SWIFT_EMIT_LOC_STRINGS = NO;
				SWIFT_VERSION = 5.0;
				TARGETED_DEVICE_FAMILY = "1,2";
				TEST_HOST = "$(BUILT_PRODUCTS_DIR)/FoodShopApp.app/$(BUNDLE_EXECUTABLE_FOLDER_PATH)/FoodShopApp";
			};
			name = Release;
		};
		845FA8D42AD7EAE000939E83 /* Debug */ = {
			isa = XCBuildConfiguration;
			buildSettings = {
				ALWAYS_EMBED_SWIFT_STANDARD_LIBRARIES = YES;
				CODE_SIGN_STYLE = Automatic;
				CURRENT_PROJECT_VERSION = 1;
				DEVELOPMENT_TEAM = DFVUWR494M;
				GENERATE_INFOPLIST_FILE = YES;
				MARKETING_VERSION = 1.0;
				PRODUCT_BUNDLE_IDENTIFIER = com.nazarKuznetsov.FoodShopAppUITests;
				PRODUCT_NAME = "$(TARGET_NAME)";
				SWIFT_EMIT_LOC_STRINGS = NO;
				SWIFT_VERSION = 5.0;
				TARGETED_DEVICE_FAMILY = "1,2";
				TEST_TARGET_NAME = FoodShopApp;
			};
			name = Debug;
		};
		845FA8D52AD7EAE000939E83 /* Release */ = {
			isa = XCBuildConfiguration;
			buildSettings = {
				ALWAYS_EMBED_SWIFT_STANDARD_LIBRARIES = YES;
				CODE_SIGN_STYLE = Automatic;
				CURRENT_PROJECT_VERSION = 1;
				DEVELOPMENT_TEAM = DFVUWR494M;
				GENERATE_INFOPLIST_FILE = YES;
				MARKETING_VERSION = 1.0;
				PRODUCT_BUNDLE_IDENTIFIER = com.nazarKuznetsov.FoodShopAppUITests;
				PRODUCT_NAME = "$(TARGET_NAME)";
				SWIFT_EMIT_LOC_STRINGS = NO;
				SWIFT_VERSION = 5.0;
				TARGETED_DEVICE_FAMILY = "1,2";
				TEST_TARGET_NAME = FoodShopApp;
			};
			name = Release;
		};
/* End XCBuildConfiguration section */

/* Begin XCConfigurationList section */
		845FA8A42AD7EADD00939E83 /* Build configuration list for PBXProject "FoodShopApp" */ = {
			isa = XCConfigurationList;
			buildConfigurations = (
				845FA8CB2AD7EAE000939E83 /* Debug */,
				845FA8CC2AD7EAE000939E83 /* Release */,
			);
			defaultConfigurationIsVisible = 0;
			defaultConfigurationName = Release;
		};
		845FA8CD2AD7EAE000939E83 /* Build configuration list for PBXNativeTarget "FoodShopApp" */ = {
			isa = XCConfigurationList;
			buildConfigurations = (
				845FA8CE2AD7EAE000939E83 /* Debug */,
				845FA8CF2AD7EAE000939E83 /* Release */,
			);
			defaultConfigurationIsVisible = 0;
			defaultConfigurationName = Release;
		};
		845FA8D02AD7EAE000939E83 /* Build configuration list for PBXNativeTarget "FoodShopAppTests" */ = {
			isa = XCConfigurationList;
			buildConfigurations = (
				845FA8D12AD7EAE000939E83 /* Debug */,
				845FA8D22AD7EAE000939E83 /* Release */,
			);
			defaultConfigurationIsVisible = 0;
			defaultConfigurationName = Release;
		};
		845FA8D32AD7EAE000939E83 /* Build configuration list for PBXNativeTarget "FoodShopAppUITests" */ = {
			isa = XCConfigurationList;
			buildConfigurations = (
				845FA8D42AD7EAE000939E83 /* Debug */,
				845FA8D52AD7EAE000939E83 /* Release */,
			);
			defaultConfigurationIsVisible = 0;
			defaultConfigurationName = Release;
		};
/* End XCConfigurationList section */
	};
	rootObject = 845FA8A12AD7EADD00939E83 /* Project object */;
}
